
Microsoft Visual Studio Solution File, Format Version 12.00
# Visual Studio Version 18
VisualStudioVersion = 18.4.11612.150
MinimumVisualStudioVersion = 10.0.40219.1
Project("{2150E333-8FDC-42A3-9474-1A3956D46DE8}") = "Tutorials", "Tutorials", "{AF0D4328-2A6C-48E0-A5C2-28156F241D79}"
EndProject
Project("{2150E333-8FDC-42A3-9474-1A3956D46DE8}") = "1 First Steps", "1 First Steps", "{D39A1268-8936-49B1-A4B8-F67F7C824B4B}"
EndProject
Project("{2150E333-8FDC-42A3-9474-1A3956D46DE8}") = "2 Data Access", "2 Data Access", "{4250E68B-4ED7-483C-B712-BA3809E70BF3}"
EndProject
Project("{2150E333-8FDC-42A3-9474-1A3956D46DE8}") = "3 Alarm Conditions", "3 Alarm Conditions", "{413BF069-DC5C-452D-9303-D64C18EC0E4A}"
EndProject
Project("{2150E333-8FDC-42A3-9474-1A3956D46DE8}") = "4 Historical Data", "4 Historical Data", "{0B221B83-2DC5-4890-BD5C-D14A13CE7EDF}"
EndProject
Project("{2150E333-8FDC-42A3-9474-1A3956D46DE8}") = "5 Complexe Datatypes", "5 Complexe Datatypes", "{87153AF7-C265-4AC9-8F2B-AD014B0EB7FB}"
EndProject
Project("{2150E333-8FDC-42A3-9474-1A3956D46DE8}") = "CSharp", "CSharp", "{643AB7F1-C5E4-44B0-8A20-BE2497DACE12}"
EndProject
Project("{9A19103F-16F7-4668-BE54-9A1E7A4F7556}") = "11_Discover_Server", "CSharp\1 First Steps\11_Discover_Server\11_Discover_Server.csproj", "{8E8115B1-9485-4F33-A51C-D396315EA91A}"
EndProject
Project("{9A19103F-16F7-4668-BE54-9A1E7A4F7556}") = "12_Connect_Endpoint", "CSharp\1 First Steps\12_Connect_Endpoint\12_Connect_Endpoint.csproj", "{A6C05796-2AAE-4805-8579-7541D377F841}"
EndProject
Project("{9A19103F-16F7-4668-BE54-9A1E7A4F7556}") = "13_Connect_with_User_Auth", "CSharp\1 First Steps\13_Connect_with_User_Auth\13_Connect_with_User_Auth.csproj", "{66AC3902-844F-4FE8-A29C-19AAEAD1E798}"
EndProject
Project("{9A19103F-16F7-4668-BE54-9A1E7A4F7556}") = "14_Connect_with_Cert_Auth", "CSharp\1 First Steps\14_Connect_with_Cert_Auth\14_Connect_with_Cert_Auth.csproj", "{78FDD891-8330-4084-BE5C-60552207FEF6}"
EndProject
Project("{9A19103F-16F7-4668-BE54-9A1E7A4F7556}") = "15_Browse_by_NodeId", "CSharp\1 First Steps\15_Browse_by_NodeId\15_Browse_by_NodeId.csproj", "{73AAB358-2458-443E-9CE8-F89A7FD4F563}"
EndProject
Project("{9A19103F-16F7-4668-BE54-9A1E7A4F7556}") = "16_Browse_by_Path", "CSharp\1 First Steps\16_Browse_by_Path\16_Browse_by_Path.csproj", "{CBB34CA1-06D8-4A13-9C8D-742E09734314}"
EndProject
Project("{9A19103F-16F7-4668-BE54-9A1E7A4F7556}") = "22_DA_Read_Write_by_Path", "CSharp\2 Data Access\22_DA_Read_Write_by_Path\22_DA_Read_Write_by_Path.csproj", "{E0D41E26-3362-4287-AE40-A4667D189907}"
EndProject
Project("{9A19103F-16F7-4668-BE54-9A1E7A4F7556}") = "23_DA_Monitoring_Items", "CSharp\2 Data Access\23_DA_Monitoring_Items\23_DA_Monitoring_Items.csproj", "{53012766-C12F-430E-A2E1-6F98EDEEEA32}"
EndProject
Project("{9A19103F-16F7-4668-BE54-9A1E7A4F7556}") = "24_Simple_Method_Calls", "CSharp\2 Data Access\24_Simple_Method_Calls\24_Simple_Method_Calls.csproj", "{E7462AAE-5CB9-46BC-86DF-D474B76C8918}"
EndProject
Project("{9A19103F-16F7-4668-BE54-9A1E7A4F7556}") = "25_Advanced_Calls_with_Structs", "CSharp\2 Data Access\25_Advanced_Calls_with_Structs\25_Advanced_Calls_with_Structs.csproj", "{FC6F3D67-F99A-42B7-BD55-FFC0446B3DE8}"
EndProject
Project("{9A19103F-16F7-4668-BE54-9A1E7A4F7556}") = "26_Read_Attributes", "CSharp\2 Data Access\26_Read_Attributes\26_Read_Attributes.csproj", "{3F9CA786-9C14-44EA-9160-95061BC65D7A}"
EndProject
Project("{9A19103F-16F7-4668-BE54-9A1E7A4F7556}") = "27_Registered_Read_Write", "CSharp\2 Data Access\27_Registered_Read_Write\27_Registered_Read_Write.csproj", "{1B91ACD3-E335-43F3-8FAE-E263862B693C}"
EndProject
Project("{9A19103F-16F7-4668-BE54-9A1E7A4F7556}") = "31_Incoming_Alarms", "CSharp\3 Alarm Conditions\31_Incoming_Alarms\31_Incoming_Alarms.csproj", "{BD83107F-566C-42AC-A645-F50A3B844065}"
EndProject
Project("{9A19103F-16F7-4668-BE54-9A1E7A4F7556}") = "32_Alarm_List", "CSharp\3 Alarm Conditions\32_Alarm_List\32_Alarm_List.csproj", "{34816F83-D8F7-4A0E-A986-4865BD3E9439}"
EndProject
Project("{9A19103F-16F7-4668-BE54-9A1E7A4F7556}") = "33_Alarm_Conditions", "CSharp\3 Alarm Conditions\33_Alarm_Conditions\33_Alarm_Conditions.csproj", "{757CD1A3-C99D-4BA4-A7DE-07E478580D9C}"
EndProject
Project("{9A19103F-16F7-4668-BE54-9A1E7A4F7556}") = "41_Historical_Data", "CSharp\4 Historical Data\41_Historical_Data\41_Historical_Data.csproj", "{5A81C5BC-6E9B-46FA-A617-884CBB4551D7}"
EndProject
Project("{9A19103F-16F7-4668-BE54-9A1E7A4F7556}") = "42_Read_Historical_Events", "CSharp\4 Historical Data\42_Read_Historical _Events\42_Read_Historical_Events.csproj", "{93B7DBDE-2564-4818-9FF8-2DF76E6219BD}"
EndProject
Project("{9A19103F-16F7-4668-BE54-9A1E7A4F7556}") = "43_Monitoring_Historical_Events", "CSharp\4 Historical Data\43_Monitoring_Historical_Events\43_Monitoring_Historical_Events.csproj", "{1E1FFA16-57A9-414E-A9C1-A0B37B55D727}"
EndProject
Project("{9A19103F-16F7-4668-BE54-9A1E7A4F7556}") = "51_Complexe_Types", "CSharp\5 Complexe Datatypes\51_Complexe_Types\51_Complexe_Types.csproj", "{178B6B01-D407-4EC0-9B0A-FD7DE518BA74}"
EndProject
Project("{9A19103F-16F7-4668-BE54-9A1E7A4F7556}") = "21_DA_Read_Write_by_NodeId", "CSharp\2 Data Access\21_DA_Read_Write_by_NodeId\21_DA_Read_Write_by_NodeId.csproj", "{B5B2D6A0-229E-4AF2-81B4-57DC4903967A}"
EndProject
Project("{2150E333-8FDC-42A3-9474-1A3956D46DE8}") = "VisualBasic", "VisualBasic", "{536B1FD5-B1FC-4036-91F5-2B856FCE2E13}"
EndProject
Project("{2150E333-8FDC-42A3-9474-1A3956D46DE8}") = "1 First Steps", "1 First Steps", "{7A110B2D-F2D7-4189-9F95-F686DCEEE26D}"
EndProject
Project("{2150E333-8FDC-42A3-9474-1A3956D46DE8}") = "2 Data Access", "2 Data Access", "{C1032714-5106-4802-8478-D5B5BED6C6F9}"
EndProject
Project("{2150E333-8FDC-42A3-9474-1A3956D46DE8}") = "3 Alarm Conditions", "3 Alarm Conditions", "{73ABA4C1-BBE6-4E2A-B441-E71130A7BD5E}"
EndProject
Project("{2150E333-8FDC-42A3-9474-1A3956D46DE8}") = "4 Historical Data", "4 Historical Data", "{37E8BF48-8472-4B9F-ACA4-E5469A3C6264}"
EndProject
Project("{2150E333-8FDC-42A3-9474-1A3956D46DE8}") = "5 Complexe Datatypes", "5 Complexe Datatypes", "{BC6E70B8-FD06-4447-B85E-BC8D046AF935}"
EndProject
Project("{778DAE3C-4631-46EA-AA77-85C1314464D9}") = "11_Discover_Server", "VisualBasic\1 First Steps\11_Discover_Server\11_Discover_Server.vbproj", "{2FE07C70-7ACC-4397-B41F-B9BECD96FF72}"
EndProject
Project("{778DAE3C-4631-46EA-AA77-85C1314464D9}") = "12_Connect_Endpoint", "VisualBasic\1 First Steps\12_Connect_Endpoint\12_Connect_Endpoint.vbproj", "{14448FF8-2E5B-4294-93BC-FDCD2CC9995C}"
EndProject
Project("{778DAE3C-4631-46EA-AA77-85C1314464D9}") = "13_Connect_with_User_Auth", "VisualBasic\1 First Steps\13_Connect_with_User_Auth\13_Connect_with_User_Auth.vbproj", "{D68154DF-96A7-4226-8B9A-DC56A3697AA8}"
EndProject
Project("{778DAE3C-4631-46EA-AA77-85C1314464D9}") = "14_Connect_with_Cert_Auth", "VisualBasic\1 First Steps\14_Connect_with_Cert_Auth\14_Connect_with_Cert_Auth.vbproj", "{4CEDB080-2137-411E-B6FA-7A5C142FD3CB}"
EndProject
Project("{778DAE3C-4631-46EA-AA77-85C1314464D9}") = "15_Browse_by_NodeId", "VisualBasic\1 First Steps\15_Browse_by_NodeId\15_Browse_by_NodeId.vbproj", "{7C7D6F77-8191-43F5-A866-AA1D81C6A1D2}"
EndProject
Project("{778DAE3C-4631-46EA-AA77-85C1314464D9}") = "16_Browse_by_Path", "VisualBasic\1 First Steps\16_Browse_by_Path\16_Browse_by_Path.vbproj", "{9B4B3CE1-8E31-4EF7-A107-0F29CBF96271}"
EndProject
Project("{778DAE3C-4631-46EA-AA77-85C1314464D9}") = "21_DA_Read_Write_by_NodeId", "VisualBasic\2 Data Access\21_DA_Read_Write_by_NodeId\21_DA_Read_Write_by_NodeId.vbproj", "{594EA773-C10A-4701-BDE3-D56329DEA928}"
EndProject
Project("{778DAE3C-4631-46EA-AA77-85C1314464D9}") = "22_DA_Read_Write_by_Path", "VisualBasic\2 Data Access\22_DA_Read_Write_by_Path\22_DA_Read_Write_by_Path.vbproj", "{A700F3B0-E7BE-4EED-9DDB-0EF62896A71B}"
EndProject
Project("{778DAE3C-4631-46EA-AA77-85C1314464D9}") = "23_DA_Monitoring_Items", "VisualBasic\2 Data Access\23_DA_Monitoring_Items\23_DA_Monitoring_Items.vbproj", "{036CB0B5-85ED-4D69-BB20-FF22376E49B3}"
EndProject
Project("{778DAE3C-4631-46EA-AA77-85C1314464D9}") = "24_Simple_Method_Calls", "VisualBasic\2 Data Access\24_Simple_Method_Calls\24_Simple_Method_Calls.vbproj", "{B22845F7-0792-4D14-BE86-AB1A9A383C4D}"
EndProject
Project("{778DAE3C-4631-46EA-AA77-85C1314464D9}") = "25_Advanced_Calls_with_Structs", "VisualBasic\2 Data Access\25_Advanced_Calls_with_Structs\25_Advanced_Calls_with_Structs.vbproj", "{E1CA12D8-3F1B-4B64-9AE7-BE98355A9AFB}"
EndProject
Project("{778DAE3C-4631-46EA-AA77-85C1314464D9}") = "26_Read_Attributes", "VisualBasic\2 Data Access\26_Read_Attributes\26_Read_Attributes.vbproj", "{B1501452-5519-46AE-9656-787056C5B75A}"
EndProject
Project("{778DAE3C-4631-46EA-AA77-85C1314464D9}") = "27_Registered_Read_Write", "VisualBasic\2 Data Access\27_Registered_Read_Write\27_Registered_Read_Write.vbproj", "{91A0BC13-400B-4A00-881C-5D0CF464546A}"
EndProject
Project("{778DAE3C-4631-46EA-AA77-85C1314464D9}") = "31_Incoming_Alarms", "VisualBasic\3 Alarm Conditions\31_Incoming_Alarms\31_Incoming_Alarms.vbproj", "{A8E35A66-3111-4CD5-BF96-39718F374FDA}"
EndProject
Project("{778DAE3C-4631-46EA-AA77-85C1314464D9}") = "32_Alarm_List", "VisualBasic\3 Alarm Conditions\32_Alarm_List\32_Alarm_List.vbproj", "{49D40FB6-46BF-4974-812C-A7DCDD49FED6}"
EndProject
Project("{778DAE3C-4631-46EA-AA77-85C1314464D9}") = "33_Alarm_Conditions", "VisualBasic\3 Alarm Conditions\33_Alarm_Conditions\33_Alarm_Conditions.vbproj", "{18CD5314-9C93-4644-A62A-C37C63BB5F7A}"
EndProject
Project("{778DAE3C-4631-46EA-AA77-85C1314464D9}") = "41_Historical_Data", "VisualBasic\4 Historical Data\41_Historical_Data\41_Historical_Data.vbproj", "{E78F1DAA-2B61-4289-9FB0-931595676CAC}"
EndProject
Project("{778DAE3C-4631-46EA-AA77-85C1314464D9}") = "51_Complexe_Types", "VisualBasic\5 Historical Events\51_Complexe_Types\51_Complexe_Types.vbproj", "{5371AAF4-FC37-438B-A25C-2E55BC8521F5}"
EndProject
Project("{778DAE3C-4631-46EA-AA77-85C1314464D9}") = "42_Read_Historical_Events", "VisualBasic\4 Historical Data\42_Read_Historical _Events\42_Read_Historical_Events.vbproj", "{F975D1C0-2602-4454-BD56-C886AFF39FA0}"
EndProject
Project("{778DAE3C-4631-46EA-AA77-85C1314464D9}") = "43_Monitor_Hist_Events", "VisualBasic\4 Historical Data\43_Monitoring_Historical_Events\43_Monitor_Hist_Events.vbproj", "{8618357D-81FB-40FD-9438-22675F0B56EE}"
EndProject
Project("{2150E333-8FDC-42A3-9474-1A3956D46DE8}") = "6 Simple Events", "6 Simple Events", "{6D76FCAB-0BA0-9AA8-8BF7-B1553FFD6B78}"
EndProject
Project("{FAE04EC0-301F-11D3-BF4B-00C04F79EFBC}") = "61_Simple_Events", "CSharp\6 Simple Events\61_Simple_Events\61_Simple_Events.csproj", "{EF00ED74-4138-4F21-8B2D-0AF56BA38D7E}"
EndProject
Project("{2150E333-8FDC-42A3-9474-1A3956D46DE8}") = "6 Simple Events", "6 Simple Events", "{D9C599FD-E712-F870-E655-25B62B0D2D5B}"
EndProject
Project("{F184B08F-C81C-45F6-A57F-5ABD9991F28F}") = "61_Simple_Events", "VisualBasic\6 Simple Events\61_Simple_Events\61_Simple_Events.vbproj", "{80ACC1C1-2D19-4336-9B9C-6F849E625C82}"
EndProject
Global
	GlobalSection(SolutionConfigurationPlatforms) = preSolution
		Debug|Any CPU = Debug|Any CPU
		Debug|x64 = Debug|x64
		Debug|x86 = Debug|x86
		Release|Any CPU = Release|Any CPU
		Release|x64 = Release|x64
		Release|x86 = Release|x86
	EndGlobalSection
	GlobalSection(ProjectConfigurationPlatforms) = postSolution
		{8E8115B1-9485-4F33-A51C-D396315EA91A}.Debug|Any CPU.ActiveCfg = Debug|Any CPU
		{8E8115B1-9485-4F33-A51C-D396315EA91A}.Debug|Any CPU.Build.0 = Debug|Any CPU
		{8E8115B1-9485-4F33-A51C-D396315EA91A}.Debug|x64.ActiveCfg = Debug|Any CPU
		{8E8115B1-9485-4F33-A51C-D396315EA91A}.Debug|x64.Build.0 = Debug|Any CPU
		{8E8115B1-9485-4F33-A51C-D396315EA91A}.Debug|x86.ActiveCfg = Debug|Any CPU
		{8E8115B1-9485-4F33-A51C-D396315EA91A}.Debug|x86.Build.0 = Debug|Any CPU
		{8E8115B1-9485-4F33-A51C-D396315EA91A}.Release|Any CPU.ActiveCfg = Release|Any CPU
		{8E8115B1-9485-4F33-A51C-D396315EA91A}.Release|Any CPU.Build.0 = Release|Any CPU
		{8E8115B1-9485-4F33-A51C-D396315EA91A}.Release|x64.ActiveCfg = Release|Any CPU
		{8E8115B1-9485-4F33-A51C-D396315EA91A}.Release|x64.Build.0 = Release|Any CPU
		{8E8115B1-9485-4F33-A51C-D396315EA91A}.Release|x86.ActiveCfg = Release|Any CPU
		{8E8115B1-9485-4F33-A51C-D396315EA91A}.Release|x86.Build.0 = Release|Any CPU
		{A6C05796-2AAE-4805-8579-7541D377F841}.Debug|Any CPU.ActiveCfg = Debug|Any CPU
		{A6C05796-2AAE-4805-8579-7541D377F841}.Debug|Any CPU.Build.0 = Debug|Any CPU
		{A6C05796-2AAE-4805-8579-7541D377F841}.Debug|x64.ActiveCfg = Debug|Any CPU
		{A6C05796-2AAE-4805-8579-7541D377F841}.Debug|x64.Build.0 = Debug|Any CPU
		{A6C05796-2AAE-4805-8579-7541D377F841}.Debug|x86.ActiveCfg = Debug|Any CPU
		{A6C05796-2AAE-4805-8579-7541D377F841}.Debug|x86.Build.0 = Debug|Any CPU
		{A6C05796-2AAE-4805-8579-7541D377F841}.Release|Any CPU.ActiveCfg = Release|Any CPU
		{A6C05796-2AAE-4805-8579-7541D377F841}.Release|Any CPU.Build.0 = Release|Any CPU
		{A6C05796-2AAE-4805-8579-7541D377F841}.Release|x64.ActiveCfg = Release|Any CPU
		{A6C05796-2AAE-4805-8579-7541D377F841}.Release|x64.Build.0 = Release|Any CPU
		{A6C05796-2AAE-4805-8579-7541D377F841}.Release|x86.ActiveCfg = Release|Any CPU
		{A6C05796-2AAE-4805-8579-7541D377F841}.Release|x86.Build.0 = Release|Any CPU
		{66AC3902-844F-4FE8-A29C-19AAEAD1E798}.Debug|Any CPU.ActiveCfg = Debug|Any CPU
		{66AC3902-844F-4FE8-A29C-19AAEAD1E798}.Debug|Any CPU.Build.0 = Debug|Any CPU
		{66AC3902-844F-4FE8-A29C-19AAEAD1E798}.Debug|x64.ActiveCfg = Debug|Any CPU
		{66AC3902-844F-4FE8-A29C-19AAEAD1E798}.Debug|x64.Build.0 = Debug|Any CPU
		{66AC3902-844F-4FE8-A29C-19AAEAD1E798}.Debug|x86.ActiveCfg = Debug|Any CPU
		{66AC3902-844F-4FE8-A29C-19AAEAD1E798}.Debug|x86.Build.0 = Debug|Any CPU
		{66AC3902-844F-4FE8-A29C-19AAEAD1E798}.Release|Any CPU.ActiveCfg = Release|Any CPU
		{66AC3902-844F-4FE8-A29C-19AAEAD1E798}.Release|Any CPU.Build.0 = Release|Any CPU
		{66AC3902-844F-4FE8-A29C-19AAEAD1E798}.Release|x64.ActiveCfg = Release|Any CPU
		{66AC3902-844F-4FE8-A29C-19AAEAD1E798}.Release|x64.Build.0 = Release|Any CPU
		{66AC3902-844F-4FE8-A29C-19AAEAD1E798}.Release|x86.ActiveCfg = Release|Any CPU
		{66AC3902-844F-4FE8-A29C-19AAEAD1E798}.Release|x86.Build.0 = Release|Any CPU
		{78FDD891-8330-4084-BE5C-60552207FEF6}.Debug|Any CPU.ActiveCfg = Debug|Any CPU
		{78FDD891-8330-4084-BE5C-60552207FEF6}.Debug|Any CPU.Build.0 = Debug|Any CPU
		{78FDD891-8330-4084-BE5C-60552207FEF6}.Debug|x64.ActiveCfg = Debug|Any CPU
		{78FDD891-8330-4084-BE5C-60552207FEF6}.Debug|x64.Build.0 = Debug|Any CPU
		{78FDD891-8330-4084-BE5C-60552207FEF6}.Debug|x86.ActiveCfg = Debug|Any CPU
		{78FDD891-8330-4084-BE5C-60552207FEF6}.Debug|x86.Build.0 = Debug|Any CPU
		{78FDD891-8330-4084-BE5C-60552207FEF6}.Release|Any CPU.ActiveCfg = Release|Any CPU
		{78FDD891-8330-4084-BE5C-60552207FEF6}.Release|Any CPU.Build.0 = Release|Any CPU
		{78FDD891-8330-4084-BE5C-60552207FEF6}.Release|x64.ActiveCfg = Release|Any CPU
		{78FDD891-8330-4084-BE5C-60552207FEF6}.Release|x64.Build.0 = Release|Any CPU
		{78FDD891-8330-4084-BE5C-60552207FEF6}.Release|x86.ActiveCfg = Release|Any CPU
		{78FDD891-8330-4084-BE5C-60552207FEF6}.Release|x86.Build.0 = Release|Any CPU
		{73AAB358-2458-443E-9CE8-F89A7FD4F563}.Debug|Any CPU.ActiveCfg = Debug|Any CPU
		{73AAB358-2458-443E-9CE8-F89A7FD4F563}.Debug|Any CPU.Build.0 = Debug|Any CPU
		{73AAB358-2458-443E-9CE8-F89A7FD4F563}.Debug|x64.ActiveCfg = Debug|Any CPU
		{73AAB358-2458-443E-9CE8-F89A7FD4F563}.Debug|x64.Build.0 = Debug|Any CPU
		{73AAB358-2458-443E-9CE8-F89A7FD4F563}.Debug|x86.ActiveCfg = Debug|Any CPU
		{73AAB358-2458-443E-9CE8-F89A7FD4F563}.Debug|x86.Build.0 = Debug|Any CPU
		{73AAB358-2458-443E-9CE8-F89A7FD4F563}.Release|Any CPU.ActiveCfg = Release|Any CPU
		{73AAB358-2458-443E-9CE8-F89A7FD4F563}.Release|Any CPU.Build.0 = Release|Any CPU
		{73AAB358-2458-443E-9CE8-F89A7FD4F563}.Release|x64.ActiveCfg = Release|Any CPU
		{73AAB358-2458-443E-9CE8-F89A7FD4F563}.Release|x64.Build.0 = Release|Any CPU
		{73AAB358-2458-443E-9CE8-F89A7FD4F563}.Release|x86.ActiveCfg = Release|Any CPU
		{73AAB358-2458-443E-9CE8-F89A7FD4F563}.Release|x86.Build.0 = Release|Any CPU
		{CBB34CA1-06D8-4A13-9C8D-742E09734314}.Debug|Any CPU.ActiveCfg = Debug|Any CPU
		{CBB34CA1-06D8-4A13-9C8D-742E09734314}.Debug|Any CPU.Build.0 = Debug|Any CPU
		{CBB34CA1-06D8-4A13-9C8D-742E09734314}.Debug|x64.ActiveCfg = Debug|Any CPU
		{CBB34CA1-06D8-4A13-9C8D-742E09734314}.Debug|x64.Build.0 = Debug|Any CPU
		{CBB34CA1-06D8-4A13-9C8D-742E09734314}.Debug|x86.ActiveCfg = Debug|Any CPU
		{CBB34CA1-06D8-4A13-9C8D-742E09734314}.Debug|x86.Build.0 = Debug|Any CPU
		{CBB34CA1-06D8-4A13-9C8D-742E09734314}.Release|Any CPU.ActiveCfg = Release|Any CPU
		{CBB34CA1-06D8-4A13-9C8D-742E09734314}.Release|Any CPU.Build.0 = Release|Any CPU
		{CBB34CA1-06D8-4A13-9C8D-742E09734314}.Release|x64.ActiveCfg = Release|Any CPU
		{CBB34CA1-06D8-4A13-9C8D-742E09734314}.Release|x64.Build.0 = Release|Any CPU
		{CBB34CA1-06D8-4A13-9C8D-742E09734314}.Release|x86.ActiveCfg = Release|Any CPU
		{CBB34CA1-06D8-4A13-9C8D-742E09734314}.Release|x86.Build.0 = Release|Any CPU
		{E0D41E26-3362-4287-AE40-A4667D189907}.Debug|Any CPU.ActiveCfg = Debug|Any CPU
		{E0D41E26-3362-4287-AE40-A4667D189907}.Debug|Any CPU.Build.0 = Debug|Any CPU
		{E0D41E26-3362-4287-AE40-A4667D189907}.Debug|x64.ActiveCfg = Debug|Any CPU
		{E0D41E26-3362-4287-AE40-A4667D189907}.Debug|x64.Build.0 = Debug|Any CPU
		{E0D41E26-3362-4287-AE40-A4667D189907}.Debug|x86.ActiveCfg = Debug|Any CPU
		{E0D41E26-3362-4287-AE40-A4667D189907}.Debug|x86.Build.0 = Debug|Any CPU
		{E0D41E26-3362-4287-AE40-A4667D189907}.Release|Any CPU.ActiveCfg = Release|Any CPU
		{E0D41E26-3362-4287-AE40-A4667D189907}.Release|Any CPU.Build.0 = Release|Any CPU
		{E0D41E26-3362-4287-AE40-A4667D189907}.Release|x64.ActiveCfg = Release|Any CPU
		{E0D41E26-3362-4287-AE40-A4667D189907}.Release|x64.Build.0 = Release|Any CPU
		{E0D41E26-3362-4287-AE40-A4667D189907}.Release|x86.ActiveCfg = Release|Any CPU
		{E0D41E26-3362-4287-AE40-A4667D189907}.Release|x86.Build.0 = Release|Any CPU
		{53012766-C12F-430E-A2E1-6F98EDEEEA32}.Debug|Any CPU.ActiveCfg = Debug|Any CPU
		{53012766-C12F-430E-A2E1-6F98EDEEEA32}.Debug|Any CPU.Build.0 = Debug|Any CPU
		{53012766-C12F-430E-A2E1-6F98EDEEEA32}.Debug|x64.ActiveCfg = Debug|Any CPU
		{53012766-C12F-430E-A2E1-6F98EDEEEA32}.Debug|x64.Build.0 = Debug|Any CPU
		{53012766-C12F-430E-A2E1-6F98EDEEEA32}.Debug|x86.ActiveCfg = Debug|Any CPU
		{53012766-C12F-430E-A2E1-6F98EDEEEA32}.Debug|x86.Build.0 = Debug|Any CPU
		{53012766-C12F-430E-A2E1-6F98EDEEEA32}.Release|Any CPU.ActiveCfg = Release|Any CPU
		{53012766-C12F-430E-A2E1-6F98EDEEEA32}.Release|Any CPU.Build.0 = Release|Any CPU
		{53012766-C12F-430E-A2E1-6F98EDEEEA32}.Release|x64.ActiveCfg = Release|Any CPU
		{53012766-C12F-430E-A2E1-6F98EDEEEA32}.Release|x64.Build.0 = Release|Any CPU
		{53012766-C12F-430E-A2E1-6F98EDEEEA32}.Release|x86.ActiveCfg = Release|Any CPU
		{53012766-C12F-430E-A2E1-6F98EDEEEA32}.Release|x86.Build.0 = Release|Any CPU
		{E7462AAE-5CB9-46BC-86DF-D474B76C8918}.Debug|Any CPU.ActiveCfg = Debug|Any CPU
		{E7462AAE-5CB9-46BC-86DF-D474B76C8918}.Debug|Any CPU.Build.0 = Debug|Any CPU
		{E7462AAE-5CB9-46BC-86DF-D474B76C8918}.Debug|x64.ActiveCfg = Debug|Any CPU
		{E7462AAE-5CB9-46BC-86DF-D474B76C8918}.Debug|x64.Build.0 = Debug|Any CPU
		{E7462AAE-5CB9-46BC-86DF-D474B76C8918}.Debug|x86.ActiveCfg = Debug|Any CPU
		{E7462AAE-5CB9-46BC-86DF-D474B76C8918}.Debug|x86.Build.0 = Debug|Any CPU
		{E7462AAE-5CB9-46BC-86DF-D474B76C8918}.Release|Any CPU.ActiveCfg = Release|Any CPU
		{E7462AAE-5CB9-46BC-86DF-D474B76C8918}.Release|Any CPU.Build.0 = Release|Any CPU
		{E7462AAE-5CB9-46BC-86DF-D474B76C8918}.Release|x64.ActiveCfg = Release|Any CPU
		{E7462AAE-5CB9-46BC-86DF-D474B76C8918}.Release|x64.Build.0 = Release|Any CPU
		{E7462AAE-5CB9-46BC-86DF-D474B76C8918}.Release|x86.ActiveCfg = Release|Any CPU
		{E7462AAE-5CB9-46BC-86DF-D474B76C8918}.Release|x86.Build.0 = Release|Any CPU
		{FC6F3D67-F99A-42B7-BD55-FFC0446B3DE8}.Debug|Any CPU.ActiveCfg = Debug|Any CPU
		{FC6F3D67-F99A-42B7-BD55-FFC0446B3DE8}.Debug|Any CPU.Build.0 = Debug|Any CPU
		{FC6F3D67-F99A-42B7-BD55-FFC0446B3DE8}.Debug|x64.ActiveCfg = Debug|Any CPU
		{FC6F3D67-F99A-42B7-BD55-FFC0446B3DE8}.Debug|x64.Build.0 = Debug|Any CPU
		{FC6F3D67-F99A-42B7-BD55-FFC0446B3DE8}.Debug|x86.ActiveCfg = Debug|Any CPU
		{FC6F3D67-F99A-42B7-BD55-FFC0446B3DE8}.Debug|x86.Build.0 = Debug|Any CPU
		{FC6F3D67-F99A-42B7-BD55-FFC0446B3DE8}.Release|Any CPU.ActiveCfg = Release|Any CPU
		{FC6F3D67-F99A-42B7-BD55-FFC0446B3DE8}.Release|Any CPU.Build.0 = Release|Any CPU
		{FC6F3D67-F99A-42B7-BD55-FFC0446B3DE8}.Release|x64.ActiveCfg = Release|Any CPU
		{FC6F3D67-F99A-42B7-BD55-FFC0446B3DE8}.Release|x64.Build.0 = Release|Any CPU
		{FC6F3D67-F99A-42B7-BD55-FFC0446B3DE8}.Release|x86.ActiveCfg = Release|Any CPU
		{FC6F3D67-F99A-42B7-BD55-FFC0446B3DE8}.Release|x86.Build.0 = Release|Any CPU
		{3F9CA786-9C14-44EA-9160-95061BC65D7A}.Debug|Any CPU.ActiveCfg = Debug|Any CPU
		{3F9CA786-9C14-44EA-9160-95061BC65D7A}.Debug|Any CPU.Build.0 = Debug|Any CPU
		{3F9CA786-9C14-44EA-9160-95061BC65D7A}.Debug|x64.ActiveCfg = Debug|Any CPU
		{3F9CA786-9C14-44EA-9160-95061BC65D7A}.Debug|x64.Build.0 = Debug|Any CPU
		{3F9CA786-9C14-44EA-9160-95061BC65D7A}.Debug|x86.ActiveCfg = Debug|Any CPU
		{3F9CA786-9C14-44EA-9160-95061BC65D7A}.Debug|x86.Build.0 = Debug|Any CPU
		{3F9CA786-9C14-44EA-9160-95061BC65D7A}.Release|Any CPU.ActiveCfg = Release|Any CPU
		{3F9CA786-9C14-44EA-9160-95061BC65D7A}.Release|Any CPU.Build.0 = Release|Any CPU
		{3F9CA786-9C14-44EA-9160-95061BC65D7A}.Release|x64.ActiveCfg = Release|Any CPU
		{3F9CA786-9C14-44EA-9160-95061BC65D7A}.Release|x64.Build.0 = Release|Any CPU
		{3F9CA786-9C14-44EA-9160-95061BC65D7A}.Release|x86.ActiveCfg = Release|Any CPU
		{3F9CA786-9C14-44EA-9160-95061BC65D7A}.Release|x86.Build.0 = Release|Any CPU
		{1B91ACD3-E335-43F3-8FAE-E263862B693C}.Debug|Any CPU.ActiveCfg = Debug|Any CPU
		{1B91ACD3-E335-43F3-8FAE-E263862B693C}.Debug|Any CPU.Build.0 = Debug|Any CPU
		{1B91ACD3-E335-43F3-8FAE-E263862B693C}.Debug|x64.ActiveCfg = Debug|Any CPU
		{1B91ACD3-E335-43F3-8FAE-E263862B693C}.Debug|x64.Build.0 = Debug|Any CPU
		{1B91ACD3-E335-43F3-8FAE-E263862B693C}.Debug|x86.ActiveCfg = Debug|Any CPU
		{1B91ACD3-E335-43F3-8FAE-E263862B693C}.Debug|x86.Build.0 = Debug|Any CPU
		{1B91ACD3-E335-43F3-8FAE-E263862B693C}.Release|Any CPU.ActiveCfg = Release|Any CPU
		{1B91ACD3-E335-43F3-8FAE-E263862B693C}.Release|Any CPU.Build.0 = Release|Any CPU
		{1B91ACD3-E335-43F3-8FAE-E263862B693C}.Release|x64.ActiveCfg = Release|Any CPU
		{1B91ACD3-E335-43F3-8FAE-E263862B693C}.Release|x64.Build.0 = Release|Any CPU
		{1B91ACD3-E335-43F3-8FAE-E263862B693C}.Release|x86.ActiveCfg = Release|Any CPU
		{1B91ACD3-E335-43F3-8FAE-E263862B693C}.Release|x86.Build.0 = Release|Any CPU
		{BD83107F-566C-42AC-A645-F50A3B844065}.Debug|Any CPU.ActiveCfg = Debug|Any CPU
		{BD83107F-566C-42AC-A645-F50A3B844065}.Debug|Any CPU.Build.0 = Debug|Any CPU
		{BD83107F-566C-42AC-A645-F50A3B844065}.Debug|x64.ActiveCfg = Debug|Any CPU
		{BD83107F-566C-42AC-A645-F50A3B844065}.Debug|x64.Build.0 = Debug|Any CPU
		{BD83107F-566C-42AC-A645-F50A3B844065}.Debug|x86.ActiveCfg = Debug|Any CPU
		{BD83107F-566C-42AC-A645-F50A3B844065}.Debug|x86.Build.0 = Debug|Any CPU
		{BD83107F-566C-42AC-A645-F50A3B844065}.Release|Any CPU.ActiveCfg = Release|Any CPU
		{BD83107F-566C-42AC-A645-F50A3B844065}.Release|Any CPU.Build.0 = Release|Any CPU
		{BD83107F-566C-42AC-A645-F50A3B844065}.Release|x64.ActiveCfg = Release|Any CPU
		{BD83107F-566C-42AC-A645-F50A3B844065}.Release|x64.Build.0 = Release|Any CPU
		{BD83107F-566C-42AC-A645-F50A3B844065}.Release|x86.ActiveCfg = Release|Any CPU
		{BD83107F-566C-42AC-A645-F50A3B844065}.Release|x86.Build.0 = Release|Any CPU
		{34816F83-D8F7-4A0E-A986-4865BD3E9439}.Debug|Any CPU.ActiveCfg = Debug|Any CPU
		{34816F83-D8F7-4A0E-A986-4865BD3E9439}.Debug|Any CPU.Build.0 = Debug|Any CPU
		{34816F83-D8F7-4A0E-A986-4865BD3E9439}.Debug|x64.ActiveCfg = Debug|Any CPU
		{34816F83-D8F7-4A0E-A986-4865BD3E9439}.Debug|x64.Build.0 = Debug|Any CPU
		{34816F83-D8F7-4A0E-A986-4865BD3E9439}.Debug|x86.ActiveCfg = Debug|Any CPU
		{34816F83-D8F7-4A0E-A986-4865BD3E9439}.Debug|x86.Build.0 = Debug|Any CPU
		{34816F83-D8F7-4A0E-A986-4865BD3E9439}.Release|Any CPU.ActiveCfg = Release|Any CPU
		{34816F83-D8F7-4A0E-A986-4865BD3E9439}.Release|Any CPU.Build.0 = Release|Any CPU
		{34816F83-D8F7-4A0E-A986-4865BD3E9439}.Release|x64.ActiveCfg = Release|Any CPU
		{34816F83-D8F7-4A0E-A986-4865BD3E9439}.Release|x64.Build.0 = Release|Any CPU
		{34816F83-D8F7-4A0E-A986-4865BD3E9439}.Release|x86.ActiveCfg = Release|Any CPU
		{34816F83-D8F7-4A0E-A986-4865BD3E9439}.Release|x86.Build.0 = Release|Any CPU
		{757CD1A3-C99D-4BA4-A7DE-07E478580D9C}.Debug|Any CPU.ActiveCfg = Debug|Any CPU
		{757CD1A3-C99D-4BA4-A7DE-07E478580D9C}.Debug|Any CPU.Build.0 = Debug|Any CPU
		{757CD1A3-C99D-4BA4-A7DE-07E478580D9C}.Debug|x64.ActiveCfg = Debug|Any CPU
		{757CD1A3-C99D-4BA4-A7DE-07E478580D9C}.Debug|x64.Build.0 = Debug|Any CPU
		{757CD1A3-C99D-4BA4-A7DE-07E478580D9C}.Debug|x86.ActiveCfg = Debug|Any CPU
		{757CD1A3-C99D-4BA4-A7DE-07E478580D9C}.Debug|x86.Build.0 = Debug|Any CPU
		{757CD1A3-C99D-4BA4-A7DE-07E478580D9C}.Release|Any CPU.ActiveCfg = Release|Any CPU
		{757CD1A3-C99D-4BA4-A7DE-07E478580D9C}.Release|Any CPU.Build.0 = Release|Any CPU
		{757CD1A3-C99D-4BA4-A7DE-07E478580D9C}.Release|x64.ActiveCfg = Release|Any CPU
		{757CD1A3-C99D-4BA4-A7DE-07E478580D9C}.Release|x64.Build.0 = Release|Any CPU
		{757CD1A3-C99D-4BA4-A7DE-07E478580D9C}.Release|x86.ActiveCfg = Release|Any CPU
		{757CD1A3-C99D-4BA4-A7DE-07E478580D9C}.Release|x86.Build.0 = Release|Any CPU
		{5A81C5BC-6E9B-46FA-A617-884CBB4551D7}.Debug|Any CPU.ActiveCfg = Debug|Any CPU
		{5A81C5BC-6E9B-46FA-A617-884CBB4551D7}.Debug|Any CPU.Build.0 = Debug|Any CPU
		{5A81C5BC-6E9B-46FA-A617-884CBB4551D7}.Debug|x64.ActiveCfg = Debug|Any CPU
		{5A81C5BC-6E9B-46FA-A617-884CBB4551D7}.Debug|x64.Build.0 = Debug|Any CPU
		{5A81C5BC-6E9B-46FA-A617-884CBB4551D7}.Debug|x86.ActiveCfg = Debug|Any CPU
		{5A81C5BC-6E9B-46FA-A617-884CBB4551D7}.Debug|x86.Build.0 = Debug|Any CPU
		{5A81C5BC-6E9B-46FA-A617-884CBB4551D7}.Release|Any CPU.ActiveCfg = Release|Any CPU
		{5A81C5BC-6E9B-46FA-A617-884CBB4551D7}.Release|Any CPU.Build.0 = Release|Any CPU
		{5A81C5BC-6E9B-46FA-A617-884CBB4551D7}.Release|x64.ActiveCfg = Release|Any CPU
		{5A81C5BC-6E9B-46FA-A617-884CBB4551D7}.Release|x64.Build.0 = Release|Any CPU
		{5A81C5BC-6E9B-46FA-A617-884CBB4551D7}.Release|x86.ActiveCfg = Release|Any CPU
		{5A81C5BC-6E9B-46FA-A617-884CBB4551D7}.Release|x86.Build.0 = Release|Any CPU
		{93B7DBDE-2564-4818-9FF8-2DF76E6219BD}.Debug|Any CPU.ActiveCfg = Debug|Any CPU
		{93B7DBDE-2564-4818-9FF8-2DF76E6219BD}.Debug|Any CPU.Build.0 = Debug|Any CPU
		{93B7DBDE-2564-4818-9FF8-2DF76E6219BD}.Debug|x64.ActiveCfg = Debug|Any CPU
		{93B7DBDE-2564-4818-9FF8-2DF76E6219BD}.Debug|x64.Build.0 = Debug|Any CPU
		{93B7DBDE-2564-4818-9FF8-2DF76E6219BD}.Debug|x86.ActiveCfg = Debug|Any CPU
		{93B7DBDE-2564-4818-9FF8-2DF76E6219BD}.Debug|x86.Build.0 = Debug|Any CPU
		{93B7DBDE-2564-4818-9FF8-2DF76E6219BD}.Release|Any CPU.ActiveCfg = Release|Any CPU
		{93B7DBDE-2564-4818-9FF8-2DF76E6219BD}.Release|Any CPU.Build.0 = Release|Any CPU
		{93B7DBDE-2564-4818-9FF8-2DF76E6219BD}.Release|x64.ActiveCfg = Release|Any CPU
		{93B7DBDE-2564-4818-9FF8-2DF76E6219BD}.Release|x64.Build.0 = Release|Any CPU
		{93B7DBDE-2564-4818-9FF8-2DF76E6219BD}.Release|x86.ActiveCfg = Release|Any CPU
		{93B7DBDE-2564-4818-9FF8-2DF76E6219BD}.Release|x86.Build.0 = Release|Any CPU
		{1E1FFA16-57A9-414E-A9C1-A0B37B55D727}.Debug|Any CPU.ActiveCfg = Debug|Any CPU
		{1E1FFA16-57A9-414E-A9C1-A0B37B55D727}.Debug|Any CPU.Build.0 = Debug|Any CPU
		{1E1FFA16-57A9-414E-A9C1-A0B37B55D727}.Debug|x64.ActiveCfg = Debug|Any CPU
		{1E1FFA16-57A9-414E-A9C1-A0B37B55D727}.Debug|x64.Build.0 = Debug|Any CPU
		{1E1FFA16-57A9-414E-A9C1-A0B37B55D727}.Debug|x86.ActiveCfg = Debug|Any CPU
		{1E1FFA16-57A9-414E-A9C1-A0B37B55D727}.Debug|x86.Build.0 = Debug|Any CPU
		{1E1FFA16-57A9-414E-A9C1-A0B37B55D727}.Release|Any CPU.ActiveCfg = Release|Any CPU
		{1E1FFA16-57A9-414E-A9C1-A0B37B55D727}.Release|Any CPU.Build.0 = Release|Any CPU
		{1E1FFA16-57A9-414E-A9C1-A0B37B55D727}.Release|x64.ActiveCfg = Release|Any CPU
		{1E1FFA16-57A9-414E-A9C1-A0B37B55D727}.Release|x64.Build.0 = Release|Any CPU
		{1E1FFA16-57A9-414E-A9C1-A0B37B55D727}.Release|x86.ActiveCfg = Release|Any CPU
		{1E1FFA16-57A9-414E-A9C1-A0B37B55D727}.Release|x86.Build.0 = Release|Any CPU
		{178B6B01-D407-4EC0-9B0A-FD7DE518BA74}.Debug|Any CPU.ActiveCfg = Debug|Any CPU
		{178B6B01-D407-4EC0-9B0A-FD7DE518BA74}.Debug|Any CPU.Build.0 = Debug|Any CPU
		{178B6B01-D407-4EC0-9B0A-FD7DE518BA74}.Debug|x64.ActiveCfg = Debug|Any CPU
		{178B6B01-D407-4EC0-9B0A-FD7DE518BA74}.Debug|x64.Build.0 = Debug|Any CPU
		{178B6B01-D407-4EC0-9B0A-FD7DE518BA74}.Debug|x86.ActiveCfg = Debug|Any CPU
		{178B6B01-D407-4EC0-9B0A-FD7DE518BA74}.Debug|x86.Build.0 = Debug|Any CPU
		{178B6B01-D407-4EC0-9B0A-FD7DE518BA74}.Release|Any CPU.ActiveCfg = Release|Any CPU
		{178B6B01-D407-4EC0-9B0A-FD7DE518BA74}.Release|Any CPU.Build.0 = Release|Any CPU
		{178B6B01-D407-4EC0-9B0A-FD7DE518BA74}.Release|x64.ActiveCfg = Release|Any CPU
		{178B6B01-D407-4EC0-9B0A-FD7DE518BA74}.Release|x64.Build.0 = Release|Any CPU
		{178B6B01-D407-4EC0-9B0A-FD7DE518BA74}.Release|x86.ActiveCfg = Release|Any CPU
		{178B6B01-D407-4EC0-9B0A-FD7DE518BA74}.Release|x86.Build.0 = Release|Any CPU
		{B5B2D6A0-229E-4AF2-81B4-57DC4903967A}.Debug|Any CPU.ActiveCfg = Debug|Any CPU
		{B5B2D6A0-229E-4AF2-81B4-57DC4903967A}.Debug|Any CPU.Build.0 = Debug|Any CPU
		{B5B2D6A0-229E-4AF2-81B4-57DC4903967A}.Debug|x64.ActiveCfg = Debug|Any CPU
		{B5B2D6A0-229E-4AF2-81B4-57DC4903967A}.Debug|x64.Build.0 = Debug|Any CPU
		{B5B2D6A0-229E-4AF2-81B4-57DC4903967A}.Debug|x86.ActiveCfg = Debug|Any CPU
		{B5B2D6A0-229E-4AF2-81B4-57DC4903967A}.Debug|x86.Build.0 = Debug|Any CPU
		{B5B2D6A0-229E-4AF2-81B4-57DC4903967A}.Release|Any CPU.ActiveCfg = Release|Any CPU
		{B5B2D6A0-229E-4AF2-81B4-57DC4903967A}.Release|Any CPU.Build.0 = Release|Any CPU
		{B5B2D6A0-229E-4AF2-81B4-57DC4903967A}.Release|x64.ActiveCfg = Release|Any CPU
		{B5B2D6A0-229E-4AF2-81B4-57DC4903967A}.Release|x64.Build.0 = Release|Any CPU
		{B5B2D6A0-229E-4AF2-81B4-57DC4903967A}.Release|x86.ActiveCfg = Release|Any CPU
		{B5B2D6A0-229E-4AF2-81B4-57DC4903967A}.Release|x86.Build.0 = Release|Any CPU
		{2FE07C70-7ACC-4397-B41F-B9BECD96FF72}.Debug|Any CPU.ActiveCfg = Debug|Any CPU
		{2FE07C70-7ACC-4397-B41F-B9BECD96FF72}.Debug|Any CPU.Build.0 = Debug|Any CPU
		{2FE07C70-7ACC-4397-B41F-B9BECD96FF72}.Debug|x64.ActiveCfg = Debug|Any CPU
		{2FE07C70-7ACC-4397-B41F-B9BECD96FF72}.Debug|x64.Build.0 = Debug|Any CPU
		{2FE07C70-7ACC-4397-B41F-B9BECD96FF72}.Debug|x86.ActiveCfg = Debug|Any CPU
		{2FE07C70-7ACC-4397-B41F-B9BECD96FF72}.Debug|x86.Build.0 = Debug|Any CPU
		{2FE07C70-7ACC-4397-B41F-B9BECD96FF72}.Release|Any CPU.ActiveCfg = Release|Any CPU
		{2FE07C70-7ACC-4397-B41F-B9BECD96FF72}.Release|Any CPU.Build.0 = Release|Any CPU
		{2FE07C70-7ACC-4397-B41F-B9BECD96FF72}.Release|x64.ActiveCfg = Release|Any CPU
		{2FE07C70-7ACC-4397-B41F-B9BECD96FF72}.Release|x64.Build.0 = Release|Any CPU
		{2FE07C70-7ACC-4397-B41F-B9BECD96FF72}.Release|x86.ActiveCfg = Release|Any CPU
		{2FE07C70-7ACC-4397-B41F-B9BECD96FF72}.Release|x86.Build.0 = Release|Any CPU
		{14448FF8-2E5B-4294-93BC-FDCD2CC9995C}.Debug|Any CPU.ActiveCfg = Debug|Any CPU
		{14448FF8-2E5B-4294-93BC-FDCD2CC9995C}.Debug|Any CPU.Build.0 = Debug|Any CPU
		{14448FF8-2E5B-4294-93BC-FDCD2CC9995C}.Debug|x64.ActiveCfg = Debug|Any CPU
		{14448FF8-2E5B-4294-93BC-FDCD2CC9995C}.Debug|x64.Build.0 = Debug|Any CPU
		{14448FF8-2E5B-4294-93BC-FDCD2CC9995C}.Debug|x86.ActiveCfg = Debug|Any CPU
		{14448FF8-2E5B-4294-93BC-FDCD2CC9995C}.Debug|x86.Build.0 = Debug|Any CPU
		{14448FF8-2E5B-4294-93BC-FDCD2CC9995C}.Release|Any CPU.ActiveCfg = Release|Any CPU
		{14448FF8-2E5B-4294-93BC-FDCD2CC9995C}.Release|Any CPU.Build.0 = Release|Any CPU
		{14448FF8-2E5B-4294-93BC-FDCD2CC9995C}.Release|x64.ActiveCfg = Release|Any CPU
		{14448FF8-2E5B-4294-93BC-FDCD2CC9995C}.Release|x64.Build.0 = Release|Any CPU
		{14448FF8-2E5B-4294-93BC-FDCD2CC9995C}.Release|x86.ActiveCfg = Release|Any CPU
		{14448FF8-2E5B-4294-93BC-FDCD2CC9995C}.Release|x86.Build.0 = Release|Any CPU
		{D68154DF-96A7-4226-8B9A-DC56A3697AA8}.Debug|Any CPU.ActiveCfg = Debug|Any CPU
		{D68154DF-96A7-4226-8B9A-DC56A3697AA8}.Debug|Any CPU.Build.0 = Debug|Any CPU
		{D68154DF-96A7-4226-8B9A-DC56A3697AA8}.Debug|x64.ActiveCfg = Debug|Any CPU
		{D68154DF-96A7-4226-8B9A-DC56A3697AA8}.Debug|x64.Build.0 = Debug|Any CPU
		{D68154DF-96A7-4226-8B9A-DC56A3697AA8}.Debug|x86.ActiveCfg = Debug|Any CPU
		{D68154DF-96A7-4226-8B9A-DC56A3697AA8}.Debug|x86.Build.0 = Debug|Any CPU
		{D68154DF-96A7-4226-8B9A-DC56A3697AA8}.Release|Any CPU.ActiveCfg = Release|Any CPU
		{D68154DF-96A7-4226-8B9A-DC56A3697AA8}.Release|Any CPU.Build.0 = Release|Any CPU
		{D68154DF-96A7-4226-8B9A-DC56A3697AA8}.Release|x64.ActiveCfg = Release|Any CPU
		{D68154DF-96A7-4226-8B9A-DC56A3697AA8}.Release|x64.Build.0 = Release|Any CPU
		{D68154DF-96A7-4226-8B9A-DC56A3697AA8}.Release|x86.ActiveCfg = Release|Any CPU
		{D68154DF-96A7-4226-8B9A-DC56A3697AA8}.Release|x86.Build.0 = Release|Any CPU
		{4CEDB080-2137-411E-B6FA-7A5C142FD3CB}.Debug|Any CPU.ActiveCfg = Debug|Any CPU
		{4CEDB080-2137-411E-B6FA-7A5C142FD3CB}.Debug|Any CPU.Build.0 = Debug|Any CPU
		{4CEDB080-2137-411E-B6FA-7A5C142FD3CB}.Debug|x64.ActiveCfg = Debug|Any CPU
		{4CEDB080-2137-411E-B6FA-7A5C142FD3CB}.Debug|x64.Build.0 = Debug|Any CPU
		{4CEDB080-2137-411E-B6FA-7A5C142FD3CB}.Debug|x86.ActiveCfg = Debug|Any CPU
		{4CEDB080-2137-411E-B6FA-7A5C142FD3CB}.Debug|x86.Build.0 = Debug|Any CPU
		{4CEDB080-2137-411E-B6FA-7A5C142FD3CB}.Release|Any CPU.ActiveCfg = Release|Any CPU
		{4CEDB080-2137-411E-B6FA-7A5C142FD3CB}.Release|Any CPU.Build.0 = Release|Any CPU
		{4CEDB080-2137-411E-B6FA-7A5C142FD3CB}.Release|x64.ActiveCfg = Release|Any CPU
		{4CEDB080-2137-411E-B6FA-7A5C142FD3CB}.Release|x64.Build.0 = Release|Any CPU
		{4CEDB080-2137-411E-B6FA-7A5C142FD3CB}.Release|x86.ActiveCfg = Release|Any CPU
		{4CEDB080-2137-411E-B6FA-7A5C142FD3CB}.Release|x86.Build.0 = Release|Any CPU
		{7C7D6F77-8191-43F5-A866-AA1D81C6A1D2}.Debug|Any CPU.ActiveCfg = Debug|Any CPU
		{7C7D6F77-8191-43F5-A866-AA1D81C6A1D2}.Debug|Any CPU.Build.0 = Debug|Any CPU
		{7C7D6F77-8191-43F5-A866-AA1D81C6A1D2}.Debug|x64.ActiveCfg = Debug|Any CPU
		{7C7D6F77-8191-43F5-A866-AA1D81C6A1D2}.Debug|x64.Build.0 = Debug|Any CPU
		{7C7D6F77-8191-43F5-A866-AA1D81C6A1D2}.Debug|x86.ActiveCfg = Debug|Any CPU
		{7C7D6F77-8191-43F5-A866-AA1D81C6A1D2}.Debug|x86.Build.0 = Debug|Any CPU
		{7C7D6F77-8191-43F5-A866-AA1D81C6A1D2}.Release|Any CPU.ActiveCfg = Release|Any CPU
		{7C7D6F77-8191-43F5-A866-AA1D81C6A1D2}.Release|Any CPU.Build.0 = Release|Any CPU
		{7C7D6F77-8191-43F5-A866-AA1D81C6A1D2}.Release|x64.ActiveCfg = Release|Any CPU
		{7C7D6F77-8191-43F5-A866-AA1D81C6A1D2}.Release|x64.Build.0 = Release|Any CPU
		{7C7D6F77-8191-43F5-A866-AA1D81C6A1D2}.Release|x86.ActiveCfg = Release|Any CPU
		{7C7D6F77-8191-43F5-A866-AA1D81C6A1D2}.Release|x86.Build.0 = Release|Any CPU
		{9B4B3CE1-8E31-4EF7-A107-0F29CBF96271}.Debug|Any CPU.ActiveCfg = Debug|Any CPU
		{9B4B3CE1-8E31-4EF7-A107-0F29CBF96271}.Debug|Any CPU.Build.0 = Debug|Any CPU
		{9B4B3CE1-8E31-4EF7-A107-0F29CBF96271}.Debug|x64.ActiveCfg = Debug|Any CPU
		{9B4B3CE1-8E31-4EF7-A107-0F29CBF96271}.Debug|x64.Build.0 = Debug|Any CPU
		{9B4B3CE1-8E31-4EF7-A107-0F29CBF96271}.Debug|x86.ActiveCfg = Debug|Any CPU
		{9B4B3CE1-8E31-4EF7-A107-0F29CBF96271}.Debug|x86.Build.0 = Debug|Any CPU
		{9B4B3CE1-8E31-4EF7-A107-0F29CBF96271}.Release|Any CPU.ActiveCfg = Release|Any CPU
		{9B4B3CE1-8E31-4EF7-A107-0F29CBF96271}.Release|Any CPU.Build.0 = Release|Any CPU
		{9B4B3CE1-8E31-4EF7-A107-0F29CBF96271}.Release|x64.ActiveCfg = Release|Any CPU
		{9B4B3CE1-8E31-4EF7-A107-0F29CBF96271}.Release|x64.Build.0 = Release|Any CPU
		{9B4B3CE1-8E31-4EF7-A107-0F29CBF96271}.Release|x86.ActiveCfg = Release|Any CPU
		{9B4B3CE1-8E31-4EF7-A107-0F29CBF96271}.Release|x86.Build.0 = Release|Any CPU
		{594EA773-C10A-4701-BDE3-D56329DEA928}.Debug|Any CPU.ActiveCfg = Debug|Any CPU
		{594EA773-C10A-4701-BDE3-D56329DEA928}.Debug|Any CPU.Build.0 = Debug|Any CPU
		{594EA773-C10A-4701-BDE3-D56329DEA928}.Debug|x64.ActiveCfg = Debug|Any CPU
		{594EA773-C10A-4701-BDE3-D56329DEA928}.Debug|x64.Build.0 = Debug|Any CPU
		{594EA773-C10A-4701-BDE3-D56329DEA928}.Debug|x86.ActiveCfg = Debug|Any CPU
		{594EA773-C10A-4701-BDE3-D56329DEA928}.Debug|x86.Build.0 = Debug|Any CPU
		{594EA773-C10A-4701-BDE3-D56329DEA928}.Release|Any CPU.ActiveCfg = Release|Any CPU
		{594EA773-C10A-4701-BDE3-D56329DEA928}.Release|Any CPU.Build.0 = Release|Any CPU
		{594EA773-C10A-4701-BDE3-D56329DEA928}.Release|x64.ActiveCfg = Release|Any CPU
		{594EA773-C10A-4701-BDE3-D56329DEA928}.Release|x64.Build.0 = Release|Any CPU
		{594EA773-C10A-4701-BDE3-D56329DEA928}.Release|x86.ActiveCfg = Release|Any CPU
		{594EA773-C10A-4701-BDE3-D56329DEA928}.Release|x86.Build.0 = Release|Any CPU
		{A700F3B0-E7BE-4EED-9DDB-0EF62896A71B}.Debug|Any CPU.ActiveCfg = Debug|Any CPU
		{A700F3B0-E7BE-4EED-9DDB-0EF62896A71B}.Debug|Any CPU.Build.0 = Debug|Any CPU
		{A700F3B0-E7BE-4EED-9DDB-0EF62896A71B}.Debug|x64.ActiveCfg = Debug|Any CPU
		{A700F3B0-E7BE-4EED-9DDB-0EF62896A71B}.Debug|x64.Build.0 = Debug|Any CPU
		{A700F3B0-E7BE-4EED-9DDB-0EF62896A71B}.Debug|x86.ActiveCfg = Debug|Any CPU
		{A700F3B0-E7BE-4EED-9DDB-0EF62896A71B}.Debug|x86.Build.0 = Debug|Any CPU
		{A700F3B0-E7BE-4EED-9DDB-0EF62896A71B}.Release|Any CPU.ActiveCfg = Release|Any CPU
		{A700F3B0-E7BE-4EED-9DDB-0EF62896A71B}.Release|Any CPU.Build.0 = Release|Any CPU
		{A700F3B0-E7BE-4EED-9DDB-0EF62896A71B}.Release|x64.ActiveCfg = Release|Any CPU
		{A700F3B0-E7BE-4EED-9DDB-0EF62896A71B}.Release|x64.Build.0 = Release|Any CPU
		{A700F3B0-E7BE-4EED-9DDB-0EF62896A71B}.Release|x86.ActiveCfg = Release|Any CPU
		{A700F3B0-E7BE-4EED-9DDB-0EF62896A71B}.Release|x86.Build.0 = Release|Any CPU
		{036CB0B5-85ED-4D69-BB20-FF22376E49B3}.Debug|Any CPU.ActiveCfg = Debug|Any CPU
		{036CB0B5-85ED-4D69-BB20-FF22376E49B3}.Debug|Any CPU.Build.0 = Debug|Any CPU
		{036CB0B5-85ED-4D69-BB20-FF22376E49B3}.Debug|x64.ActiveCfg = Debug|Any CPU
		{036CB0B5-85ED-4D69-BB20-FF22376E49B3}.Debug|x64.Build.0 = Debug|Any CPU
		{036CB0B5-85ED-4D69-BB20-FF22376E49B3}.Debug|x86.ActiveCfg = Debug|Any CPU
		{036CB0B5-85ED-4D69-BB20-FF22376E49B3}.Debug|x86.Build.0 = Debug|Any CPU
		{036CB0B5-85ED-4D69-BB20-FF22376E49B3}.Release|Any CPU.ActiveCfg = Release|Any CPU
		{036CB0B5-85ED-4D69-BB20-FF22376E49B3}.Release|Any CPU.Build.0 = Release|Any CPU
		{036CB0B5-85ED-4D69-BB20-FF22376E49B3}.Release|x64.ActiveCfg = Release|Any CPU
		{036CB0B5-85ED-4D69-BB20-FF22376E49B3}.Release|x64.Build.0 = Release|Any CPU
		{036CB0B5-85ED-4D69-BB20-FF22376E49B3}.Release|x86.ActiveCfg = Release|Any CPU
		{036CB0B5-85ED-4D69-BB20-FF22376E49B3}.Release|x86.Build.0 = Release|Any CPU
		{B22845F7-0792-4D14-BE86-AB1A9A383C4D}.Debug|Any CPU.ActiveCfg = Debug|Any CPU
		{B22845F7-0792-4D14-BE86-AB1A9A383C4D}.Debug|Any CPU.Build.0 = Debug|Any CPU
		{B22845F7-0792-4D14-BE86-AB1A9A383C4D}.Debug|x64.ActiveCfg = Debug|Any CPU
		{B22845F7-0792-4D14-BE86-AB1A9A383C4D}.Debug|x64.Build.0 = Debug|Any CPU
		{B22845F7-0792-4D14-BE86-AB1A9A383C4D}.Debug|x86.ActiveCfg = Debug|Any CPU
		{B22845F7-0792-4D14-BE86-AB1A9A383C4D}.Debug|x86.Build.0 = Debug|Any CPU
		{B22845F7-0792-4D14-BE86-AB1A9A383C4D}.Release|Any CPU.ActiveCfg = Release|Any CPU
		{B22845F7-0792-4D14-BE86-AB1A9A383C4D}.Release|Any CPU.Build.0 = Release|Any CPU
		{B22845F7-0792-4D14-BE86-AB1A9A383C4D}.Release|x64.ActiveCfg = Release|Any CPU
		{B22845F7-0792-4D14-BE86-AB1A9A383C4D}.Release|x64.Build.0 = Release|Any CPU
		{B22845F7-0792-4D14-BE86-AB1A9A383C4D}.Release|x86.ActiveCfg = Release|Any CPU
		{B22845F7-0792-4D14-BE86-AB1A9A383C4D}.Release|x86.Build.0 = Release|Any CPU
		{E1CA12D8-3F1B-4B64-9AE7-BE98355A9AFB}.Debug|Any CPU.ActiveCfg = Debug|Any CPU
		{E1CA12D8-3F1B-4B64-9AE7-BE98355A9AFB}.Debug|Any CPU.Build.0 = Debug|Any CPU
		{E1CA12D8-3F1B-4B64-9AE7-BE98355A9AFB}.Debug|x64.ActiveCfg = Debug|Any CPU
		{E1CA12D8-3F1B-4B64-9AE7-BE98355A9AFB}.Debug|x64.Build.0 = Debug|Any CPU
		{E1CA12D8-3F1B-4B64-9AE7-BE98355A9AFB}.Debug|x86.ActiveCfg = Debug|Any CPU
		{E1CA12D8-3F1B-4B64-9AE7-BE98355A9AFB}.Debug|x86.Build.0 = Debug|Any CPU
		{E1CA12D8-3F1B-4B64-9AE7-BE98355A9AFB}.Release|Any CPU.ActiveCfg = Release|Any CPU
		{E1CA12D8-3F1B-4B64-9AE7-BE98355A9AFB}.Release|Any CPU.Build.0 = Release|Any CPU
		{E1CA12D8-3F1B-4B64-9AE7-BE98355A9AFB}.Release|x64.ActiveCfg = Release|Any CPU
		{E1CA12D8-3F1B-4B64-9AE7-BE98355A9AFB}.Release|x64.Build.0 = Release|Any CPU
		{E1CA12D8-3F1B-4B64-9AE7-BE98355A9AFB}.Release|x86.ActiveCfg = Release|Any CPU
		{E1CA12D8-3F1B-4B64-9AE7-BE98355A9AFB}.Release|x86.Build.0 = Release|Any CPU
		{B1501452-5519-46AE-9656-787056C5B75A}.Debug|Any CPU.ActiveCfg = Debug|Any CPU
		{B1501452-5519-46AE-9656-787056C5B75A}.Debug|Any CPU.Build.0 = Debug|Any CPU
		{B1501452-5519-46AE-9656-787056C5B75A}.Debug|x64.ActiveCfg = Debug|Any CPU
		{B1501452-5519-46AE-9656-787056C5B75A}.Debug|x64.Build.0 = Debug|Any CPU
		{B1501452-5519-46AE-9656-787056C5B75A}.Debug|x86.ActiveCfg = Debug|Any CPU
		{B1501452-5519-46AE-9656-787056C5B75A}.Debug|x86.Build.0 = Debug|Any CPU
		{B1501452-5519-46AE-9656-787056C5B75A}.Release|Any CPU.ActiveCfg = Release|Any CPU
		{B1501452-5519-46AE-9656-787056C5B75A}.Release|Any CPU.Build.0 = Release|Any CPU
		{B1501452-5519-46AE-9656-787056C5B75A}.Release|x64.ActiveCfg = Release|Any CPU
		{B1501452-5519-46AE-9656-787056C5B75A}.Release|x64.Build.0 = Release|Any CPU
		{B1501452-5519-46AE-9656-787056C5B75A}.Release|x86.ActiveCfg = Release|Any CPU
		{B1501452-5519-46AE-9656-787056C5B75A}.Release|x86.Build.0 = Release|Any CPU
		{91A0BC13-400B-4A00-881C-5D0CF464546A}.Debug|Any CPU.ActiveCfg = Debug|Any CPU
		{91A0BC13-400B-4A00-881C-5D0CF464546A}.Debug|Any CPU.Build.0 = Debug|Any CPU
		{91A0BC13-400B-4A00-881C-5D0CF464546A}.Debug|x64.ActiveCfg = Debug|Any CPU
		{91A0BC13-400B-4A00-881C-5D0CF464546A}.Debug|x64.Build.0 = Debug|Any CPU
		{91A0BC13-400B-4A00-881C-5D0CF464546A}.Debug|x86.ActiveCfg = Debug|Any CPU
		{91A0BC13-400B-4A00-881C-5D0CF464546A}.Debug|x86.Build.0 = Debug|Any CPU
		{91A0BC13-400B-4A00-881C-5D0CF464546A}.Release|Any CPU.ActiveCfg = Release|Any CPU
		{91A0BC13-400B-4A00-881C-5D0CF464546A}.Release|Any CPU.Build.0 = Release|Any CPU
		{91A0BC13-400B-4A00-881C-5D0CF464546A}.Release|x64.ActiveCfg = Release|Any CPU
		{91A0BC13-400B-4A00-881C-5D0CF464546A}.Release|x64.Build.0 = Release|Any CPU
		{91A0BC13-400B-4A00-881C-5D0CF464546A}.Release|x86.ActiveCfg = Release|Any CPU
		{91A0BC13-400B-4A00-881C-5D0CF464546A}.Release|x86.Build.0 = Release|Any CPU
		{A8E35A66-3111-4CD5-BF96-39718F374FDA}.Debug|Any CPU.ActiveCfg = Debug|Any CPU
		{A8E35A66-3111-4CD5-BF96-39718F374FDA}.Debug|Any CPU.Build.0 = Debug|Any CPU
		{A8E35A66-3111-4CD5-BF96-39718F374FDA}.Debug|x64.ActiveCfg = Debug|Any CPU
		{A8E35A66-3111-4CD5-BF96-39718F374FDA}.Debug|x64.Build.0 = Debug|Any CPU
		{A8E35A66-3111-4CD5-BF96-39718F374FDA}.Debug|x86.ActiveCfg = Debug|Any CPU
		{A8E35A66-3111-4CD5-BF96-39718F374FDA}.Debug|x86.Build.0 = Debug|Any CPU
		{A8E35A66-3111-4CD5-BF96-39718F374FDA}.Release|Any CPU.ActiveCfg = Release|Any CPU
		{A8E35A66-3111-4CD5-BF96-39718F374FDA}.Release|Any CPU.Build.0 = Release|Any CPU
		{A8E35A66-3111-4CD5-BF96-39718F374FDA}.Release|x64.ActiveCfg = Release|Any CPU
		{A8E35A66-3111-4CD5-BF96-39718F374FDA}.Release|x64.Build.0 = Release|Any CPU
		{A8E35A66-3111-4CD5-BF96-39718F374FDA}.Release|x86.ActiveCfg = Release|Any CPU
		{A8E35A66-3111-4CD5-BF96-39718F374FDA}.Release|x86.Build.0 = Release|Any CPU
		{49D40FB6-46BF-4974-812C-A7DCDD49FED6}.Debug|Any CPU.ActiveCfg = Debug|Any CPU
		{49D40FB6-46BF-4974-812C-A7DCDD49FED6}.Debug|Any CPU.Build.0 = Debug|Any CPU
		{49D40FB6-46BF-4974-812C-A7DCDD49FED6}.Debug|x64.ActiveCfg = Debug|Any CPU
		{49D40FB6-46BF-4974-812C-A7DCDD49FED6}.Debug|x64.Build.0 = Debug|Any CPU
		{49D40FB6-46BF-4974-812C-A7DCDD49FED6}.Debug|x86.ActiveCfg = Debug|Any CPU
		{49D40FB6-46BF-4974-812C-A7DCDD49FED6}.Debug|x86.Build.0 = Debug|Any CPU
		{49D40FB6-46BF-4974-812C-A7DCDD49FED6}.Release|Any CPU.ActiveCfg = Release|Any CPU
		{49D40FB6-46BF-4974-812C-A7DCDD49FED6}.Release|Any CPU.Build.0 = Release|Any CPU
		{49D40FB6-46BF-4974-812C-A7DCDD49FED6}.Release|x64.ActiveCfg = Release|Any CPU
		{49D40FB6-46BF-4974-812C-A7DCDD49FED6}.Release|x64.Build.0 = Release|Any CPU
		{49D40FB6-46BF-4974-812C-A7DCDD49FED6}.Release|x86.ActiveCfg = Release|Any CPU
		{49D40FB6-46BF-4974-812C-A7DCDD49FED6}.Release|x86.Build.0 = Release|Any CPU
		{18CD5314-9C93-4644-A62A-C37C63BB5F7A}.Debug|Any CPU.ActiveCfg = Debug|Any CPU
		{18CD5314-9C93-4644-A62A-C37C63BB5F7A}.Debug|Any CPU.Build.0 = Debug|Any CPU
		{18CD5314-9C93-4644-A62A-C37C63BB5F7A}.Debug|x64.ActiveCfg = Debug|Any CPU
		{18CD5314-9C93-4644-A62A-C37C63BB5F7A}.Debug|x64.Build.0 = Debug|Any CPU
		{18CD5314-9C93-4644-A62A-C37C63BB5F7A}.Debug|x86.ActiveCfg = Debug|Any CPU
		{18CD5314-9C93-4644-A62A-C37C63BB5F7A}.Debug|x86.Build.0 = Debug|Any CPU
		{18CD5314-9C93-4644-A62A-C37C63BB5F7A}.Release|Any CPU.ActiveCfg = Release|Any CPU
		{18CD5314-9C93-4644-A62A-C37C63BB5F7A}.Release|Any CPU.Build.0 = Release|Any CPU
		{18CD5314-9C93-4644-A62A-C37C63BB5F7A}.Release|x64.ActiveCfg = Release|Any CPU
		{18CD5314-9C93-4644-A62A-C37C63BB5F7A}.Release|x64.Build.0 = Release|Any CPU
		{18CD5314-9C93-4644-A62A-C37C63BB5F7A}.Release|x86.ActiveCfg = Release|Any CPU
		{18CD5314-9C93-4644-A62A-C37C63BB5F7A}.Release|x86.Build.0 = Release|Any CPU
		{E78F1DAA-2B61-4289-9FB0-931595676CAC}.Debug|Any CPU.ActiveCfg = Debug|Any CPU
		{E78F1DAA-2B61-4289-9FB0-931595676CAC}.Debug|Any CPU.Build.0 = Debug|Any CPU
		{E78F1DAA-2B61-4289-9FB0-931595676CAC}.Debug|x64.ActiveCfg = Debug|Any CPU
		{E78F1DAA-2B61-4289-9FB0-931595676CAC}.Debug|x64.Build.0 = Debug|Any CPU
		{E78F1DAA-2B61-4289-9FB0-931595676CAC}.Debug|x86.ActiveCfg = Debug|Any CPU
		{E78F1DAA-2B61-4289-9FB0-931595676CAC}.Debug|x86.Build.0 = Debug|Any CPU
		{E78F1DAA-2B61-4289-9FB0-931595676CAC}.Release|Any CPU.ActiveCfg = Release|Any CPU
		{E78F1DAA-2B61-4289-9FB0-931595676CAC}.Release|Any CPU.Build.0 = Release|Any CPU
		{E78F1DAA-2B61-4289-9FB0-931595676CAC}.Release|x64.ActiveCfg = Release|Any CPU
		{E78F1DAA-2B61-4289-9FB0-931595676CAC}.Release|x64.Build.0 = Release|Any CPU
		{E78F1DAA-2B61-4289-9FB0-931595676CAC}.Release|x86.ActiveCfg = Release|Any CPU
		{E78F1DAA-2B61-4289-9FB0-931595676CAC}.Release|x86.Build.0 = Release|Any CPU
		{5371AAF4-FC37-438B-A25C-2E55BC8521F5}.Debug|Any CPU.ActiveCfg = Debug|Any CPU
		{5371AAF4-FC37-438B-A25C-2E55BC8521F5}.Debug|Any CPU.Build.0 = Debug|Any CPU
		{5371AAF4-FC37-438B-A25C-2E55BC8521F5}.Debug|x64.ActiveCfg = Debug|Any CPU
		{5371AAF4-FC37-438B-A25C-2E55BC8521F5}.Debug|x64.Build.0 = Debug|Any CPU
		{5371AAF4-FC37-438B-A25C-2E55BC8521F5}.Debug|x86.ActiveCfg = Debug|Any CPU
		{5371AAF4-FC37-438B-A25C-2E55BC8521F5}.Debug|x86.Build.0 = Debug|Any CPU
		{5371AAF4-FC37-438B-A25C-2E55BC8521F5}.Release|Any CPU.ActiveCfg = Release|Any CPU
		{5371AAF4-FC37-438B-A25C-2E55BC8521F5}.Release|Any CPU.Build.0 = Release|Any CPU
		{5371AAF4-FC37-438B-A25C-2E55BC8521F5}.Release|x64.ActiveCfg = Release|Any CPU
		{5371AAF4-FC37-438B-A25C-2E55BC8521F5}.Release|x64.Build.0 = Release|Any CPU
		{5371AAF4-FC37-438B-A25C-2E55BC8521F5}.Release|x86.ActiveCfg = Release|Any CPU
		{5371AAF4-FC37-438B-A25C-2E55BC8521F5}.Release|x86.Build.0 = Release|Any CPU
		{F975D1C0-2602-4454-BD56-C886AFF39FA0}.Debug|Any CPU.ActiveCfg = Debug|Any CPU
		{F975D1C0-2602-4454-BD56-C886AFF39FA0}.Debug|Any CPU.Build.0 = Debug|Any CPU
		{F975D1C0-2602-4454-BD56-C886AFF39FA0}.Debug|x64.ActiveCfg = Debug|Any CPU
		{F975D1C0-2602-4454-BD56-C886AFF39FA0}.Debug|x64.Build.0 = Debug|Any CPU
		{F975D1C0-2602-4454-BD56-C886AFF39FA0}.Debug|x86.ActiveCfg = Debug|Any CPU
		{F975D1C0-2602-4454-BD56-C886AFF39FA0}.Debug|x86.Build.0 = Debug|Any CPU
		{F975D1C0-2602-4454-BD56-C886AFF39FA0}.Release|Any CPU.ActiveCfg = Release|Any CPU
		{F975D1C0-2602-4454-BD56-C886AFF39FA0}.Release|Any CPU.Build.0 = Release|Any CPU
		{F975D1C0-2602-4454-BD56-C886AFF39FA0}.Release|x64.ActiveCfg = Release|Any CPU
		{F975D1C0-2602-4454-BD56-C886AFF39FA0}.Release|x64.Build.0 = Release|Any CPU
		{F975D1C0-2602-4454-BD56-C886AFF39FA0}.Release|x86.ActiveCfg = Release|Any CPU
		{F975D1C0-2602-4454-BD56-C886AFF39FA0}.Release|x86.Build.0 = Release|Any CPU
		{8618357D-81FB-40FD-9438-22675F0B56EE}.Debug|Any CPU.ActiveCfg = Debug|Any CPU
		{8618357D-81FB-40FD-9438-22675F0B56EE}.Debug|Any CPU.Build.0 = Debug|Any CPU
		{8618357D-81FB-40FD-9438-22675F0B56EE}.Debug|x64.ActiveCfg = Debug|Any CPU
		{8618357D-81FB-40FD-9438-22675F0B56EE}.Debug|x64.Build.0 = Debug|Any CPU
		{8618357D-81FB-40FD-9438-22675F0B56EE}.Debug|x86.ActiveCfg = Debug|Any CPU
		{8618357D-81FB-40FD-9438-22675F0B56EE}.Debug|x86.Build.0 = Debug|Any CPU
		{8618357D-81FB-40FD-9438-22675F0B56EE}.Release|Any CPU.ActiveCfg = Release|Any CPU
		{8618357D-81FB-40FD-9438-22675F0B56EE}.Release|Any CPU.Build.0 = Release|Any CPU
		{8618357D-81FB-40FD-9438-22675F0B56EE}.Release|x64.ActiveCfg = Release|Any CPU
		{8618357D-81FB-40FD-9438-22675F0B56EE}.Release|x64.Build.0 = Release|Any CPU
		{8618357D-81FB-40FD-9438-22675F0B56EE}.Release|x86.ActiveCfg = Release|Any CPU
		{8618357D-81FB-40FD-9438-22675F0B56EE}.Release|x86.Build.0 = Release|Any CPU
		{EF00ED74-4138-4F21-8B2D-0AF56BA38D7E}.Debug|Any CPU.ActiveCfg = Debug|Any CPU
		{EF00ED74-4138-4F21-8B2D-0AF56BA38D7E}.Debug|Any CPU.Build.0 = Debug|Any CPU
		{EF00ED74-4138-4F21-8B2D-0AF56BA38D7E}.Debug|x64.ActiveCfg = Debug|Any CPU
		{EF00ED74-4138-4F21-8B2D-0AF56BA38D7E}.Debug|x64.Build.0 = Debug|Any CPU
		{EF00ED74-4138-4F21-8B2D-0AF56BA38D7E}.Debug|x86.ActiveCfg = Debug|Any CPU
		{EF00ED74-4138-4F21-8B2D-0AF56BA38D7E}.Debug|x86.Build.0 = Debug|Any CPU
		{EF00ED74-4138-4F21-8B2D-0AF56BA38D7E}.Release|Any CPU.ActiveCfg = Release|Any CPU
		{EF00ED74-4138-4F21-8B2D-0AF56BA38D7E}.Release|Any CPU.Build.0 = Release|Any CPU
		{EF00ED74-4138-4F21-8B2D-0AF56BA38D7E}.Release|x64.ActiveCfg = Release|Any CPU
		{EF00ED74-4138-4F21-8B2D-0AF56BA38D7E}.Release|x64.Build.0 = Release|Any CPU
		{EF00ED74-4138-4F21-8B2D-0AF56BA38D7E}.Release|x86.ActiveCfg = Release|Any CPU
		{EF00ED74-4138-4F21-8B2D-0AF56BA38D7E}.Release|x86.Build.0 = Release|Any CPU
		{80ACC1C1-2D19-4336-9B9C-6F849E625C82}.Debug|Any CPU.ActiveCfg = Debug|Any CPU
		{80ACC1C1-2D19-4336-9B9C-6F849E625C82}.Debug|Any CPU.Build.0 = Debug|Any CPU
		{80ACC1C1-2D19-4336-9B9C-6F849E625C82}.Debug|x64.ActiveCfg = Debug|Any CPU
		{80ACC1C1-2D19-4336-9B9C-6F849E625C82}.Debug|x64.Build.0 = Debug|Any CPU
		{80ACC1C1-2D19-4336-9B9C-6F849E625C82}.Debug|x86.ActiveCfg = Debug|Any CPU
		{80ACC1C1-2D19-4336-9B9C-6F849E625C82}.Debug|x86.Build.0 = Debug|Any CPU
		{80ACC1C1-2D19-4336-9B9C-6F849E625C82}.Release|Any CPU.ActiveCfg = Release|Any CPU
		{80ACC1C1-2D19-4336-9B9C-6F849E625C82}.Release|Any CPU.Build.0 = Release|Any CPU
		{80ACC1C1-2D19-4336-9B9C-6F849E625C82}.Release|x64.ActiveCfg = Release|Any CPU
		{80ACC1C1-2D19-4336-9B9C-6F849E625C82}.Release|x64.Build.0 = Release|Any CPU
		{80ACC1C1-2D19-4336-9B9C-6F849E625C82}.Release|x86.ActiveCfg = Release|Any CPU
		{80ACC1C1-2D19-4336-9B9C-6F849E625C82}.Release|x86.Build.0 = Release|Any CPU
	EndGlobalSection
	GlobalSection(SolutionProperties) = preSolution
		HideSolutionNode = FALSE
	EndGlobalSection
	GlobalSection(NestedProjects) = preSolution
		{D39A1268-8936-49B1-A4B8-F67F7C824B4B} = {643AB7F1-C5E4-44B0-8A20-BE2497DACE12}
		{4250E68B-4ED7-483C-B712-BA3809E70BF3} = {643AB7F1-C5E4-44B0-8A20-BE2497DACE12}
		{413BF069-DC5C-452D-9303-D64C18EC0E4A} = {643AB7F1-C5E4-44B0-8A20-BE2497DACE12}
		{0B221B83-2DC5-4890-BD5C-D14A13CE7EDF} = {643AB7F1-C5E4-44B0-8A20-BE2497DACE12}
		{87153AF7-C265-4AC9-8F2B-AD014B0EB7FB} = {643AB7F1-C5E4-44B0-8A20-BE2497DACE12}
		{643AB7F1-C5E4-44B0-8A20-BE2497DACE12} = {AF0D4328-2A6C-48E0-A5C2-28156F241D79}
		{8E8115B1-9485-4F33-A51C-D396315EA91A} = {D39A1268-8936-49B1-A4B8-F67F7C824B4B}
		{A6C05796-2AAE-4805-8579-7541D377F841} = {D39A1268-8936-49B1-A4B8-F67F7C824B4B}
		{66AC3902-844F-4FE8-A29C-19AAEAD1E798} = {D39A1268-8936-49B1-A4B8-F67F7C824B4B}
		{78FDD891-8330-4084-BE5C-60552207FEF6} = {D39A1268-8936-49B1-A4B8-F67F7C824B4B}
		{73AAB358-2458-443E-9CE8-F89A7FD4F563} = {D39A1268-8936-49B1-A4B8-F67F7C824B4B}
		{CBB34CA1-06D8-4A13-9C8D-742E09734314} = {D39A1268-8936-49B1-A4B8-F67F7C824B4B}
		{E0D41E26-3362-4287-AE40-A4667D189907} = {4250E68B-4ED7-483C-B712-BA3809E70BF3}
		{53012766-C12F-430E-A2E1-6F98EDEEEA32} = {4250E68B-4ED7-483C-B712-BA3809E70BF3}
		{E7462AAE-5CB9-46BC-86DF-D474B76C8918} = {4250E68B-4ED7-483C-B712-BA3809E70BF3}
		{FC6F3D67-F99A-42B7-BD55-FFC0446B3DE8} = {4250E68B-4ED7-483C-B712-BA3809E70BF3}
		{3F9CA786-9C14-44EA-9160-95061BC65D7A} = {4250E68B-4ED7-483C-B712-BA3809E70BF3}
		{1B91ACD3-E335-43F3-8FAE-E263862B693C} = {4250E68B-4ED7-483C-B712-BA3809E70BF3}
		{BD83107F-566C-42AC-A645-F50A3B844065} = {413BF069-DC5C-452D-9303-D64C18EC0E4A}
		{34816F83-D8F7-4A0E-A986-4865BD3E9439} = {413BF069-DC5C-452D-9303-D64C18EC0E4A}
		{757CD1A3-C99D-4BA4-A7DE-07E478580D9C} = {413BF069-DC5C-452D-9303-D64C18EC0E4A}
		{5A81C5BC-6E9B-46FA-A617-884CBB4551D7} = {0B221B83-2DC5-4890-BD5C-D14A13CE7EDF}
		{93B7DBDE-2564-4818-9FF8-2DF76E6219BD} = {0B221B83-2DC5-4890-BD5C-D14A13CE7EDF}
		{1E1FFA16-57A9-414E-A9C1-A0B37B55D727} = {0B221B83-2DC5-4890-BD5C-D14A13CE7EDF}
		{178B6B01-D407-4EC0-9B0A-FD7DE518BA74} = {87153AF7-C265-4AC9-8F2B-AD014B0EB7FB}
		{B5B2D6A0-229E-4AF2-81B4-57DC4903967A} = {4250E68B-4ED7-483C-B712-BA3809E70BF3}
		{536B1FD5-B1FC-4036-91F5-2B856FCE2E13} = {AF0D4328-2A6C-48E0-A5C2-28156F241D79}
		{7A110B2D-F2D7-4189-9F95-F686DCEEE26D} = {536B1FD5-B1FC-4036-91F5-2B856FCE2E13}
		{C1032714-5106-4802-8478-D5B5BED6C6F9} = {536B1FD5-B1FC-4036-91F5-2B856FCE2E13}
		{73ABA4C1-BBE6-4E2A-B441-E71130A7BD5E} = {536B1FD5-B1FC-4036-91F5-2B856FCE2E13}
		{37E8BF48-8472-4B9F-ACA4-E5469A3C6264} = {536B1FD5-B1FC-4036-91F5-2B856FCE2E13}
		{BC6E70B8-FD06-4447-B85E-BC8D046AF935} = {536B1FD5-B1FC-4036-91F5-2B856FCE2E13}
		{2FE07C70-7ACC-4397-B41F-B9BECD96FF72} = {7A110B2D-F2D7-4189-9F95-F686DCEEE26D}
		{14448FF8-2E5B-4294-93BC-FDCD2CC9995C} = {7A110B2D-F2D7-4189-9F95-F686DCEEE26D}
		{D68154DF-96A7-4226-8B9A-DC56A3697AA8} = {7A110B2D-F2D7-4189-9F95-F686DCEEE26D}
		{4CEDB080-2137-411E-B6FA-7A5C142FD3CB} = {7A110B2D-F2D7-4189-9F95-F686DCEEE26D}
		{7C7D6F77-8191-43F5-A866-AA1D81C6A1D2} = {7A110B2D-F2D7-4189-9F95-F686DCEEE26D}
		{9B4B3CE1-8E31-4EF7-A107-0F29CBF96271} = {7A110B2D-F2D7-4189-9F95-F686DCEEE26D}
		{594EA773-C10A-4701-BDE3-D56329DEA928} = {C1032714-5106-4802-8478-D5B5BED6C6F9}
		{A700F3B0-E7BE-4EED-9DDB-0EF62896A71B} = {C1032714-5106-4802-8478-D5B5BED6C6F9}
		{036CB0B5-85ED-4D69-BB20-FF22376E49B3} = {C1032714-5106-4802-8478-D5B5BED6C6F9}
		{B22845F7-0792-4D14-BE86-AB1A9A383C4D} = {C1032714-5106-4802-8478-D5B5BED6C6F9}
		{E1CA12D8-3F1B-4B64-9AE7-BE98355A9AFB} = {C1032714-5106-4802-8478-D5B5BED6C6F9}
		{B1501452-5519-46AE-9656-787056C5B75A} = {C1032714-5106-4802-8478-D5B5BED6C6F9}
		{91A0BC13-400B-4A00-881C-5D0CF464546A} = {C1032714-5106-4802-8478-D5B5BED6C6F9}
		{A8E35A66-3111-4CD5-BF96-39718F374FDA} = {73ABA4C1-BBE6-4E2A-B441-E71130A7BD5E}
		{49D40FB6-46BF-4974-812C-A7DCDD49FED6} = {73ABA4C1-BBE6-4E2A-B441-E71130A7BD5E}
		{18CD5314-9C93-4644-A62A-C37C63BB5F7A} = {73ABA4C1-BBE6-4E2A-B441-E71130A7BD5E}
		{E78F1DAA-2B61-4289-9FB0-931595676CAC} = {37E8BF48-8472-4B9F-ACA4-E5469A3C6264}
		{5371AAF4-FC37-438B-A25C-2E55BC8521F5} = {BC6E70B8-FD06-4447-B85E-BC8D046AF935}
		{F975D1C0-2602-4454-BD56-C886AFF39FA0} = {37E8BF48-8472-4B9F-ACA4-E5469A3C6264}
		{8618357D-81FB-40FD-9438-22675F0B56EE} = {37E8BF48-8472-4B9F-ACA4-E5469A3C6264}
		{6D76FCAB-0BA0-9AA8-8BF7-B1553FFD6B78} = {643AB7F1-C5E4-44B0-8A20-BE2497DACE12}
		{EF00ED74-4138-4F21-8B2D-0AF56BA38D7E} = {6D76FCAB-0BA0-9AA8-8BF7-B1553FFD6B78}
		{D9C599FD-E712-F870-E655-25B62B0D2D5B} = {536B1FD5-B1FC-4036-91F5-2B856FCE2E13}
		{80ACC1C1-2D19-4336-9B9C-6F849E625C82} = {D9C599FD-E712-F870-E655-25B62B0D2D5B}
	EndGlobalSection
	GlobalSection(ExtensibilityGlobals) = postSolution
		SolutionGuid = {3D841270-CDF7-46C1-A7D5-B6620E565FC5}
	EndGlobalSection
EndGlobal
