
Microsoft Visual Studio Solution File, Format Version 12.00
# Visual Studio Version 18
VisualStudioVersion = 18.4.11612.150
MinimumVisualStudioVersion = 10.0.40219.1
Project("{2150E333-8FDC-42A3-9474-1A3956D46DE8}") = "Client", "Client", "{AF0D4328-2A6C-48E0-A5C2-28156F241D79}"
EndProject
Project("{2150E333-8FDC-42A3-9474-1A3956D46DE8}") = "1 First Steps", "1 First Steps", "{D39A1268-8936-49B1-A4B8-F67F7C824B4B}"
EndProject
Project("{2150E333-8FDC-42A3-9474-1A3956D46DE8}") = "2 Data Access", "2 Data Access", "{4250E68B-4ED7-483C-B712-BA3809E70BF3}"
EndProject
Project("{2150E333-8FDC-42A3-9474-1A3956D46DE8}") = "3 Alarm Conditions", "3 Alarm Conditions", "{413BF069-DC5C-452D-9303-D64C18EC0E4A}"
EndProject
Project("{2150E333-8FDC-42A3-9474-1A3956D46DE8}") = "4 Historical Data", "4 Historical Data", "{0B221B83-2DC5-4890-BD5C-D14A13CE7EDF}"
EndProject
Project("{2150E333-8FDC-42A3-9474-1A3956D46DE8}") = "5 Complexe Datatypes", "5 Complexe Datatypes", "{87153AF7-C265-4AC9-8F2B-AD014B0EB7FB}"
EndProject
Project("{2150E333-8FDC-42A3-9474-1A3956D46DE8}") = "CSharp", "CSharp", "{643AB7F1-C5E4-44B0-8A20-BE2497DACE12}"
EndProject
Project("{9A19103F-16F7-4668-BE54-9A1E7A4F7556}") = "11_Discover_Server", "Client\CSharp\1 First Steps\11_Discover_Server\11_Discover_Server.csproj", "{8E8115B1-9485-4F33-A51C-D396315EA91A}"
EndProject
Project("{9A19103F-16F7-4668-BE54-9A1E7A4F7556}") = "12_Connect_Endpoint", "Client\CSharp\1 First Steps\12_Connect_Endpoint\12_Connect_Endpoint.csproj", "{A6C05796-2AAE-4805-8579-7541D377F841}"
EndProject
Project("{9A19103F-16F7-4668-BE54-9A1E7A4F7556}") = "13_Connect_with_User_Auth", "Client\CSharp\1 First Steps\13_Connect_with_User_Auth\13_Connect_with_User_Auth.csproj", "{66AC3902-844F-4FE8-A29C-19AAEAD1E798}"
EndProject
Project("{9A19103F-16F7-4668-BE54-9A1E7A4F7556}") = "14_Connect_with_Cert_Auth", "Client\CSharp\1 First Steps\14_Connect_with_Cert_Auth\14_Connect_with_Cert_Auth.csproj", "{78FDD891-8330-4084-BE5C-60552207FEF6}"
EndProject
Project("{9A19103F-16F7-4668-BE54-9A1E7A4F7556}") = "15_Browse_by_NodeId", "Client\CSharp\1 First Steps\15_Browse_by_NodeId\15_Browse_by_NodeId.csproj", "{73AAB358-2458-443E-9CE8-F89A7FD4F563}"
EndProject
Project("{9A19103F-16F7-4668-BE54-9A1E7A4F7556}") = "16_Browse_by_Path", "Client\CSharp\1 First Steps\16_Browse_by_Path\16_Browse_by_Path.csproj", "{CBB34CA1-06D8-4A13-9C8D-742E09734314}"
EndProject
Project("{9A19103F-16F7-4668-BE54-9A1E7A4F7556}") = "22_DA_Read_Write_by_Path", "Client\CSharp\2 Data Access\22_DA_Read_Write_by_Path\22_DA_Read_Write_by_Path.csproj", "{E0D41E26-3362-4287-AE40-A4667D189907}"
EndProject
Project("{9A19103F-16F7-4668-BE54-9A1E7A4F7556}") = "23_DA_Monitoring_Items", "Client\CSharp\2 Data Access\23_DA_Monitoring_Items\23_DA_Monitoring_Items.csproj", "{53012766-C12F-430E-A2E1-6F98EDEEEA32}"
EndProject
Project("{9A19103F-16F7-4668-BE54-9A1E7A4F7556}") = "24_Simple_Method_Calls", "Client\CSharp\2 Data Access\24_Simple_Method_Calls\24_Simple_Method_Calls.csproj", "{E7462AAE-5CB9-46BC-86DF-D474B76C8918}"
EndProject
Project("{9A19103F-16F7-4668-BE54-9A1E7A4F7556}") = "25_Advanced_Calls_with_Structs", "Client\CSharp\2 Data Access\25_Advanced_Calls_with_Structs\25_Advanced_Calls_with_Structs.csproj", "{FC6F3D67-F99A-42B7-BD55-FFC0446B3DE8}"
EndProject
Project("{9A19103F-16F7-4668-BE54-9A1E7A4F7556}") = "26_Read_Attributes", "Client\CSharp\2 Data Access\26_Read_Attributes\26_Read_Attributes.csproj", "{3F9CA786-9C14-44EA-9160-95061BC65D7A}"
EndProject
Project("{9A19103F-16F7-4668-BE54-9A1E7A4F7556}") = "27_Registered_Read_Write", "Client\CSharp\2 Data Access\27_Registered_Read_Write\27_Registered_Read_Write.csproj", "{1B91ACD3-E335-43F3-8FAE-E263862B693C}"
EndProject
Project("{9A19103F-16F7-4668-BE54-9A1E7A4F7556}") = "31_Incoming_Alarms", "Client\CSharp\3 Alarm Conditions\31_Incoming_Alarms\31_Incoming_Alarms.csproj", "{BD83107F-566C-42AC-A645-F50A3B844065}"
EndProject
Project("{9A19103F-16F7-4668-BE54-9A1E7A4F7556}") = "32_Alarm_List", "Client\CSharp\3 Alarm Conditions\32_Alarm_List\32_Alarm_List.csproj", "{34816F83-D8F7-4A0E-A986-4865BD3E9439}"
EndProject
Project("{9A19103F-16F7-4668-BE54-9A1E7A4F7556}") = "33_Alarm_Conditions", "Client\CSharp\3 Alarm Conditions\33_Alarm_Conditions\33_Alarm_Conditions.csproj", "{757CD1A3-C99D-4BA4-A7DE-07E478580D9C}"
EndProject
Project("{9A19103F-16F7-4668-BE54-9A1E7A4F7556}") = "41_Historical_Data", "Client\CSharp\4 Historical Data\41_Historical_Data\41_Historical_Data.csproj", "{5A81C5BC-6E9B-46FA-A617-884CBB4551D7}"
EndProject
Project("{9A19103F-16F7-4668-BE54-9A1E7A4F7556}") = "42_Read_Historical_Events", "Client\CSharp\4 Historical Data\42_Read_Historical _Events\42_Read_Historical_Events.csproj", "{93B7DBDE-2564-4818-9FF8-2DF76E6219BD}"
EndProject
Project("{9A19103F-16F7-4668-BE54-9A1E7A4F7556}") = "43_Monitoring_Historical_Events", "Client\CSharp\4 Historical Data\43_Monitoring_Historical_Events\43_Monitoring_Historical_Events.csproj", "{1E1FFA16-57A9-414E-A9C1-A0B37B55D727}"
EndProject
Project("{9A19103F-16F7-4668-BE54-9A1E7A4F7556}") = "51_Complexe_Types", "Client\CSharp\5 Complexe Datatypes\51_Complexe_Types\51_Complexe_Types.csproj", "{178B6B01-D407-4EC0-9B0A-FD7DE518BA74}"
EndProject
Project("{9A19103F-16F7-4668-BE54-9A1E7A4F7556}") = "21_DA_Read_Write_by_NodeId", "Client\CSharp\2 Data Access\21_DA_Read_Write_by_NodeId\21_DA_Read_Write_by_NodeId.csproj", "{B5B2D6A0-229E-4AF2-81B4-57DC4903967A}"
EndProject
Project("{2150E333-8FDC-42A3-9474-1A3956D46DE8}") = "VisualBasic", "VisualBasic", "{536B1FD5-B1FC-4036-91F5-2B856FCE2E13}"
EndProject
Project("{2150E333-8FDC-42A3-9474-1A3956D46DE8}") = "1 First Steps", "1 First Steps", "{7A110B2D-F2D7-4189-9F95-F686DCEEE26D}"
EndProject
Project("{2150E333-8FDC-42A3-9474-1A3956D46DE8}") = "2 Data Access", "2 Data Access", "{C1032714-5106-4802-8478-D5B5BED6C6F9}"
EndProject
Project("{2150E333-8FDC-42A3-9474-1A3956D46DE8}") = "3 Alarm Conditions", "3 Alarm Conditions", "{73ABA4C1-BBE6-4E2A-B441-E71130A7BD5E}"
EndProject
Project("{2150E333-8FDC-42A3-9474-1A3956D46DE8}") = "4 Historical Data", "4 Historical Data", "{37E8BF48-8472-4B9F-ACA4-E5469A3C6264}"
EndProject
Project("{2150E333-8FDC-42A3-9474-1A3956D46DE8}") = "5 Complexe Datatypes", "5 Complexe Datatypes", "{BC6E70B8-FD06-4447-B85E-BC8D046AF935}"
EndProject
Project("{778DAE3C-4631-46EA-AA77-85C1314464D9}") = "11_Discover_Server", "Client\VisualBasic\1 First Steps\11_Discover_Server\11_Discover_Server.vbproj", "{2FE07C70-7ACC-4397-B41F-B9BECD96FF72}"
EndProject
Project("{778DAE3C-4631-46EA-AA77-85C1314464D9}") = "12_Connect_Endpoint", "Client\VisualBasic\1 First Steps\12_Connect_Endpoint\12_Connect_Endpoint.vbproj", "{14448FF8-2E5B-4294-93BC-FDCD2CC9995C}"
EndProject
Project("{778DAE3C-4631-46EA-AA77-85C1314464D9}") = "13_Connect_with_User_Auth", "Client\VisualBasic\1 First Steps\13_Connect_with_User_Auth\13_Connect_with_User_Auth.vbproj", "{D68154DF-96A7-4226-8B9A-DC56A3697AA8}"
EndProject
Project("{778DAE3C-4631-46EA-AA77-85C1314464D9}") = "14_Connect_with_Cert_Auth", "Client\VisualBasic\1 First Steps\14_Connect_with_Cert_Auth\14_Connect_with_Cert_Auth.vbproj", "{4CEDB080-2137-411E-B6FA-7A5C142FD3CB}"
EndProject
Project("{778DAE3C-4631-46EA-AA77-85C1314464D9}") = "15_Browse_by_NodeId", "Client\VisualBasic\1 First Steps\15_Browse_by_NodeId\15_Browse_by_NodeId.vbproj", "{7C7D6F77-8191-43F5-A866-AA1D81C6A1D2}"
EndProject
Project("{778DAE3C-4631-46EA-AA77-85C1314464D9}") = "16_Browse_by_Path", "Client\VisualBasic\1 First Steps\16_Browse_by_Path\16_Browse_by_Path.vbproj", "{9B4B3CE1-8E31-4EF7-A107-0F29CBF96271}"
EndProject
Project("{778DAE3C-4631-46EA-AA77-85C1314464D9}") = "21_DA_Read_Write_by_NodeId", "Client\VisualBasic\2 Data Access\21_DA_Read_Write_by_NodeId\21_DA_Read_Write_by_NodeId.vbproj", "{594EA773-C10A-4701-BDE3-D56329DEA928}"
EndProject
Project("{778DAE3C-4631-46EA-AA77-85C1314464D9}") = "22_DA_Read_Write_by_Path", "Client\VisualBasic\2 Data Access\22_DA_Read_Write_by_Path\22_DA_Read_Write_by_Path.vbproj", "{A700F3B0-E7BE-4EED-9DDB-0EF62896A71B}"
EndProject
Project("{778DAE3C-4631-46EA-AA77-85C1314464D9}") = "23_DA_Monitoring_Items", "Client\VisualBasic\2 Data Access\23_DA_Monitoring_Items\23_DA_Monitoring_Items.vbproj", "{036CB0B5-85ED-4D69-BB20-FF22376E49B3}"
EndProject
Project("{778DAE3C-4631-46EA-AA77-85C1314464D9}") = "24_Simple_Method_Calls", "Client\VisualBasic\2 Data Access\24_Simple_Method_Calls\24_Simple_Method_Calls.vbproj", "{B22845F7-0792-4D14-BE86-AB1A9A383C4D}"
EndProject
Project("{778DAE3C-4631-46EA-AA77-85C1314464D9}") = "25_Advanced_Calls_with_Structs", "Client\VisualBasic\2 Data Access\25_Advanced_Calls_with_Structs\25_Advanced_Calls_with_Structs.vbproj", "{E1CA12D8-3F1B-4B64-9AE7-BE98355A9AFB}"
EndProject
Project("{778DAE3C-4631-46EA-AA77-85C1314464D9}") = "26_Read_Attributes", "Client\VisualBasic\2 Data Access\26_Read_Attributes\26_Read_Attributes.vbproj", "{B1501452-5519-46AE-9656-787056C5B75A}"
EndProject
Project("{778DAE3C-4631-46EA-AA77-85C1314464D9}") = "27_Registered_Read_Write", "Client\VisualBasic\2 Data Access\27_Registered_Read_Write\27_Registered_Read_Write.vbproj", "{91A0BC13-400B-4A00-881C-5D0CF464546A}"
EndProject
Project("{778DAE3C-4631-46EA-AA77-85C1314464D9}") = "31_Incoming_Alarms", "Client\VisualBasic\3 Alarm Conditions\31_Incoming_Alarms\31_Incoming_Alarms.vbproj", "{A8E35A66-3111-4CD5-BF96-39718F374FDA}"
EndProject
Project("{778DAE3C-4631-46EA-AA77-85C1314464D9}") = "32_Alarm_List", "Client\VisualBasic\3 Alarm Conditions\32_Alarm_List\32_Alarm_List.vbproj", "{49D40FB6-46BF-4974-812C-A7DCDD49FED6}"
EndProject
Project("{778DAE3C-4631-46EA-AA77-85C1314464D9}") = "33_Alarm_Conditions", "Client\VisualBasic\3 Alarm Conditions\33_Alarm_Conditions\33_Alarm_Conditions.vbproj", "{18CD5314-9C93-4644-A62A-C37C63BB5F7A}"
EndProject
Project("{778DAE3C-4631-46EA-AA77-85C1314464D9}") = "41_Historical_Data", "Client\VisualBasic\4 Historical Data\41_Historical_Data\41_Historical_Data.vbproj", "{E78F1DAA-2B61-4289-9FB0-931595676CAC}"
EndProject
Project("{778DAE3C-4631-46EA-AA77-85C1314464D9}") = "51_Complexe_Types", "Client\VisualBasic\5 Historical Events\51_Complexe_Types\51_Complexe_Types.vbproj", "{5371AAF4-FC37-438B-A25C-2E55BC8521F5}"
EndProject
Project("{778DAE3C-4631-46EA-AA77-85C1314464D9}") = "42_Read_Historical_Events", "Client\VisualBasic\4 Historical Data\42_Read_Historical _Events\42_Read_Historical_Events.vbproj", "{F975D1C0-2602-4454-BD56-C886AFF39FA0}"
EndProject
Project("{778DAE3C-4631-46EA-AA77-85C1314464D9}") = "43_Monitor_Hist_Events", "Client\VisualBasic\4 Historical Data\43_Monitoring_Historical_Events\43_Monitor_Hist_Events.vbproj", "{8618357D-81FB-40FD-9438-22675F0B56EE}"
EndProject
Project("{2150E333-8FDC-42A3-9474-1A3956D46DE8}") = "6 Simple Events", "6 Simple Events", "{6D76FCAB-0BA0-9AA8-8BF7-B1553FFD6B78}"
EndProject
Project("{FAE04EC0-301F-11D3-BF4B-00C04F79EFBC}") = "61_Simple_Events", "Client\CSharp\6 Simple Events\61_Simple_Events\61_Simple_Events.csproj", "{EF00ED74-4138-4F21-8B2D-0AF56BA38D7E}"
EndProject
Project("{2150E333-8FDC-42A3-9474-1A3956D46DE8}") = "6 Simple Events", "6 Simple Events", "{D9C599FD-E712-F870-E655-25B62B0D2D5B}"
EndProject
Project("{F184B08F-C81C-45F6-A57F-5ABD9991F28F}") = "61_Simple_Events", "Client\VisualBasic\6 Simple Events\61_Simple_Events\61_Simple_Events.vbproj", "{80ACC1C1-2D19-4336-9B9C-6F849E625C82}"
EndProject
Project("{2150E333-8FDC-42A3-9474-1A3956D46DE8}") = "Server", "Server", "{CD18D9A6-9E33-45B6-90F1-21BCB4DFB057}"
EndProject
Project("{2150E333-8FDC-42A3-9474-1A3956D46DE8}") = "CSharp", "CSharp", "{6D692385-7559-410D-BB5E-AA5C194FAFE2}"
EndProject
Project("{2150E333-8FDC-42A3-9474-1A3956D46DE8}") = "VisualBasic", "VisualBasic", "{8C48A274-A33B-4404-9FBF-8073C9BF0397}"
EndProject
Project("{2150E333-8FDC-42A3-9474-1A3956D46DE8}") = "1 First Steps", "1 First Steps", "{050CC5A4-F990-461B-8E65-33DE71CF625D}"
EndProject
Project("{2150E333-8FDC-42A3-9474-1A3956D46DE8}") = "1 First Steps", "1 First Steps", "{FC1BC405-26AB-45D2-ADD4-2D2E3D4AE57E}"
EndProject
Project("{2150E333-8FDC-42A3-9474-1A3956D46DE8}") = "2 Alarms and Events", "2 Alarms and Events", "{40FB3732-29DB-4741-AD44-A5FDDF811EF2}"
EndProject
Project("{2150E333-8FDC-42A3-9474-1A3956D46DE8}") = "2 Alarms and Events", "2 Alarms and Events", "{508E9C00-23EA-4C8D-82B6-61CC51598481}"
EndProject
Project("{2150E333-8FDC-42A3-9474-1A3956D46DE8}") = "3 Historical Data", "3 Historical Data", "{2B0B4FED-F251-42A8-8833-3748FE3B5953}"
EndProject
Project("{2150E333-8FDC-42A3-9474-1A3956D46DE8}") = "3 Historical Data", "3 Historical Data", "{CAD432E2-36B6-478B-B1C1-7AA017945EBE}"
EndProject
Project("{2150E333-8FDC-42A3-9474-1A3956D46DE8}") = "4 NodeSet Import", "4 NodeSet Import", "{4F4BD2BB-4D2B-4264-84EE-E81812F90ACC}"
EndProject
Project("{2150E333-8FDC-42A3-9474-1A3956D46DE8}") = "4 NodeSet Import", "4 NodeSet Import", "{15D60C04-DC63-4A2D-8176-B913294EB955}"
EndProject
Project("{2150E333-8FDC-42A3-9474-1A3956D46DE8}") = "5 Logging", "5 Logging", "{B075309E-7167-4936-83CC-E950D83B3C01}"
EndProject
Project("{2150E333-8FDC-42A3-9474-1A3956D46DE8}") = "5 Logging", "5 Logging", "{7A3F71B7-6395-4346-89BE-547D1B5FB60A}"
EndProject
Project("{2150E333-8FDC-42A3-9474-1A3956D46DE8}") = "6 Reverse Connect", "6 Reverse Connect", "{136E0693-051D-449C-8EB8-FCF1DCC3FFF6}"
EndProject
Project("{2150E333-8FDC-42A3-9474-1A3956D46DE8}") = "6 Reverse Connect", "6 Reverse Connect", "{200F7C1C-2689-44EB-BB6E-CBAB4AA6B2B5}"
EndProject
Project("{FAE04EC0-301F-11D3-BF4B-00C04F79EFBC}") = "11_Simple_Server", "Server\CSharp\1 First Steps\11_Simple_Server\11_Simple_Server.csproj", "{D24C22EC-7DD4-04B5-4F78-C1996C99A738}"
EndProject
Project("{FAE04EC0-301F-11D3-BF4B-00C04F79EFBC}") = "12_Security_Endpoints", "Server\CSharp\1 First Steps\12_Security_Endpoints\12_Security_Endpoints.csproj", "{1EC1BA06-205A-4813-55A8-F93B40255183}"
EndProject
Project("{FAE04EC0-301F-11D3-BF4B-00C04F79EFBC}") = "13_Methods", "Server\CSharp\1 First Steps\13_Methods\13_Methods.csproj", "{F4A95B1C-0970-D738-1C11-7E0E8ACE530E}"
EndProject
Project("{FAE04EC0-301F-11D3-BF4B-00C04F79EFBC}") = "14_Custom_Types", "Server\CSharp\1 First Steps\14_Custom_Types\14_Custom_Types.csproj", "{9EA89291-BD15-DCE8-BF6C-E71101430D2E}"
EndProject
Project("{FAE04EC0-301F-11D3-BF4B-00C04F79EFBC}") = "15_Properties", "Server\CSharp\1 First Steps\15_Properties\15_Properties.csproj", "{24AD7116-E6CB-E561-3F9F-4B9DE116C69B}"
EndProject
Project("{FAE04EC0-301F-11D3-BF4B-00C04F79EFBC}") = "16_OnRead_OnWrite", "Server\CSharp\1 First Steps\16_OnRead_OnWrite\16_OnRead_OnWrite.csproj", "{DE65FF72-FD17-8598-05E4-C9539AB15C68}"
EndProject
Project("{FAE04EC0-301F-11D3-BF4B-00C04F79EFBC}") = "17_Multiple_Namespaces", "Server\CSharp\1 First Steps\17_Multiple_Namespaces\17_Multiple_Namespaces.csproj", "{239950A1-CEDB-B483-9AD8-0CD3F5407BFE}"
EndProject
Project("{FAE04EC0-301F-11D3-BF4B-00C04F79EFBC}") = "18_Complex_Types", "Server\CSharp\1 First Steps\18_Complex_Types\18_Complex_Types.csproj", "{503382A0-8CCE-5F28-3277-3A5CFEC0F564}"
EndProject
Project("{FAE04EC0-301F-11D3-BF4B-00C04F79EFBC}") = "19_Dynamic_Nodes", "Server\CSharp\1 First Steps\19_Dynamic_Nodes\19_Dynamic_Nodes.csproj", "{B0103A86-DAF2-DCD9-48AC-C0583E2987BB}"
EndProject
Project("{FAE04EC0-301F-11D3-BF4B-00C04F79EFBC}") = "21_Simple_Events", "Server\CSharp\2 Alarms and Events\21_Simple_Events\21_Simple_Events.csproj", "{0D12F4E5-B37F-90B3-7BA2-CFB5E4E303E4}"
EndProject
Project("{FAE04EC0-301F-11D3-BF4B-00C04F79EFBC}") = "22_Alarm_Conditions", "Server\CSharp\2 Alarms and Events\22_Alarm_Conditions\22_Alarm_Conditions.csproj", "{B625D7E0-C15B-D3A1-B092-67E84D38C573}"
EndProject
Project("{FAE04EC0-301F-11D3-BF4B-00C04F79EFBC}") = "31_Historical_Access", "Server\CSharp\3 Historical Data\31_Historical_Access\31_Historical_Access.csproj", "{FDE18997-19BB-55FA-C62F-C04D7AE81642}"
EndProject
Project("{FAE04EC0-301F-11D3-BF4B-00C04F79EFBC}") = "41_NodeSet_Import", "Server\CSharp\4 NodeSet Import\41_NodeSet_Import\41_NodeSet_Import.csproj", "{E2897946-7505-C3D4-9920-7EB007A8DAC3}"
EndProject
Project("{FAE04EC0-301F-11D3-BF4B-00C04F79EFBC}") = "51_Logging", "Server\CSharp\5 Logging\51_Logging\51_Logging.csproj", "{8BFB3725-CFE3-5C4D-BAE2-259D24F5FFAB}"
EndProject
Project("{FAE04EC0-301F-11D3-BF4B-00C04F79EFBC}") = "61_Reverse_Connect", "Server\CSharp\6 Reverse Connect\61_Reverse_Connect\61_Reverse_Connect.csproj", "{D15241ED-6443-EC37-6100-B46A724522FE}"
EndProject
Project("{F184B08F-C81C-45F6-A57F-5ABD9991F28F}") = "11_Simple_Server", "Server\VisualBasic\1 First Steps\11_Simple_Server\11_Simple_Server.vbproj", "{CF5BB1A1-893C-1C7C-4E52-4E7BE6BED2DC}"
EndProject
Project("{F184B08F-C81C-45F6-A57F-5ABD9991F28F}") = "12_Security_Endpoints", "Server\VisualBasic\1 First Steps\12_Security_Endpoints\12_Security_Endpoints.vbproj", "{FA22859A-761E-7A75-701B-F538BBA6FFD5}"
EndProject
Project("{F184B08F-C81C-45F6-A57F-5ABD9991F28F}") = "13_Methods", "Server\VisualBasic\1 First Steps\13_Methods\13_Methods.vbproj", "{160BA908-515C-8447-943F-B509840BB017}"
EndProject
Project("{F184B08F-C81C-45F6-A57F-5ABD9991F28F}") = "14_Custom_Types", "Server\VisualBasic\1 First Steps\14_Custom_Types\14_Custom_Types.vbproj", "{359E12DF-3891-A7FC-C0B3-C05DBFEB5EBE}"
EndProject
Project("{F184B08F-C81C-45F6-A57F-5ABD9991F28F}") = "15_Properties", "Server\VisualBasic\1 First Steps\15_Properties\15_Properties.vbproj", "{C6BE1F87-CA51-24F1-A918-DE9935C66C89}"
EndProject
Project("{F184B08F-C81C-45F6-A57F-5ABD9991F28F}") = "16_OnRead_OnWrite", "Server\VisualBasic\1 First Steps\16_OnRead_OnWrite\16_OnRead_OnWrite.vbproj", "{9C1C0365-D305-63DE-B853-79A24FBE29DF}"
EndProject
Project("{F184B08F-C81C-45F6-A57F-5ABD9991F28F}") = "17_Multiple_Namespaces", "Server\VisualBasic\1 First Steps\17_Multiple_Namespaces\17_Multiple_Namespaces.vbproj", "{8C4F897F-1F71-A69F-92C3-F94B5A1E5599}"
EndProject
Project("{F184B08F-C81C-45F6-A57F-5ABD9991F28F}") = "18_Complex_Types", "Server\VisualBasic\1 First Steps\18_Complex_Types\18_Complex_Types.vbproj", "{092C3AD5-10F6-3AE0-30C8-0A83D39345CE}"
EndProject
Project("{F184B08F-C81C-45F6-A57F-5ABD9991F28F}") = "19_Dynamic_Nodes", "Server\VisualBasic\1 First Steps\19_Dynamic_Nodes\19_Dynamic_Nodes.vbproj", "{FABB6FCB-761C-D7F7-A574-A9CAC3E98552}"
EndProject
Project("{F184B08F-C81C-45F6-A57F-5ABD9991F28F}") = "21_Simple_Events", "Server\VisualBasic\2 Alarms and Events\21_Simple_Events\21_Simple_Events.vbproj", "{D363A269-0C4B-5434-21A0-BB05187F7660}"
EndProject
Project("{F184B08F-C81C-45F6-A57F-5ABD9991F28F}") = "22_Alarm_Conditions", "Server\VisualBasic\2 Alarms and Events\22_Alarm_Conditions\22_Alarm_Conditions.vbproj", "{CC82B4A1-D276-BE16-F442-D64DC8125DF8}"
EndProject
Project("{F184B08F-C81C-45F6-A57F-5ABD9991F28F}") = "31_Historical_Access", "Server\VisualBasic\3 Historical Data\31_Historical_Access\31_Historical_Access.vbproj", "{E0E3135D-FF96-DED9-ADC4-D6FE9FEADEFA}"
EndProject
Project("{F184B08F-C81C-45F6-A57F-5ABD9991F28F}") = "41_NodeSet_Import", "Server\VisualBasic\4 NodeSet Import\41_NodeSet_Import\41_NodeSet_Import.vbproj", "{0104AA7B-9A83-53D2-6342-BE3D079C870F}"
EndProject
Project("{F184B08F-C81C-45F6-A57F-5ABD9991F28F}") = "51_Logging", "Server\VisualBasic\5 Logging\51_Logging\51_Logging.vbproj", "{0019F6A1-DC20-718B-9EF6-2C7DBB7E146E}"
EndProject
Project("{F184B08F-C81C-45F6-A57F-5ABD9991F28F}") = "61_Reverse_Connect", "Server\VisualBasic\6 Reverse Connect\61_Reverse_Connect\61_Reverse_Connect.vbproj", "{9DC2557F-DB3F-DF8A-E534-C27B37182DBC}"
EndProject
Global
	GlobalSection(SolutionConfigurationPlatforms) = preSolution
		Debug|Any CPU = Debug|Any CPU
		Debug|x64 = Debug|x64
		Debug|x86 = Debug|x86
		Release|Any CPU = Release|Any CPU
		Release|x64 = Release|x64
		Release|x86 = Release|x86
	EndGlobalSection
	GlobalSection(ProjectConfigurationPlatforms) = postSolution
		{8E8115B1-9485-4F33-A51C-D396315EA91A}.Debug|Any CPU.ActiveCfg = Debug|Any CPU
		{8E8115B1-9485-4F33-A51C-D396315EA91A}.Debug|Any CPU.Build.0 = Debug|Any CPU
		{8E8115B1-9485-4F33-A51C-D396315EA91A}.Debug|x64.ActiveCfg = Debug|Any CPU
		{8E8115B1-9485-4F33-A51C-D396315EA91A}.Debug|x64.Build.0 = Debug|Any CPU
		{8E8115B1-9485-4F33-A51C-D396315EA91A}.Debug|x86.ActiveCfg = Debug|Any CPU
		{8E8115B1-9485-4F33-A51C-D396315EA91A}.Debug|x86.Build.0 = Debug|Any CPU
		{8E8115B1-9485-4F33-A51C-D396315EA91A}.Release|Any CPU.ActiveCfg = Release|Any CPU
		{8E8115B1-9485-4F33-A51C-D396315EA91A}.Release|Any CPU.Build.0 = Release|Any CPU
		{8E8115B1-9485-4F33-A51C-D396315EA91A}.Release|x64.ActiveCfg = Release|Any CPU
		{8E8115B1-9485-4F33-A51C-D396315EA91A}.Release|x64.Build.0 = Release|Any CPU
		{8E8115B1-9485-4F33-A51C-D396315EA91A}.Release|x86.ActiveCfg = Release|Any CPU
		{8E8115B1-9485-4F33-A51C-D396315EA91A}.Release|x86.Build.0 = Release|Any CPU
		{A6C05796-2AAE-4805-8579-7541D377F841}.Debug|Any CPU.ActiveCfg = Debug|Any CPU
		{A6C05796-2AAE-4805-8579-7541D377F841}.Debug|Any CPU.Build.0 = Debug|Any CPU
		{A6C05796-2AAE-4805-8579-7541D377F841}.Debug|x64.ActiveCfg = Debug|Any CPU
		{A6C05796-2AAE-4805-8579-7541D377F841}.Debug|x64.Build.0 = Debug|Any CPU
		{A6C05796-2AAE-4805-8579-7541D377F841}.Debug|x86.ActiveCfg = Debug|Any CPU
		{A6C05796-2AAE-4805-8579-7541D377F841}.Debug|x86.Build.0 = Debug|Any CPU
		{A6C05796-2AAE-4805-8579-7541D377F841}.Release|Any CPU.ActiveCfg = Release|Any CPU
		{A6C05796-2AAE-4805-8579-7541D377F841}.Release|Any CPU.Build.0 = Release|Any CPU
		{A6C05796-2AAE-4805-8579-7541D377F841}.Release|x64.ActiveCfg = Release|Any CPU
		{A6C05796-2AAE-4805-8579-7541D377F841}.Release|x64.Build.0 = Release|Any CPU
		{A6C05796-2AAE-4805-8579-7541D377F841}.Release|x86.ActiveCfg = Release|Any CPU
		{A6C05796-2AAE-4805-8579-7541D377F841}.Release|x86.Build.0 = Release|Any CPU
		{66AC3902-844F-4FE8-A29C-19AAEAD1E798}.Debug|Any CPU.ActiveCfg = Debug|Any CPU
		{66AC3902-844F-4FE8-A29C-19AAEAD1E798}.Debug|Any CPU.Build.0 = Debug|Any CPU
		{66AC3902-844F-4FE8-A29C-19AAEAD1E798}.Debug|x64.ActiveCfg = Debug|Any CPU
		{66AC3902-844F-4FE8-A29C-19AAEAD1E798}.Debug|x64.Build.0 = Debug|Any CPU
		{66AC3902-844F-4FE8-A29C-19AAEAD1E798}.Debug|x86.ActiveCfg = Debug|Any CPU
		{66AC3902-844F-4FE8-A29C-19AAEAD1E798}.Debug|x86.Build.0 = Debug|Any CPU
		{66AC3902-844F-4FE8-A29C-19AAEAD1E798}.Release|Any CPU.ActiveCfg = Release|Any CPU
		{66AC3902-844F-4FE8-A29C-19AAEAD1E798}.Release|Any CPU.Build.0 = Release|Any CPU
		{66AC3902-844F-4FE8-A29C-19AAEAD1E798}.Release|x64.ActiveCfg = Release|Any CPU
		{66AC3902-844F-4FE8-A29C-19AAEAD1E798}.Release|x64.Build.0 = Release|Any CPU
		{66AC3902-844F-4FE8-A29C-19AAEAD1E798}.Release|x86.ActiveCfg = Release|Any CPU
		{66AC3902-844F-4FE8-A29C-19AAEAD1E798}.Release|x86.Build.0 = Release|Any CPU
		{78FDD891-8330-4084-BE5C-60552207FEF6}.Debug|Any CPU.ActiveCfg = Debug|Any CPU
		{78FDD891-8330-4084-BE5C-60552207FEF6}.Debug|Any CPU.Build.0 = Debug|Any CPU
		{78FDD891-8330-4084-BE5C-60552207FEF6}.Debug|x64.ActiveCfg = Debug|Any CPU
		{78FDD891-8330-4084-BE5C-60552207FEF6}.Debug|x64.Build.0 = Debug|Any CPU
		{78FDD891-8330-4084-BE5C-60552207FEF6}.Debug|x86.ActiveCfg = Debug|Any CPU
		{78FDD891-8330-4084-BE5C-60552207FEF6}.Debug|x86.Build.0 = Debug|Any CPU
		{78FDD891-8330-4084-BE5C-60552207FEF6}.Release|Any CPU.ActiveCfg = Release|Any CPU
		{78FDD891-8330-4084-BE5C-60552207FEF6}.Release|Any CPU.Build.0 = Release|Any CPU
		{78FDD891-8330-4084-BE5C-60552207FEF6}.Release|x64.ActiveCfg = Release|Any CPU
		{78FDD891-8330-4084-BE5C-60552207FEF6}.Release|x64.Build.0 = Release|Any CPU
		{78FDD891-8330-4084-BE5C-60552207FEF6}.Release|x86.ActiveCfg = Release|Any CPU
		{78FDD891-8330-4084-BE5C-60552207FEF6}.Release|x86.Build.0 = Release|Any CPU
		{73AAB358-2458-443E-9CE8-F89A7FD4F563}.Debug|Any CPU.ActiveCfg = Debug|Any CPU
		{73AAB358-2458-443E-9CE8-F89A7FD4F563}.Debug|Any CPU.Build.0 = Debug|Any CPU
		{73AAB358-2458-443E-9CE8-F89A7FD4F563}.Debug|x64.ActiveCfg = Debug|Any CPU
		{73AAB358-2458-443E-9CE8-F89A7FD4F563}.Debug|x64.Build.0 = Debug|Any CPU
		{73AAB358-2458-443E-9CE8-F89A7FD4F563}.Debug|x86.ActiveCfg = Debug|Any CPU
		{73AAB358-2458-443E-9CE8-F89A7FD4F563}.Debug|x86.Build.0 = Debug|Any CPU
		{73AAB358-2458-443E-9CE8-F89A7FD4F563}.Release|Any CPU.ActiveCfg = Release|Any CPU
		{73AAB358-2458-443E-9CE8-F89A7FD4F563}.Release|Any CPU.Build.0 = Release|Any CPU
		{73AAB358-2458-443E-9CE8-F89A7FD4F563}.Release|x64.ActiveCfg = Release|Any CPU
		{73AAB358-2458-443E-9CE8-F89A7FD4F563}.Release|x64.Build.0 = Release|Any CPU
		{73AAB358-2458-443E-9CE8-F89A7FD4F563}.Release|x86.ActiveCfg = Release|Any CPU
		{73AAB358-2458-443E-9CE8-F89A7FD4F563}.Release|x86.Build.0 = Release|Any CPU
		{CBB34CA1-06D8-4A13-9C8D-742E09734314}.Debug|Any CPU.ActiveCfg = Debug|Any CPU
		{CBB34CA1-06D8-4A13-9C8D-742E09734314}.Debug|Any CPU.Build.0 = Debug|Any CPU
		{CBB34CA1-06D8-4A13-9C8D-742E09734314}.Debug|x64.ActiveCfg = Debug|Any CPU
		{CBB34CA1-06D8-4A13-9C8D-742E09734314}.Debug|x64.Build.0 = Debug|Any CPU
		{CBB34CA1-06D8-4A13-9C8D-742E09734314}.Debug|x86.ActiveCfg = Debug|Any CPU
		{CBB34CA1-06D8-4A13-9C8D-742E09734314}.Debug|x86.Build.0 = Debug|Any CPU
		{CBB34CA1-06D8-4A13-9C8D-742E09734314}.Release|Any CPU.ActiveCfg = Release|Any CPU
		{CBB34CA1-06D8-4A13-9C8D-742E09734314}.Release|Any CPU.Build.0 = Release|Any CPU
		{CBB34CA1-06D8-4A13-9C8D-742E09734314}.Release|x64.ActiveCfg = Release|Any CPU
		{CBB34CA1-06D8-4A13-9C8D-742E09734314}.Release|x64.Build.0 = Release|Any CPU
		{CBB34CA1-06D8-4A13-9C8D-742E09734314}.Release|x86.ActiveCfg = Release|Any CPU
		{CBB34CA1-06D8-4A13-9C8D-742E09734314}.Release|x86.Build.0 = Release|Any CPU
		{E0D41E26-3362-4287-AE40-A4667D189907}.Debug|Any CPU.ActiveCfg = Debug|Any CPU
		{E0D41E26-3362-4287-AE40-A4667D189907}.Debug|Any CPU.Build.0 = Debug|Any CPU
		{E0D41E26-3362-4287-AE40-A4667D189907}.Debug|x64.ActiveCfg = Debug|Any CPU
		{E0D41E26-3362-4287-AE40-A4667D189907}.Debug|x64.Build.0 = Debug|Any CPU
		{E0D41E26-3362-4287-AE40-A4667D189907}.Debug|x86.ActiveCfg = Debug|Any CPU
		{E0D41E26-3362-4287-AE40-A4667D189907}.Debug|x86.Build.0 = Debug|Any CPU
		{E0D41E26-3362-4287-AE40-A4667D189907}.Release|Any CPU.ActiveCfg = Release|Any CPU
		{E0D41E26-3362-4287-AE40-A4667D189907}.Release|Any CPU.Build.0 = Release|Any CPU
		{E0D41E26-3362-4287-AE40-A4667D189907}.Release|x64.ActiveCfg = Release|Any CPU
		{E0D41E26-3362-4287-AE40-A4667D189907}.Release|x64.Build.0 = Release|Any CPU
		{E0D41E26-3362-4287-AE40-A4667D189907}.Release|x86.ActiveCfg = Release|Any CPU
		{E0D41E26-3362-4287-AE40-A4667D189907}.Release|x86.Build.0 = Release|Any CPU
		{53012766-C12F-430E-A2E1-6F98EDEEEA32}.Debug|Any CPU.ActiveCfg = Debug|Any CPU
		{53012766-C12F-430E-A2E1-6F98EDEEEA32}.Debug|Any CPU.Build.0 = Debug|Any CPU
		{53012766-C12F-430E-A2E1-6F98EDEEEA32}.Debug|x64.ActiveCfg = Debug|Any CPU
		{53012766-C12F-430E-A2E1-6F98EDEEEA32}.Debug|x64.Build.0 = Debug|Any CPU
		{53012766-C12F-430E-A2E1-6F98EDEEEA32}.Debug|x86.ActiveCfg = Debug|Any CPU
		{53012766-C12F-430E-A2E1-6F98EDEEEA32}.Debug|x86.Build.0 = Debug|Any CPU
		{53012766-C12F-430E-A2E1-6F98EDEEEA32}.Release|Any CPU.ActiveCfg = Release|Any CPU
		{53012766-C12F-430E-A2E1-6F98EDEEEA32}.Release|Any CPU.Build.0 = Release|Any CPU
		{53012766-C12F-430E-A2E1-6F98EDEEEA32}.Release|x64.ActiveCfg = Release|Any CPU
		{53012766-C12F-430E-A2E1-6F98EDEEEA32}.Release|x64.Build.0 = Release|Any CPU
		{53012766-C12F-430E-A2E1-6F98EDEEEA32}.Release|x86.ActiveCfg = Release|Any CPU
		{53012766-C12F-430E-A2E1-6F98EDEEEA32}.Release|x86.Build.0 = Release|Any CPU
		{E7462AAE-5CB9-46BC-86DF-D474B76C8918}.Debug|Any CPU.ActiveCfg = Debug|Any CPU
		{E7462AAE-5CB9-46BC-86DF-D474B76C8918}.Debug|Any CPU.Build.0 = Debug|Any CPU
		{E7462AAE-5CB9-46BC-86DF-D474B76C8918}.Debug|x64.ActiveCfg = Debug|Any CPU
		{E7462AAE-5CB9-46BC-86DF-D474B76C8918}.Debug|x64.Build.0 = Debug|Any CPU
		{E7462AAE-5CB9-46BC-86DF-D474B76C8918}.Debug|x86.ActiveCfg = Debug|Any CPU
		{E7462AAE-5CB9-46BC-86DF-D474B76C8918}.Debug|x86.Build.0 = Debug|Any CPU
		{E7462AAE-5CB9-46BC-86DF-D474B76C8918}.Release|Any CPU.ActiveCfg = Release|Any CPU
		{E7462AAE-5CB9-46BC-86DF-D474B76C8918}.Release|Any CPU.Build.0 = Release|Any CPU
		{E7462AAE-5CB9-46BC-86DF-D474B76C8918}.Release|x64.ActiveCfg = Release|Any CPU
		{E7462AAE-5CB9-46BC-86DF-D474B76C8918}.Release|x64.Build.0 = Release|Any CPU
		{E7462AAE-5CB9-46BC-86DF-D474B76C8918}.Release|x86.ActiveCfg = Release|Any CPU
		{E7462AAE-5CB9-46BC-86DF-D474B76C8918}.Release|x86.Build.0 = Release|Any CPU
		{FC6F3D67-F99A-42B7-BD55-FFC0446B3DE8}.Debug|Any CPU.ActiveCfg = Debug|Any CPU
		{FC6F3D67-F99A-42B7-BD55-FFC0446B3DE8}.Debug|Any CPU.Build.0 = Debug|Any CPU
		{FC6F3D67-F99A-42B7-BD55-FFC0446B3DE8}.Debug|x64.ActiveCfg = Debug|Any CPU
		{FC6F3D67-F99A-42B7-BD55-FFC0446B3DE8}.Debug|x64.Build.0 = Debug|Any CPU
		{FC6F3D67-F99A-42B7-BD55-FFC0446B3DE8}.Debug|x86.ActiveCfg = Debug|Any CPU
		{FC6F3D67-F99A-42B7-BD55-FFC0446B3DE8}.Debug|x86.Build.0 = Debug|Any CPU
		{FC6F3D67-F99A-42B7-BD55-FFC0446B3DE8}.Release|Any CPU.ActiveCfg = Release|Any CPU
		{FC6F3D67-F99A-42B7-BD55-FFC0446B3DE8}.Release|Any CPU.Build.0 = Release|Any CPU
		{FC6F3D67-F99A-42B7-BD55-FFC0446B3DE8}.Release|x64.ActiveCfg = Release|Any CPU
		{FC6F3D67-F99A-42B7-BD55-FFC0446B3DE8}.Release|x64.Build.0 = Release|Any CPU
		{FC6F3D67-F99A-42B7-BD55-FFC0446B3DE8}.Release|x86.ActiveCfg = Release|Any CPU
		{FC6F3D67-F99A-42B7-BD55-FFC0446B3DE8}.Release|x86.Build.0 = Release|Any CPU
		{3F9CA786-9C14-44EA-9160-95061BC65D7A}.Debug|Any CPU.ActiveCfg = Debug|Any CPU
		{3F9CA786-9C14-44EA-9160-95061BC65D7A}.Debug|Any CPU.Build.0 = Debug|Any CPU
		{3F9CA786-9C14-44EA-9160-95061BC65D7A}.Debug|x64.ActiveCfg = Debug|Any CPU
		{3F9CA786-9C14-44EA-9160-95061BC65D7A}.Debug|x64.Build.0 = Debug|Any CPU
		{3F9CA786-9C14-44EA-9160-95061BC65D7A}.Debug|x86.ActiveCfg = Debug|Any CPU
		{3F9CA786-9C14-44EA-9160-95061BC65D7A}.Debug|x86.Build.0 = Debug|Any CPU
		{3F9CA786-9C14-44EA-9160-95061BC65D7A}.Release|Any CPU.ActiveCfg = Release|Any CPU
		{3F9CA786-9C14-44EA-9160-95061BC65D7A}.Release|Any CPU.Build.0 = Release|Any CPU
		{3F9CA786-9C14-44EA-9160-95061BC65D7A}.Release|x64.ActiveCfg = Release|Any CPU
		{3F9CA786-9C14-44EA-9160-95061BC65D7A}.Release|x64.Build.0 = Release|Any CPU
		{3F9CA786-9C14-44EA-9160-95061BC65D7A}.Release|x86.ActiveCfg = Release|Any CPU
		{3F9CA786-9C14-44EA-9160-95061BC65D7A}.Release|x86.Build.0 = Release|Any CPU
		{1B91ACD3-E335-43F3-8FAE-E263862B693C}.Debug|Any CPU.ActiveCfg = Debug|Any CPU
		{1B91ACD3-E335-43F3-8FAE-E263862B693C}.Debug|Any CPU.Build.0 = Debug|Any CPU
		{1B91ACD3-E335-43F3-8FAE-E263862B693C}.Debug|x64.ActiveCfg = Debug|Any CPU
		{1B91ACD3-E335-43F3-8FAE-E263862B693C}.Debug|x64.Build.0 = Debug|Any CPU
		{1B91ACD3-E335-43F3-8FAE-E263862B693C}.Debug|x86.ActiveCfg = Debug|Any CPU
		{1B91ACD3-E335-43F3-8FAE-E263862B693C}.Debug|x86.Build.0 = Debug|Any CPU
		{1B91ACD3-E335-43F3-8FAE-E263862B693C}.Release|Any CPU.ActiveCfg = Release|Any CPU
		{1B91ACD3-E335-43F3-8FAE-E263862B693C}.Release|Any CPU.Build.0 = Release|Any CPU
		{1B91ACD3-E335-43F3-8FAE-E263862B693C}.Release|x64.ActiveCfg = Release|Any CPU
		{1B91ACD3-E335-43F3-8FAE-E263862B693C}.Release|x64.Build.0 = Release|Any CPU
		{1B91ACD3-E335-43F3-8FAE-E263862B693C}.Release|x86.ActiveCfg = Release|Any CPU
		{1B91ACD3-E335-43F3-8FAE-E263862B693C}.Release|x86.Build.0 = Release|Any CPU
		{BD83107F-566C-42AC-A645-F50A3B844065}.Debug|Any CPU.ActiveCfg = Debug|Any CPU
		{BD83107F-566C-42AC-A645-F50A3B844065}.Debug|Any CPU.Build.0 = Debug|Any CPU
		{BD83107F-566C-42AC-A645-F50A3B844065}.Debug|x64.ActiveCfg = Debug|Any CPU
		{BD83107F-566C-42AC-A645-F50A3B844065}.Debug|x64.Build.0 = Debug|Any CPU
		{BD83107F-566C-42AC-A645-F50A3B844065}.Debug|x86.ActiveCfg = Debug|Any CPU
		{BD83107F-566C-42AC-A645-F50A3B844065}.Debug|x86.Build.0 = Debug|Any CPU
		{BD83107F-566C-42AC-A645-F50A3B844065}.Release|Any CPU.ActiveCfg = Release|Any CPU
		{BD83107F-566C-42AC-A645-F50A3B844065}.Release|Any CPU.Build.0 = Release|Any CPU
		{BD83107F-566C-42AC-A645-F50A3B844065}.Release|x64.ActiveCfg = Release|Any CPU
		{BD83107F-566C-42AC-A645-F50A3B844065}.Release|x64.Build.0 = Release|Any CPU
		{BD83107F-566C-42AC-A645-F50A3B844065}.Release|x86.ActiveCfg = Release|Any CPU
		{BD83107F-566C-42AC-A645-F50A3B844065}.Release|x86.Build.0 = Release|Any CPU
		{34816F83-D8F7-4A0E-A986-4865BD3E9439}.Debug|Any CPU.ActiveCfg = Debug|Any CPU
		{34816F83-D8F7-4A0E-A986-4865BD3E9439}.Debug|Any CPU.Build.0 = Debug|Any CPU
		{34816F83-D8F7-4A0E-A986-4865BD3E9439}.Debug|x64.ActiveCfg = Debug|Any CPU
		{34816F83-D8F7-4A0E-A986-4865BD3E9439}.Debug|x64.Build.0 = Debug|Any CPU
		{34816F83-D8F7-4A0E-A986-4865BD3E9439}.Debug|x86.ActiveCfg = Debug|Any CPU
		{34816F83-D8F7-4A0E-A986-4865BD3E9439}.Debug|x86.Build.0 = Debug|Any CPU
		{34816F83-D8F7-4A0E-A986-4865BD3E9439}.Release|Any CPU.ActiveCfg = Release|Any CPU
		{34816F83-D8F7-4A0E-A986-4865BD3E9439}.Release|Any CPU.Build.0 = Release|Any CPU
		{34816F83-D8F7-4A0E-A986-4865BD3E9439}.Release|x64.ActiveCfg = Release|Any CPU
		{34816F83-D8F7-4A0E-A986-4865BD3E9439}.Release|x64.Build.0 = Release|Any CPU
		{34816F83-D8F7-4A0E-A986-4865BD3E9439}.Release|x86.ActiveCfg = Release|Any CPU
		{34816F83-D8F7-4A0E-A986-4865BD3E9439}.Release|x86.Build.0 = Release|Any CPU
		{757CD1A3-C99D-4BA4-A7DE-07E478580D9C}.Debug|Any CPU.ActiveCfg = Debug|Any CPU
		{757CD1A3-C99D-4BA4-A7DE-07E478580D9C}.Debug|Any CPU.Build.0 = Debug|Any CPU
		{757CD1A3-C99D-4BA4-A7DE-07E478580D9C}.Debug|x64.ActiveCfg = Debug|Any CPU
		{757CD1A3-C99D-4BA4-A7DE-07E478580D9C}.Debug|x64.Build.0 = Debug|Any CPU
		{757CD1A3-C99D-4BA4-A7DE-07E478580D9C}.Debug|x86.ActiveCfg = Debug|Any CPU
		{757CD1A3-C99D-4BA4-A7DE-07E478580D9C}.Debug|x86.Build.0 = Debug|Any CPU
		{757CD1A3-C99D-4BA4-A7DE-07E478580D9C}.Release|Any CPU.ActiveCfg = Release|Any CPU
		{757CD1A3-C99D-4BA4-A7DE-07E478580D9C}.Release|Any CPU.Build.0 = Release|Any CPU
		{757CD1A3-C99D-4BA4-A7DE-07E478580D9C}.Release|x64.ActiveCfg = Release|Any CPU
		{757CD1A3-C99D-4BA4-A7DE-07E478580D9C}.Release|x64.Build.0 = Release|Any CPU
		{757CD1A3-C99D-4BA4-A7DE-07E478580D9C}.Release|x86.ActiveCfg = Release|Any CPU
		{757CD1A3-C99D-4BA4-A7DE-07E478580D9C}.Release|x86.Build.0 = Release|Any CPU
		{5A81C5BC-6E9B-46FA-A617-884CBB4551D7}.Debug|Any CPU.ActiveCfg = Debug|Any CPU
		{5A81C5BC-6E9B-46FA-A617-884CBB4551D7}.Debug|Any CPU.Build.0 = Debug|Any CPU
		{5A81C5BC-6E9B-46FA-A617-884CBB4551D7}.Debug|x64.ActiveCfg = Debug|Any CPU
		{5A81C5BC-6E9B-46FA-A617-884CBB4551D7}.Debug|x64.Build.0 = Debug|Any CPU
		{5A81C5BC-6E9B-46FA-A617-884CBB4551D7}.Debug|x86.ActiveCfg = Debug|Any CPU
		{5A81C5BC-6E9B-46FA-A617-884CBB4551D7}.Debug|x86.Build.0 = Debug|Any CPU
		{5A81C5BC-6E9B-46FA-A617-884CBB4551D7}.Release|Any CPU.ActiveCfg = Release|Any CPU
		{5A81C5BC-6E9B-46FA-A617-884CBB4551D7}.Release|Any CPU.Build.0 = Release|Any CPU
		{5A81C5BC-6E9B-46FA-A617-884CBB4551D7}.Release|x64.ActiveCfg = Release|Any CPU
		{5A81C5BC-6E9B-46FA-A617-884CBB4551D7}.Release|x64.Build.0 = Release|Any CPU
		{5A81C5BC-6E9B-46FA-A617-884CBB4551D7}.Release|x86.ActiveCfg = Release|Any CPU
		{5A81C5BC-6E9B-46FA-A617-884CBB4551D7}.Release|x86.Build.0 = Release|Any CPU
		{93B7DBDE-2564-4818-9FF8-2DF76E6219BD}.Debug|Any CPU.ActiveCfg = Debug|Any CPU
		{93B7DBDE-2564-4818-9FF8-2DF76E6219BD}.Debug|Any CPU.Build.0 = Debug|Any CPU
		{93B7DBDE-2564-4818-9FF8-2DF76E6219BD}.Debug|x64.ActiveCfg = Debug|Any CPU
		{93B7DBDE-2564-4818-9FF8-2DF76E6219BD}.Debug|x64.Build.0 = Debug|Any CPU
		{93B7DBDE-2564-4818-9FF8-2DF76E6219BD}.Debug|x86.ActiveCfg = Debug|Any CPU
		{93B7DBDE-2564-4818-9FF8-2DF76E6219BD}.Debug|x86.Build.0 = Debug|Any CPU
		{93B7DBDE-2564-4818-9FF8-2DF76E6219BD}.Release|Any CPU.ActiveCfg = Release|Any CPU
		{93B7DBDE-2564-4818-9FF8-2DF76E6219BD}.Release|Any CPU.Build.0 = Release|Any CPU
		{93B7DBDE-2564-4818-9FF8-2DF76E6219BD}.Release|x64.ActiveCfg = Release|Any CPU
		{93B7DBDE-2564-4818-9FF8-2DF76E6219BD}.Release|x64.Build.0 = Release|Any CPU
		{93B7DBDE-2564-4818-9FF8-2DF76E6219BD}.Release|x86.ActiveCfg = Release|Any CPU
		{93B7DBDE-2564-4818-9FF8-2DF76E6219BD}.Release|x86.Build.0 = Release|Any CPU
		{1E1FFA16-57A9-414E-A9C1-A0B37B55D727}.Debug|Any CPU.ActiveCfg = Debug|Any CPU
		{1E1FFA16-57A9-414E-A9C1-A0B37B55D727}.Debug|Any CPU.Build.0 = Debug|Any CPU
		{1E1FFA16-57A9-414E-A9C1-A0B37B55D727}.Debug|x64.ActiveCfg = Debug|Any CPU
		{1E1FFA16-57A9-414E-A9C1-A0B37B55D727}.Debug|x64.Build.0 = Debug|Any CPU
		{1E1FFA16-57A9-414E-A9C1-A0B37B55D727}.Debug|x86.ActiveCfg = Debug|Any CPU
		{1E1FFA16-57A9-414E-A9C1-A0B37B55D727}.Debug|x86.Build.0 = Debug|Any CPU
		{1E1FFA16-57A9-414E-A9C1-A0B37B55D727}.Release|Any CPU.ActiveCfg = Release|Any CPU
		{1E1FFA16-57A9-414E-A9C1-A0B37B55D727}.Release|Any CPU.Build.0 = Release|Any CPU
		{1E1FFA16-57A9-414E-A9C1-A0B37B55D727}.Release|x64.ActiveCfg = Release|Any CPU
		{1E1FFA16-57A9-414E-A9C1-A0B37B55D727}.Release|x64.Build.0 = Release|Any CPU
		{1E1FFA16-57A9-414E-A9C1-A0B37B55D727}.Release|x86.ActiveCfg = Release|Any CPU
		{1E1FFA16-57A9-414E-A9C1-A0B37B55D727}.Release|x86.Build.0 = Release|Any CPU
		{178B6B01-D407-4EC0-9B0A-FD7DE518BA74}.Debug|Any CPU.ActiveCfg = Debug|Any CPU
		{178B6B01-D407-4EC0-9B0A-FD7DE518BA74}.Debug|Any CPU.Build.0 = Debug|Any CPU
		{178B6B01-D407-4EC0-9B0A-FD7DE518BA74}.Debug|x64.ActiveCfg = Debug|Any CPU
		{178B6B01-D407-4EC0-9B0A-FD7DE518BA74}.Debug|x64.Build.0 = Debug|Any CPU
		{178B6B01-D407-4EC0-9B0A-FD7DE518BA74}.Debug|x86.ActiveCfg = Debug|Any CPU
		{178B6B01-D407-4EC0-9B0A-FD7DE518BA74}.Debug|x86.Build.0 = Debug|Any CPU
		{178B6B01-D407-4EC0-9B0A-FD7DE518BA74}.Release|Any CPU.ActiveCfg = Release|Any CPU
		{178B6B01-D407-4EC0-9B0A-FD7DE518BA74}.Release|Any CPU.Build.0 = Release|Any CPU
		{178B6B01-D407-4EC0-9B0A-FD7DE518BA74}.Release|x64.ActiveCfg = Release|Any CPU
		{178B6B01-D407-4EC0-9B0A-FD7DE518BA74}.Release|x64.Build.0 = Release|Any CPU
		{178B6B01-D407-4EC0-9B0A-FD7DE518BA74}.Release|x86.ActiveCfg = Release|Any CPU
		{178B6B01-D407-4EC0-9B0A-FD7DE518BA74}.Release|x86.Build.0 = Release|Any CPU
		{B5B2D6A0-229E-4AF2-81B4-57DC4903967A}.Debug|Any CPU.ActiveCfg = Debug|Any CPU
		{B5B2D6A0-229E-4AF2-81B4-57DC4903967A}.Debug|Any CPU.Build.0 = Debug|Any CPU
		{B5B2D6A0-229E-4AF2-81B4-57DC4903967A}.Debug|x64.ActiveCfg = Debug|Any CPU
		{B5B2D6A0-229E-4AF2-81B4-57DC4903967A}.Debug|x64.Build.0 = Debug|Any CPU
		{B5B2D6A0-229E-4AF2-81B4-57DC4903967A}.Debug|x86.ActiveCfg = Debug|Any CPU
		{B5B2D6A0-229E-4AF2-81B4-57DC4903967A}.Debug|x86.Build.0 = Debug|Any CPU
		{B5B2D6A0-229E-4AF2-81B4-57DC4903967A}.Release|Any CPU.ActiveCfg = Release|Any CPU
		{B5B2D6A0-229E-4AF2-81B4-57DC4903967A}.Release|Any CPU.Build.0 = Release|Any CPU
		{B5B2D6A0-229E-4AF2-81B4-57DC4903967A}.Release|x64.ActiveCfg = Release|Any CPU
		{B5B2D6A0-229E-4AF2-81B4-57DC4903967A}.Release|x64.Build.0 = Release|Any CPU
		{B5B2D6A0-229E-4AF2-81B4-57DC4903967A}.Release|x86.ActiveCfg = Release|Any CPU
		{B5B2D6A0-229E-4AF2-81B4-57DC4903967A}.Release|x86.Build.0 = Release|Any CPU
		{2FE07C70-7ACC-4397-B41F-B9BECD96FF72}.Debug|Any CPU.ActiveCfg = Debug|Any CPU
		{2FE07C70-7ACC-4397-B41F-B9BECD96FF72}.Debug|Any CPU.Build.0 = Debug|Any CPU
		{2FE07C70-7ACC-4397-B41F-B9BECD96FF72}.Debug|x64.ActiveCfg = Debug|Any CPU
		{2FE07C70-7ACC-4397-B41F-B9BECD96FF72}.Debug|x64.Build.0 = Debug|Any CPU
		{2FE07C70-7ACC-4397-B41F-B9BECD96FF72}.Debug|x86.ActiveCfg = Debug|Any CPU
		{2FE07C70-7ACC-4397-B41F-B9BECD96FF72}.Debug|x86.Build.0 = Debug|Any CPU
		{2FE07C70-7ACC-4397-B41F-B9BECD96FF72}.Release|Any CPU.ActiveCfg = Release|Any CPU
		{2FE07C70-7ACC-4397-B41F-B9BECD96FF72}.Release|Any CPU.Build.0 = Release|Any CPU
		{2FE07C70-7ACC-4397-B41F-B9BECD96FF72}.Release|x64.ActiveCfg = Release|Any CPU
		{2FE07C70-7ACC-4397-B41F-B9BECD96FF72}.Release|x64.Build.0 = Release|Any CPU
		{2FE07C70-7ACC-4397-B41F-B9BECD96FF72}.Release|x86.ActiveCfg = Release|Any CPU
		{2FE07C70-7ACC-4397-B41F-B9BECD96FF72}.Release|x86.Build.0 = Release|Any CPU
		{14448FF8-2E5B-4294-93BC-FDCD2CC9995C}.Debug|Any CPU.ActiveCfg = Debug|Any CPU
		{14448FF8-2E5B-4294-93BC-FDCD2CC9995C}.Debug|Any CPU.Build.0 = Debug|Any CPU
		{14448FF8-2E5B-4294-93BC-FDCD2CC9995C}.Debug|x64.ActiveCfg = Debug|Any CPU
		{14448FF8-2E5B-4294-93BC-FDCD2CC9995C}.Debug|x64.Build.0 = Debug|Any CPU
		{14448FF8-2E5B-4294-93BC-FDCD2CC9995C}.Debug|x86.ActiveCfg = Debug|Any CPU
		{14448FF8-2E5B-4294-93BC-FDCD2CC9995C}.Debug|x86.Build.0 = Debug|Any CPU
		{14448FF8-2E5B-4294-93BC-FDCD2CC9995C}.Release|Any CPU.ActiveCfg = Release|Any CPU
		{14448FF8-2E5B-4294-93BC-FDCD2CC9995C}.Release|Any CPU.Build.0 = Release|Any CPU
		{14448FF8-2E5B-4294-93BC-FDCD2CC9995C}.Release|x64.ActiveCfg = Release|Any CPU
		{14448FF8-2E5B-4294-93BC-FDCD2CC9995C}.Release|x64.Build.0 = Release|Any CPU
		{14448FF8-2E5B-4294-93BC-FDCD2CC9995C}.Release|x86.ActiveCfg = Release|Any CPU
		{14448FF8-2E5B-4294-93BC-FDCD2CC9995C}.Release|x86.Build.0 = Release|Any CPU
		{D68154DF-96A7-4226-8B9A-DC56A3697AA8}.Debug|Any CPU.ActiveCfg = Debug|Any CPU
		{D68154DF-96A7-4226-8B9A-DC56A3697AA8}.Debug|Any CPU.Build.0 = Debug|Any CPU
		{D68154DF-96A7-4226-8B9A-DC56A3697AA8}.Debug|x64.ActiveCfg = Debug|Any CPU
		{D68154DF-96A7-4226-8B9A-DC56A3697AA8}.Debug|x64.Build.0 = Debug|Any CPU
		{D68154DF-96A7-4226-8B9A-DC56A3697AA8}.Debug|x86.ActiveCfg = Debug|Any CPU
		{D68154DF-96A7-4226-8B9A-DC56A3697AA8}.Debug|x86.Build.0 = Debug|Any CPU
		{D68154DF-96A7-4226-8B9A-DC56A3697AA8}.Release|Any CPU.ActiveCfg = Release|Any CPU
		{D68154DF-96A7-4226-8B9A-DC56A3697AA8}.Release|Any CPU.Build.0 = Release|Any CPU
		{D68154DF-96A7-4226-8B9A-DC56A3697AA8}.Release|x64.ActiveCfg = Release|Any CPU
		{D68154DF-96A7-4226-8B9A-DC56A3697AA8}.Release|x64.Build.0 = Release|Any CPU
		{D68154DF-96A7-4226-8B9A-DC56A3697AA8}.Release|x86.ActiveCfg = Release|Any CPU
		{D68154DF-96A7-4226-8B9A-DC56A3697AA8}.Release|x86.Build.0 = Release|Any CPU
		{4CEDB080-2137-411E-B6FA-7A5C142FD3CB}.Debug|Any CPU.ActiveCfg = Debug|Any CPU
		{4CEDB080-2137-411E-B6FA-7A5C142FD3CB}.Debug|Any CPU.Build.0 = Debug|Any CPU
		{4CEDB080-2137-411E-B6FA-7A5C142FD3CB}.Debug|x64.ActiveCfg = Debug|Any CPU
		{4CEDB080-2137-411E-B6FA-7A5C142FD3CB}.Debug|x64.Build.0 = Debug|Any CPU
		{4CEDB080-2137-411E-B6FA-7A5C142FD3CB}.Debug|x86.ActiveCfg = Debug|Any CPU
		{4CEDB080-2137-411E-B6FA-7A5C142FD3CB}.Debug|x86.Build.0 = Debug|Any CPU
		{4CEDB080-2137-411E-B6FA-7A5C142FD3CB}.Release|Any CPU.ActiveCfg = Release|Any CPU
		{4CEDB080-2137-411E-B6FA-7A5C142FD3CB}.Release|Any CPU.Build.0 = Release|Any CPU
		{4CEDB080-2137-411E-B6FA-7A5C142FD3CB}.Release|x64.ActiveCfg = Release|Any CPU
		{4CEDB080-2137-411E-B6FA-7A5C142FD3CB}.Release|x64.Build.0 = Release|Any CPU
		{4CEDB080-2137-411E-B6FA-7A5C142FD3CB}.Release|x86.ActiveCfg = Release|Any CPU
		{4CEDB080-2137-411E-B6FA-7A5C142FD3CB}.Release|x86.Build.0 = Release|Any CPU
		{7C7D6F77-8191-43F5-A866-AA1D81C6A1D2}.Debug|Any CPU.ActiveCfg = Debug|Any CPU
		{7C7D6F77-8191-43F5-A866-AA1D81C6A1D2}.Debug|Any CPU.Build.0 = Debug|Any CPU
		{7C7D6F77-8191-43F5-A866-AA1D81C6A1D2}.Debug|x64.ActiveCfg = Debug|Any CPU
		{7C7D6F77-8191-43F5-A866-AA1D81C6A1D2}.Debug|x64.Build.0 = Debug|Any CPU
		{7C7D6F77-8191-43F5-A866-AA1D81C6A1D2}.Debug|x86.ActiveCfg = Debug|Any CPU
		{7C7D6F77-8191-43F5-A866-AA1D81C6A1D2}.Debug|x86.Build.0 = Debug|Any CPU
		{7C7D6F77-8191-43F5-A866-AA1D81C6A1D2}.Release|Any CPU.ActiveCfg = Release|Any CPU
		{7C7D6F77-8191-43F5-A866-AA1D81C6A1D2}.Release|Any CPU.Build.0 = Release|Any CPU
		{7C7D6F77-8191-43F5-A866-AA1D81C6A1D2}.Release|x64.ActiveCfg = Release|Any CPU
		{7C7D6F77-8191-43F5-A866-AA1D81C6A1D2}.Release|x64.Build.0 = Release|Any CPU
		{7C7D6F77-8191-43F5-A866-AA1D81C6A1D2}.Release|x86.ActiveCfg = Release|Any CPU
		{7C7D6F77-8191-43F5-A866-AA1D81C6A1D2}.Release|x86.Build.0 = Release|Any CPU
		{9B4B3CE1-8E31-4EF7-A107-0F29CBF96271}.Debug|Any CPU.ActiveCfg = Debug|Any CPU
		{9B4B3CE1-8E31-4EF7-A107-0F29CBF96271}.Debug|Any CPU.Build.0 = Debug|Any CPU
		{9B4B3CE1-8E31-4EF7-A107-0F29CBF96271}.Debug|x64.ActiveCfg = Debug|Any CPU
		{9B4B3CE1-8E31-4EF7-A107-0F29CBF96271}.Debug|x64.Build.0 = Debug|Any CPU
		{9B4B3CE1-8E31-4EF7-A107-0F29CBF96271}.Debug|x86.ActiveCfg = Debug|Any CPU
		{9B4B3CE1-8E31-4EF7-A107-0F29CBF96271}.Debug|x86.Build.0 = Debug|Any CPU
		{9B4B3CE1-8E31-4EF7-A107-0F29CBF96271}.Release|Any CPU.ActiveCfg = Release|Any CPU
		{9B4B3CE1-8E31-4EF7-A107-0F29CBF96271}.Release|Any CPU.Build.0 = Release|Any CPU
		{9B4B3CE1-8E31-4EF7-A107-0F29CBF96271}.Release|x64.ActiveCfg = Release|Any CPU
		{9B4B3CE1-8E31-4EF7-A107-0F29CBF96271}.Release|x64.Build.0 = Release|Any CPU
		{9B4B3CE1-8E31-4EF7-A107-0F29CBF96271}.Release|x86.ActiveCfg = Release|Any CPU
		{9B4B3CE1-8E31-4EF7-A107-0F29CBF96271}.Release|x86.Build.0 = Release|Any CPU
		{594EA773-C10A-4701-BDE3-D56329DEA928}.Debug|Any CPU.ActiveCfg = Debug|Any CPU
		{594EA773-C10A-4701-BDE3-D56329DEA928}.Debug|Any CPU.Build.0 = Debug|Any CPU
		{594EA773-C10A-4701-BDE3-D56329DEA928}.Debug|x64.ActiveCfg = Debug|Any CPU
		{594EA773-C10A-4701-BDE3-D56329DEA928}.Debug|x64.Build.0 = Debug|Any CPU
		{594EA773-C10A-4701-BDE3-D56329DEA928}.Debug|x86.ActiveCfg = Debug|Any CPU
		{594EA773-C10A-4701-BDE3-D56329DEA928}.Debug|x86.Build.0 = Debug|Any CPU
		{594EA773-C10A-4701-BDE3-D56329DEA928}.Release|Any CPU.ActiveCfg = Release|Any CPU
		{594EA773-C10A-4701-BDE3-D56329DEA928}.Release|Any CPU.Build.0 = Release|Any CPU
		{594EA773-C10A-4701-BDE3-D56329DEA928}.Release|x64.ActiveCfg = Release|Any CPU
		{594EA773-C10A-4701-BDE3-D56329DEA928}.Release|x64.Build.0 = Release|Any CPU
		{594EA773-C10A-4701-BDE3-D56329DEA928}.Release|x86.ActiveCfg = Release|Any CPU
		{594EA773-C10A-4701-BDE3-D56329DEA928}.Release|x86.Build.0 = Release|Any CPU
		{A700F3B0-E7BE-4EED-9DDB-0EF62896A71B}.Debug|Any CPU.ActiveCfg = Debug|Any CPU
		{A700F3B0-E7BE-4EED-9DDB-0EF62896A71B}.Debug|Any CPU.Build.0 = Debug|Any CPU
		{A700F3B0-E7BE-4EED-9DDB-0EF62896A71B}.Debug|x64.ActiveCfg = Debug|Any CPU
		{A700F3B0-E7BE-4EED-9DDB-0EF62896A71B}.Debug|x64.Build.0 = Debug|Any CPU
		{A700F3B0-E7BE-4EED-9DDB-0EF62896A71B}.Debug|x86.ActiveCfg = Debug|Any CPU
		{A700F3B0-E7BE-4EED-9DDB-0EF62896A71B}.Debug|x86.Build.0 = Debug|Any CPU
		{A700F3B0-E7BE-4EED-9DDB-0EF62896A71B}.Release|Any CPU.ActiveCfg = Release|Any CPU
		{A700F3B0-E7BE-4EED-9DDB-0EF62896A71B}.Release|Any CPU.Build.0 = Release|Any CPU
		{A700F3B0-E7BE-4EED-9DDB-0EF62896A71B}.Release|x64.ActiveCfg = Release|Any CPU
		{A700F3B0-E7BE-4EED-9DDB-0EF62896A71B}.Release|x64.Build.0 = Release|Any CPU
		{A700F3B0-E7BE-4EED-9DDB-0EF62896A71B}.Release|x86.ActiveCfg = Release|Any CPU
		{A700F3B0-E7BE-4EED-9DDB-0EF62896A71B}.Release|x86.Build.0 = Release|Any CPU
		{036CB0B5-85ED-4D69-BB20-FF22376E49B3}.Debug|Any CPU.ActiveCfg = Debug|Any CPU
		{036CB0B5-85ED-4D69-BB20-FF22376E49B3}.Debug|Any CPU.Build.0 = Debug|Any CPU
		{036CB0B5-85ED-4D69-BB20-FF22376E49B3}.Debug|x64.ActiveCfg = Debug|Any CPU
		{036CB0B5-85ED-4D69-BB20-FF22376E49B3}.Debug|x64.Build.0 = Debug|Any CPU
		{036CB0B5-85ED-4D69-BB20-FF22376E49B3}.Debug|x86.ActiveCfg = Debug|Any CPU
		{036CB0B5-85ED-4D69-BB20-FF22376E49B3}.Debug|x86.Build.0 = Debug|Any CPU
		{036CB0B5-85ED-4D69-BB20-FF22376E49B3}.Release|Any CPU.ActiveCfg = Release|Any CPU
		{036CB0B5-85ED-4D69-BB20-FF22376E49B3}.Release|Any CPU.Build.0 = Release|Any CPU
		{036CB0B5-85ED-4D69-BB20-FF22376E49B3}.Release|x64.ActiveCfg = Release|Any CPU
		{036CB0B5-85ED-4D69-BB20-FF22376E49B3}.Release|x64.Build.0 = Release|Any CPU
		{036CB0B5-85ED-4D69-BB20-FF22376E49B3}.Release|x86.ActiveCfg = Release|Any CPU
		{036CB0B5-85ED-4D69-BB20-FF22376E49B3}.Release|x86.Build.0 = Release|Any CPU
		{B22845F7-0792-4D14-BE86-AB1A9A383C4D}.Debug|Any CPU.ActiveCfg = Debug|Any CPU
		{B22845F7-0792-4D14-BE86-AB1A9A383C4D}.Debug|Any CPU.Build.0 = Debug|Any CPU
		{B22845F7-0792-4D14-BE86-AB1A9A383C4D}.Debug|x64.ActiveCfg = Debug|Any CPU
		{B22845F7-0792-4D14-BE86-AB1A9A383C4D}.Debug|x64.Build.0 = Debug|Any CPU
		{B22845F7-0792-4D14-BE86-AB1A9A383C4D}.Debug|x86.ActiveCfg = Debug|Any CPU
		{B22845F7-0792-4D14-BE86-AB1A9A383C4D}.Debug|x86.Build.0 = Debug|Any CPU
		{B22845F7-0792-4D14-BE86-AB1A9A383C4D}.Release|Any CPU.ActiveCfg = Release|Any CPU
		{B22845F7-0792-4D14-BE86-AB1A9A383C4D}.Release|Any CPU.Build.0 = Release|Any CPU
		{B22845F7-0792-4D14-BE86-AB1A9A383C4D}.Release|x64.ActiveCfg = Release|Any CPU
		{B22845F7-0792-4D14-BE86-AB1A9A383C4D}.Release|x64.Build.0 = Release|Any CPU
		{B22845F7-0792-4D14-BE86-AB1A9A383C4D}.Release|x86.ActiveCfg = Release|Any CPU
		{B22845F7-0792-4D14-BE86-AB1A9A383C4D}.Release|x86.Build.0 = Release|Any CPU
		{E1CA12D8-3F1B-4B64-9AE7-BE98355A9AFB}.Debug|Any CPU.ActiveCfg = Debug|Any CPU
		{E1CA12D8-3F1B-4B64-9AE7-BE98355A9AFB}.Debug|Any CPU.Build.0 = Debug|Any CPU
		{E1CA12D8-3F1B-4B64-9AE7-BE98355A9AFB}.Debug|x64.ActiveCfg = Debug|Any CPU
		{E1CA12D8-3F1B-4B64-9AE7-BE98355A9AFB}.Debug|x64.Build.0 = Debug|Any CPU
		{E1CA12D8-3F1B-4B64-9AE7-BE98355A9AFB}.Debug|x86.ActiveCfg = Debug|Any CPU
		{E1CA12D8-3F1B-4B64-9AE7-BE98355A9AFB}.Debug|x86.Build.0 = Debug|Any CPU
		{E1CA12D8-3F1B-4B64-9AE7-BE98355A9AFB}.Release|Any CPU.ActiveCfg = Release|Any CPU
		{E1CA12D8-3F1B-4B64-9AE7-BE98355A9AFB}.Release|Any CPU.Build.0 = Release|Any CPU
		{E1CA12D8-3F1B-4B64-9AE7-BE98355A9AFB}.Release|x64.ActiveCfg = Release|Any CPU
		{E1CA12D8-3F1B-4B64-9AE7-BE98355A9AFB}.Release|x64.Build.0 = Release|Any CPU
		{E1CA12D8-3F1B-4B64-9AE7-BE98355A9AFB}.Release|x86.ActiveCfg = Release|Any CPU
		{E1CA12D8-3F1B-4B64-9AE7-BE98355A9AFB}.Release|x86.Build.0 = Release|Any CPU
		{B1501452-5519-46AE-9656-787056C5B75A}.Debug|Any CPU.ActiveCfg = Debug|Any CPU
		{B1501452-5519-46AE-9656-787056C5B75A}.Debug|Any CPU.Build.0 = Debug|Any CPU
		{B1501452-5519-46AE-9656-787056C5B75A}.Debug|x64.ActiveCfg = Debug|Any CPU
		{B1501452-5519-46AE-9656-787056C5B75A}.Debug|x64.Build.0 = Debug|Any CPU
		{B1501452-5519-46AE-9656-787056C5B75A}.Debug|x86.ActiveCfg = Debug|Any CPU
		{B1501452-5519-46AE-9656-787056C5B75A}.Debug|x86.Build.0 = Debug|Any CPU
		{B1501452-5519-46AE-9656-787056C5B75A}.Release|Any CPU.ActiveCfg = Release|Any CPU
		{B1501452-5519-46AE-9656-787056C5B75A}.Release|Any CPU.Build.0 = Release|Any CPU
		{B1501452-5519-46AE-9656-787056C5B75A}.Release|x64.ActiveCfg = Release|Any CPU
		{B1501452-5519-46AE-9656-787056C5B75A}.Release|x64.Build.0 = Release|Any CPU
		{B1501452-5519-46AE-9656-787056C5B75A}.Release|x86.ActiveCfg = Release|Any CPU
		{B1501452-5519-46AE-9656-787056C5B75A}.Release|x86.Build.0 = Release|Any CPU
		{91A0BC13-400B-4A00-881C-5D0CF464546A}.Debug|Any CPU.ActiveCfg = Debug|Any CPU
		{91A0BC13-400B-4A00-881C-5D0CF464546A}.Debug|Any CPU.Build.0 = Debug|Any CPU
		{91A0BC13-400B-4A00-881C-5D0CF464546A}.Debug|x64.ActiveCfg = Debug|Any CPU
		{91A0BC13-400B-4A00-881C-5D0CF464546A}.Debug|x64.Build.0 = Debug|Any CPU
		{91A0BC13-400B-4A00-881C-5D0CF464546A}.Debug|x86.ActiveCfg = Debug|Any CPU
		{91A0BC13-400B-4A00-881C-5D0CF464546A}.Debug|x86.Build.0 = Debug|Any CPU
		{91A0BC13-400B-4A00-881C-5D0CF464546A}.Release|Any CPU.ActiveCfg = Release|Any CPU
		{91A0BC13-400B-4A00-881C-5D0CF464546A}.Release|Any CPU.Build.0 = Release|Any CPU
		{91A0BC13-400B-4A00-881C-5D0CF464546A}.Release|x64.ActiveCfg = Release|Any CPU
		{91A0BC13-400B-4A00-881C-5D0CF464546A}.Release|x64.Build.0 = Release|Any CPU
		{91A0BC13-400B-4A00-881C-5D0CF464546A}.Release|x86.ActiveCfg = Release|Any CPU
		{91A0BC13-400B-4A00-881C-5D0CF464546A}.Release|x86.Build.0 = Release|Any CPU
		{A8E35A66-3111-4CD5-BF96-39718F374FDA}.Debug|Any CPU.ActiveCfg = Debug|Any CPU
		{A8E35A66-3111-4CD5-BF96-39718F374FDA}.Debug|Any CPU.Build.0 = Debug|Any CPU
		{A8E35A66-3111-4CD5-BF96-39718F374FDA}.Debug|x64.ActiveCfg = Debug|Any CPU
		{A8E35A66-3111-4CD5-BF96-39718F374FDA}.Debug|x64.Build.0 = Debug|Any CPU
		{A8E35A66-3111-4CD5-BF96-39718F374FDA}.Debug|x86.ActiveCfg = Debug|Any CPU
		{A8E35A66-3111-4CD5-BF96-39718F374FDA}.Debug|x86.Build.0 = Debug|Any CPU
		{A8E35A66-3111-4CD5-BF96-39718F374FDA}.Release|Any CPU.ActiveCfg = Release|Any CPU
		{A8E35A66-3111-4CD5-BF96-39718F374FDA}.Release|Any CPU.Build.0 = Release|Any CPU
		{A8E35A66-3111-4CD5-BF96-39718F374FDA}.Release|x64.ActiveCfg = Release|Any CPU
		{A8E35A66-3111-4CD5-BF96-39718F374FDA}.Release|x64.Build.0 = Release|Any CPU
		{A8E35A66-3111-4CD5-BF96-39718F374FDA}.Release|x86.ActiveCfg = Release|Any CPU
		{A8E35A66-3111-4CD5-BF96-39718F374FDA}.Release|x86.Build.0 = Release|Any CPU
		{49D40FB6-46BF-4974-812C-A7DCDD49FED6}.Debug|Any CPU.ActiveCfg = Debug|Any CPU
		{49D40FB6-46BF-4974-812C-A7DCDD49FED6}.Debug|Any CPU.Build.0 = Debug|Any CPU
		{49D40FB6-46BF-4974-812C-A7DCDD49FED6}.Debug|x64.ActiveCfg = Debug|Any CPU
		{49D40FB6-46BF-4974-812C-A7DCDD49FED6}.Debug|x64.Build.0 = Debug|Any CPU
		{49D40FB6-46BF-4974-812C-A7DCDD49FED6}.Debug|x86.ActiveCfg = Debug|Any CPU
		{49D40FB6-46BF-4974-812C-A7DCDD49FED6}.Debug|x86.Build.0 = Debug|Any CPU
		{49D40FB6-46BF-4974-812C-A7DCDD49FED6}.Release|Any CPU.ActiveCfg = Release|Any CPU
		{49D40FB6-46BF-4974-812C-A7DCDD49FED6}.Release|Any CPU.Build.0 = Release|Any CPU
		{49D40FB6-46BF-4974-812C-A7DCDD49FED6}.Release|x64.ActiveCfg = Release|Any CPU
		{49D40FB6-46BF-4974-812C-A7DCDD49FED6}.Release|x64.Build.0 = Release|Any CPU
		{49D40FB6-46BF-4974-812C-A7DCDD49FED6}.Release|x86.ActiveCfg = Release|Any CPU
		{49D40FB6-46BF-4974-812C-A7DCDD49FED6}.Release|x86.Build.0 = Release|Any CPU
		{18CD5314-9C93-4644-A62A-C37C63BB5F7A}.Debug|Any CPU.ActiveCfg = Debug|Any CPU
		{18CD5314-9C93-4644-A62A-C37C63BB5F7A}.Debug|Any CPU.Build.0 = Debug|Any CPU
		{18CD5314-9C93-4644-A62A-C37C63BB5F7A}.Debug|x64.ActiveCfg = Debug|Any CPU
		{18CD5314-9C93-4644-A62A-C37C63BB5F7A}.Debug|x64.Build.0 = Debug|Any CPU
		{18CD5314-9C93-4644-A62A-C37C63BB5F7A}.Debug|x86.ActiveCfg = Debug|Any CPU
		{18CD5314-9C93-4644-A62A-C37C63BB5F7A}.Debug|x86.Build.0 = Debug|Any CPU
		{18CD5314-9C93-4644-A62A-C37C63BB5F7A}.Release|Any CPU.ActiveCfg = Release|Any CPU
		{18CD5314-9C93-4644-A62A-C37C63BB5F7A}.Release|Any CPU.Build.0 = Release|Any CPU
		{18CD5314-9C93-4644-A62A-C37C63BB5F7A}.Release|x64.ActiveCfg = Release|Any CPU
		{18CD5314-9C93-4644-A62A-C37C63BB5F7A}.Release|x64.Build.0 = Release|Any CPU
		{18CD5314-9C93-4644-A62A-C37C63BB5F7A}.Release|x86.ActiveCfg = Release|Any CPU
		{18CD5314-9C93-4644-A62A-C37C63BB5F7A}.Release|x86.Build.0 = Release|Any CPU
		{E78F1DAA-2B61-4289-9FB0-931595676CAC}.Debug|Any CPU.ActiveCfg = Debug|Any CPU
		{E78F1DAA-2B61-4289-9FB0-931595676CAC}.Debug|Any CPU.Build.0 = Debug|Any CPU
		{E78F1DAA-2B61-4289-9FB0-931595676CAC}.Debug|x64.ActiveCfg = Debug|Any CPU
		{E78F1DAA-2B61-4289-9FB0-931595676CAC}.Debug|x64.Build.0 = Debug|Any CPU
		{E78F1DAA-2B61-4289-9FB0-931595676CAC}.Debug|x86.ActiveCfg = Debug|Any CPU
		{E78F1DAA-2B61-4289-9FB0-931595676CAC}.Debug|x86.Build.0 = Debug|Any CPU
		{E78F1DAA-2B61-4289-9FB0-931595676CAC}.Release|Any CPU.ActiveCfg = Release|Any CPU
		{E78F1DAA-2B61-4289-9FB0-931595676CAC}.Release|Any CPU.Build.0 = Release|Any CPU
		{E78F1DAA-2B61-4289-9FB0-931595676CAC}.Release|x64.ActiveCfg = Release|Any CPU
		{E78F1DAA-2B61-4289-9FB0-931595676CAC}.Release|x64.Build.0 = Release|Any CPU
		{E78F1DAA-2B61-4289-9FB0-931595676CAC}.Release|x86.ActiveCfg = Release|Any CPU
		{E78F1DAA-2B61-4289-9FB0-931595676CAC}.Release|x86.Build.0 = Release|Any CPU
		{5371AAF4-FC37-438B-A25C-2E55BC8521F5}.Debug|Any CPU.ActiveCfg = Debug|Any CPU
		{5371AAF4-FC37-438B-A25C-2E55BC8521F5}.Debug|Any CPU.Build.0 = Debug|Any CPU
		{5371AAF4-FC37-438B-A25C-2E55BC8521F5}.Debug|x64.ActiveCfg = Debug|Any CPU
		{5371AAF4-FC37-438B-A25C-2E55BC8521F5}.Debug|x64.Build.0 = Debug|Any CPU
		{5371AAF4-FC37-438B-A25C-2E55BC8521F5}.Debug|x86.ActiveCfg = Debug|Any CPU
		{5371AAF4-FC37-438B-A25C-2E55BC8521F5}.Debug|x86.Build.0 = Debug|Any CPU
		{5371AAF4-FC37-438B-A25C-2E55BC8521F5}.Release|Any CPU.ActiveCfg = Release|Any CPU
		{5371AAF4-FC37-438B-A25C-2E55BC8521F5}.Release|Any CPU.Build.0 = Release|Any CPU
		{5371AAF4-FC37-438B-A25C-2E55BC8521F5}.Release|x64.ActiveCfg = Release|Any CPU
		{5371AAF4-FC37-438B-A25C-2E55BC8521F5}.Release|x64.Build.0 = Release|Any CPU
		{5371AAF4-FC37-438B-A25C-2E55BC8521F5}.Release|x86.ActiveCfg = Release|Any CPU
		{5371AAF4-FC37-438B-A25C-2E55BC8521F5}.Release|x86.Build.0 = Release|Any CPU
		{F975D1C0-2602-4454-BD56-C886AFF39FA0}.Debug|Any CPU.ActiveCfg = Debug|Any CPU
		{F975D1C0-2602-4454-BD56-C886AFF39FA0}.Debug|Any CPU.Build.0 = Debug|Any CPU
		{F975D1C0-2602-4454-BD56-C886AFF39FA0}.Debug|x64.ActiveCfg = Debug|Any CPU
		{F975D1C0-2602-4454-BD56-C886AFF39FA0}.Debug|x64.Build.0 = Debug|Any CPU
		{F975D1C0-2602-4454-BD56-C886AFF39FA0}.Debug|x86.ActiveCfg = Debug|Any CPU
		{F975D1C0-2602-4454-BD56-C886AFF39FA0}.Debug|x86.Build.0 = Debug|Any CPU
		{F975D1C0-2602-4454-BD56-C886AFF39FA0}.Release|Any CPU.ActiveCfg = Release|Any CPU
		{F975D1C0-2602-4454-BD56-C886AFF39FA0}.Release|Any CPU.Build.0 = Release|Any CPU
		{F975D1C0-2602-4454-BD56-C886AFF39FA0}.Release|x64.ActiveCfg = Release|Any CPU
		{F975D1C0-2602-4454-BD56-C886AFF39FA0}.Release|x64.Build.0 = Release|Any CPU
		{F975D1C0-2602-4454-BD56-C886AFF39FA0}.Release|x86.ActiveCfg = Release|Any CPU
		{F975D1C0-2602-4454-BD56-C886AFF39FA0}.Release|x86.Build.0 = Release|Any CPU
		{8618357D-81FB-40FD-9438-22675F0B56EE}.Debug|Any CPU.ActiveCfg = Debug|Any CPU
		{8618357D-81FB-40FD-9438-22675F0B56EE}.Debug|Any CPU.Build.0 = Debug|Any CPU
		{8618357D-81FB-40FD-9438-22675F0B56EE}.Debug|x64.ActiveCfg = Debug|Any CPU
		{8618357D-81FB-40FD-9438-22675F0B56EE}.Debug|x64.Build.0 = Debug|Any CPU
		{8618357D-81FB-40FD-9438-22675F0B56EE}.Debug|x86.ActiveCfg = Debug|Any CPU
		{8618357D-81FB-40FD-9438-22675F0B56EE}.Debug|x86.Build.0 = Debug|Any CPU
		{8618357D-81FB-40FD-9438-22675F0B56EE}.Release|Any CPU.ActiveCfg = Release|Any CPU
		{8618357D-81FB-40FD-9438-22675F0B56EE}.Release|Any CPU.Build.0 = Release|Any CPU
		{8618357D-81FB-40FD-9438-22675F0B56EE}.Release|x64.ActiveCfg = Release|Any CPU
		{8618357D-81FB-40FD-9438-22675F0B56EE}.Release|x64.Build.0 = Release|Any CPU
		{8618357D-81FB-40FD-9438-22675F0B56EE}.Release|x86.ActiveCfg = Release|Any CPU
		{8618357D-81FB-40FD-9438-22675F0B56EE}.Release|x86.Build.0 = Release|Any CPU
		{EF00ED74-4138-4F21-8B2D-0AF56BA38D7E}.Debug|Any CPU.ActiveCfg = Debug|Any CPU
		{EF00ED74-4138-4F21-8B2D-0AF56BA38D7E}.Debug|Any CPU.Build.0 = Debug|Any CPU
		{EF00ED74-4138-4F21-8B2D-0AF56BA38D7E}.Debug|x64.ActiveCfg = Debug|Any CPU
		{EF00ED74-4138-4F21-8B2D-0AF56BA38D7E}.Debug|x64.Build.0 = Debug|Any CPU
		{EF00ED74-4138-4F21-8B2D-0AF56BA38D7E}.Debug|x86.ActiveCfg = Debug|Any CPU
		{EF00ED74-4138-4F21-8B2D-0AF56BA38D7E}.Debug|x86.Build.0 = Debug|Any CPU
		{EF00ED74-4138-4F21-8B2D-0AF56BA38D7E}.Release|Any CPU.ActiveCfg = Release|Any CPU
		{EF00ED74-4138-4F21-8B2D-0AF56BA38D7E}.Release|Any CPU.Build.0 = Release|Any CPU
		{EF00ED74-4138-4F21-8B2D-0AF56BA38D7E}.Release|x64.ActiveCfg = Release|Any CPU
		{EF00ED74-4138-4F21-8B2D-0AF56BA38D7E}.Release|x64.Build.0 = Release|Any CPU
		{EF00ED74-4138-4F21-8B2D-0AF56BA38D7E}.Release|x86.ActiveCfg = Release|Any CPU
		{EF00ED74-4138-4F21-8B2D-0AF56BA38D7E}.Release|x86.Build.0 = Release|Any CPU
		{80ACC1C1-2D19-4336-9B9C-6F849E625C82}.Debug|Any CPU.ActiveCfg = Debug|Any CPU
		{80ACC1C1-2D19-4336-9B9C-6F849E625C82}.Debug|Any CPU.Build.0 = Debug|Any CPU
		{80ACC1C1-2D19-4336-9B9C-6F849E625C82}.Debug|x64.ActiveCfg = Debug|Any CPU
		{80ACC1C1-2D19-4336-9B9C-6F849E625C82}.Debug|x64.Build.0 = Debug|Any CPU
		{80ACC1C1-2D19-4336-9B9C-6F849E625C82}.Debug|x86.ActiveCfg = Debug|Any CPU
		{80ACC1C1-2D19-4336-9B9C-6F849E625C82}.Debug|x86.Build.0 = Debug|Any CPU
		{80ACC1C1-2D19-4336-9B9C-6F849E625C82}.Release|Any CPU.ActiveCfg = Release|Any CPU
		{80ACC1C1-2D19-4336-9B9C-6F849E625C82}.Release|Any CPU.Build.0 = Release|Any CPU
		{80ACC1C1-2D19-4336-9B9C-6F849E625C82}.Release|x64.ActiveCfg = Release|Any CPU
		{80ACC1C1-2D19-4336-9B9C-6F849E625C82}.Release|x64.Build.0 = Release|Any CPU
		{80ACC1C1-2D19-4336-9B9C-6F849E625C82}.Release|x86.ActiveCfg = Release|Any CPU
		{80ACC1C1-2D19-4336-9B9C-6F849E625C82}.Release|x86.Build.0 = Release|Any CPU
		{D24C22EC-7DD4-04B5-4F78-C1996C99A738}.Debug|Any CPU.ActiveCfg = Debug|Any CPU
		{D24C22EC-7DD4-04B5-4F78-C1996C99A738}.Debug|Any CPU.Build.0 = Debug|Any CPU
		{D24C22EC-7DD4-04B5-4F78-C1996C99A738}.Debug|x64.ActiveCfg = Debug|Any CPU
		{D24C22EC-7DD4-04B5-4F78-C1996C99A738}.Debug|x64.Build.0 = Debug|Any CPU
		{D24C22EC-7DD4-04B5-4F78-C1996C99A738}.Debug|x86.ActiveCfg = Debug|Any CPU
		{D24C22EC-7DD4-04B5-4F78-C1996C99A738}.Debug|x86.Build.0 = Debug|Any CPU
		{D24C22EC-7DD4-04B5-4F78-C1996C99A738}.Release|Any CPU.ActiveCfg = Release|Any CPU
		{D24C22EC-7DD4-04B5-4F78-C1996C99A738}.Release|Any CPU.Build.0 = Release|Any CPU
		{D24C22EC-7DD4-04B5-4F78-C1996C99A738}.Release|x64.ActiveCfg = Release|Any CPU
		{D24C22EC-7DD4-04B5-4F78-C1996C99A738}.Release|x64.Build.0 = Release|Any CPU
		{D24C22EC-7DD4-04B5-4F78-C1996C99A738}.Release|x86.ActiveCfg = Release|Any CPU
		{D24C22EC-7DD4-04B5-4F78-C1996C99A738}.Release|x86.Build.0 = Release|Any CPU
		{1EC1BA06-205A-4813-55A8-F93B40255183}.Debug|Any CPU.ActiveCfg = Debug|Any CPU
		{1EC1BA06-205A-4813-55A8-F93B40255183}.Debug|Any CPU.Build.0 = Debug|Any CPU
		{1EC1BA06-205A-4813-55A8-F93B40255183}.Debug|x64.ActiveCfg = Debug|Any CPU
		{1EC1BA06-205A-4813-55A8-F93B40255183}.Debug|x64.Build.0 = Debug|Any CPU
		{1EC1BA06-205A-4813-55A8-F93B40255183}.Debug|x86.ActiveCfg = Debug|Any CPU
		{1EC1BA06-205A-4813-55A8-F93B40255183}.Debug|x86.Build.0 = Debug|Any CPU
		{1EC1BA06-205A-4813-55A8-F93B40255183}.Release|Any CPU.ActiveCfg = Release|Any CPU
		{1EC1BA06-205A-4813-55A8-F93B40255183}.Release|Any CPU.Build.0 = Release|Any CPU
		{1EC1BA06-205A-4813-55A8-F93B40255183}.Release|x64.ActiveCfg = Release|Any CPU
		{1EC1BA06-205A-4813-55A8-F93B40255183}.Release|x64.Build.0 = Release|Any CPU
		{1EC1BA06-205A-4813-55A8-F93B40255183}.Release|x86.ActiveCfg = Release|Any CPU
		{1EC1BA06-205A-4813-55A8-F93B40255183}.Release|x86.Build.0 = Release|Any CPU
		{F4A95B1C-0970-D738-1C11-7E0E8ACE530E}.Debug|Any CPU.ActiveCfg = Debug|Any CPU
		{F4A95B1C-0970-D738-1C11-7E0E8ACE530E}.Debug|Any CPU.Build.0 = Debug|Any CPU
		{F4A95B1C-0970-D738-1C11-7E0E8ACE530E}.Debug|x64.ActiveCfg = Debug|Any CPU
		{F4A95B1C-0970-D738-1C11-7E0E8ACE530E}.Debug|x64.Build.0 = Debug|Any CPU
		{F4A95B1C-0970-D738-1C11-7E0E8ACE530E}.Debug|x86.ActiveCfg = Debug|Any CPU
		{F4A95B1C-0970-D738-1C11-7E0E8ACE530E}.Debug|x86.Build.0 = Debug|Any CPU
		{F4A95B1C-0970-D738-1C11-7E0E8ACE530E}.Release|Any CPU.ActiveCfg = Release|Any CPU
		{F4A95B1C-0970-D738-1C11-7E0E8ACE530E}.Release|Any CPU.Build.0 = Release|Any CPU
		{F4A95B1C-0970-D738-1C11-7E0E8ACE530E}.Release|x64.ActiveCfg = Release|Any CPU
		{F4A95B1C-0970-D738-1C11-7E0E8ACE530E}.Release|x64.Build.0 = Release|Any CPU
		{F4A95B1C-0970-D738-1C11-7E0E8ACE530E}.Release|x86.ActiveCfg = Release|Any CPU
		{F4A95B1C-0970-D738-1C11-7E0E8ACE530E}.Release|x86.Build.0 = Release|Any CPU
		{9EA89291-BD15-DCE8-BF6C-E71101430D2E}.Debug|Any CPU.ActiveCfg = Debug|Any CPU
		{9EA89291-BD15-DCE8-BF6C-E71101430D2E}.Debug|Any CPU.Build.0 = Debug|Any CPU
		{9EA89291-BD15-DCE8-BF6C-E71101430D2E}.Debug|x64.ActiveCfg = Debug|Any CPU
		{9EA89291-BD15-DCE8-BF6C-E71101430D2E}.Debug|x64.Build.0 = Debug|Any CPU
		{9EA89291-BD15-DCE8-BF6C-E71101430D2E}.Debug|x86.ActiveCfg = Debug|Any CPU
		{9EA89291-BD15-DCE8-BF6C-E71101430D2E}.Debug|x86.Build.0 = Debug|Any CPU
		{9EA89291-BD15-DCE8-BF6C-E71101430D2E}.Release|Any CPU.ActiveCfg = Release|Any CPU
		{9EA89291-BD15-DCE8-BF6C-E71101430D2E}.Release|Any CPU.Build.0 = Release|Any CPU
		{9EA89291-BD15-DCE8-BF6C-E71101430D2E}.Release|x64.ActiveCfg = Release|Any CPU
		{9EA89291-BD15-DCE8-BF6C-E71101430D2E}.Release|x64.Build.0 = Release|Any CPU
		{9EA89291-BD15-DCE8-BF6C-E71101430D2E}.Release|x86.ActiveCfg = Release|Any CPU
		{9EA89291-BD15-DCE8-BF6C-E71101430D2E}.Release|x86.Build.0 = Release|Any CPU
		{24AD7116-E6CB-E561-3F9F-4B9DE116C69B}.Debug|Any CPU.ActiveCfg = Debug|Any CPU
		{24AD7116-E6CB-E561-3F9F-4B9DE116C69B}.Debug|Any CPU.Build.0 = Debug|Any CPU
		{24AD7116-E6CB-E561-3F9F-4B9DE116C69B}.Debug|x64.ActiveCfg = Debug|Any CPU
		{24AD7116-E6CB-E561-3F9F-4B9DE116C69B}.Debug|x64.Build.0 = Debug|Any CPU
		{24AD7116-E6CB-E561-3F9F-4B9DE116C69B}.Debug|x86.ActiveCfg = Debug|Any CPU
		{24AD7116-E6CB-E561-3F9F-4B9DE116C69B}.Debug|x86.Build.0 = Debug|Any CPU
		{24AD7116-E6CB-E561-3F9F-4B9DE116C69B}.Release|Any CPU.ActiveCfg = Release|Any CPU
		{24AD7116-E6CB-E561-3F9F-4B9DE116C69B}.Release|Any CPU.Build.0 = Release|Any CPU
		{24AD7116-E6CB-E561-3F9F-4B9DE116C69B}.Release|x64.ActiveCfg = Release|Any CPU
		{24AD7116-E6CB-E561-3F9F-4B9DE116C69B}.Release|x64.Build.0 = Release|Any CPU
		{24AD7116-E6CB-E561-3F9F-4B9DE116C69B}.Release|x86.ActiveCfg = Release|Any CPU
		{24AD7116-E6CB-E561-3F9F-4B9DE116C69B}.Release|x86.Build.0 = Release|Any CPU
		{DE65FF72-FD17-8598-05E4-C9539AB15C68}.Debug|Any CPU.ActiveCfg = Debug|Any CPU
		{DE65FF72-FD17-8598-05E4-C9539AB15C68}.Debug|Any CPU.Build.0 = Debug|Any CPU
		{DE65FF72-FD17-8598-05E4-C9539AB15C68}.Debug|x64.ActiveCfg = Debug|Any CPU
		{DE65FF72-FD17-8598-05E4-C9539AB15C68}.Debug|x64.Build.0 = Debug|Any CPU
		{DE65FF72-FD17-8598-05E4-C9539AB15C68}.Debug|x86.ActiveCfg = Debug|Any CPU
		{DE65FF72-FD17-8598-05E4-C9539AB15C68}.Debug|x86.Build.0 = Debug|Any CPU
		{DE65FF72-FD17-8598-05E4-C9539AB15C68}.Release|Any CPU.ActiveCfg = Release|Any CPU
		{DE65FF72-FD17-8598-05E4-C9539AB15C68}.Release|Any CPU.Build.0 = Release|Any CPU
		{DE65FF72-FD17-8598-05E4-C9539AB15C68}.Release|x64.ActiveCfg = Release|Any CPU
		{DE65FF72-FD17-8598-05E4-C9539AB15C68}.Release|x64.Build.0 = Release|Any CPU
		{DE65FF72-FD17-8598-05E4-C9539AB15C68}.Release|x86.ActiveCfg = Release|Any CPU
		{DE65FF72-FD17-8598-05E4-C9539AB15C68}.Release|x86.Build.0 = Release|Any CPU
		{239950A1-CEDB-B483-9AD8-0CD3F5407BFE}.Debug|Any CPU.ActiveCfg = Debug|Any CPU
		{239950A1-CEDB-B483-9AD8-0CD3F5407BFE}.Debug|Any CPU.Build.0 = Debug|Any CPU
		{239950A1-CEDB-B483-9AD8-0CD3F5407BFE}.Debug|x64.ActiveCfg = Debug|Any CPU
		{239950A1-CEDB-B483-9AD8-0CD3F5407BFE}.Debug|x64.Build.0 = Debug|Any CPU
		{239950A1-CEDB-B483-9AD8-0CD3F5407BFE}.Debug|x86.ActiveCfg = Debug|Any CPU
		{239950A1-CEDB-B483-9AD8-0CD3F5407BFE}.Debug|x86.Build.0 = Debug|Any CPU
		{239950A1-CEDB-B483-9AD8-0CD3F5407BFE}.Release|Any CPU.ActiveCfg = Release|Any CPU
		{239950A1-CEDB-B483-9AD8-0CD3F5407BFE}.Release|Any CPU.Build.0 = Release|Any CPU
		{239950A1-CEDB-B483-9AD8-0CD3F5407BFE}.Release|x64.ActiveCfg = Release|Any CPU
		{239950A1-CEDB-B483-9AD8-0CD3F5407BFE}.Release|x64.Build.0 = Release|Any CPU
		{239950A1-CEDB-B483-9AD8-0CD3F5407BFE}.Release|x86.ActiveCfg = Release|Any CPU
		{239950A1-CEDB-B483-9AD8-0CD3F5407BFE}.Release|x86.Build.0 = Release|Any CPU
		{503382A0-8CCE-5F28-3277-3A5CFEC0F564}.Debug|Any CPU.ActiveCfg = Debug|Any CPU
		{503382A0-8CCE-5F28-3277-3A5CFEC0F564}.Debug|Any CPU.Build.0 = Debug|Any CPU
		{503382A0-8CCE-5F28-3277-3A5CFEC0F564}.Debug|x64.ActiveCfg = Debug|Any CPU
		{503382A0-8CCE-5F28-3277-3A5CFEC0F564}.Debug|x64.Build.0 = Debug|Any CPU
		{503382A0-8CCE-5F28-3277-3A5CFEC0F564}.Debug|x86.ActiveCfg = Debug|Any CPU
		{503382A0-8CCE-5F28-3277-3A5CFEC0F564}.Debug|x86.Build.0 = Debug|Any CPU
		{503382A0-8CCE-5F28-3277-3A5CFEC0F564}.Release|Any CPU.ActiveCfg = Release|Any CPU
		{503382A0-8CCE-5F28-3277-3A5CFEC0F564}.Release|Any CPU.Build.0 = Release|Any CPU
		{503382A0-8CCE-5F28-3277-3A5CFEC0F564}.Release|x64.ActiveCfg = Release|Any CPU
		{503382A0-8CCE-5F28-3277-3A5CFEC0F564}.Release|x64.Build.0 = Release|Any CPU
		{503382A0-8CCE-5F28-3277-3A5CFEC0F564}.Release|x86.ActiveCfg = Release|Any CPU
		{503382A0-8CCE-5F28-3277-3A5CFEC0F564}.Release|x86.Build.0 = Release|Any CPU
		{B0103A86-DAF2-DCD9-48AC-C0583E2987BB}.Debug|Any CPU.ActiveCfg = Debug|Any CPU
		{B0103A86-DAF2-DCD9-48AC-C0583E2987BB}.Debug|Any CPU.Build.0 = Debug|Any CPU
		{B0103A86-DAF2-DCD9-48AC-C0583E2987BB}.Debug|x64.ActiveCfg = Debug|Any CPU
		{B0103A86-DAF2-DCD9-48AC-C0583E2987BB}.Debug|x64.Build.0 = Debug|Any CPU
		{B0103A86-DAF2-DCD9-48AC-C0583E2987BB}.Debug|x86.ActiveCfg = Debug|Any CPU
		{B0103A86-DAF2-DCD9-48AC-C0583E2987BB}.Debug|x86.Build.0 = Debug|Any CPU
		{B0103A86-DAF2-DCD9-48AC-C0583E2987BB}.Release|Any CPU.ActiveCfg = Release|Any CPU
		{B0103A86-DAF2-DCD9-48AC-C0583E2987BB}.Release|Any CPU.Build.0 = Release|Any CPU
		{B0103A86-DAF2-DCD9-48AC-C0583E2987BB}.Release|x64.ActiveCfg = Release|Any CPU
		{B0103A86-DAF2-DCD9-48AC-C0583E2987BB}.Release|x64.Build.0 = Release|Any CPU
		{B0103A86-DAF2-DCD9-48AC-C0583E2987BB}.Release|x86.ActiveCfg = Release|Any CPU
		{B0103A86-DAF2-DCD9-48AC-C0583E2987BB}.Release|x86.Build.0 = Release|Any CPU
		{0D12F4E5-B37F-90B3-7BA2-CFB5E4E303E4}.Debug|Any CPU.ActiveCfg = Debug|Any CPU
		{0D12F4E5-B37F-90B3-7BA2-CFB5E4E303E4}.Debug|Any CPU.Build.0 = Debug|Any CPU
		{0D12F4E5-B37F-90B3-7BA2-CFB5E4E303E4}.Debug|x64.ActiveCfg = Debug|Any CPU
		{0D12F4E5-B37F-90B3-7BA2-CFB5E4E303E4}.Debug|x64.Build.0 = Debug|Any CPU
		{0D12F4E5-B37F-90B3-7BA2-CFB5E4E303E4}.Debug|x86.ActiveCfg = Debug|Any CPU
		{0D12F4E5-B37F-90B3-7BA2-CFB5E4E303E4}.Debug|x86.Build.0 = Debug|Any CPU
		{0D12F4E5-B37F-90B3-7BA2-CFB5E4E303E4}.Release|Any CPU.ActiveCfg = Release|Any CPU
		{0D12F4E5-B37F-90B3-7BA2-CFB5E4E303E4}.Release|Any CPU.Build.0 = Release|Any CPU
		{0D12F4E5-B37F-90B3-7BA2-CFB5E4E303E4}.Release|x64.ActiveCfg = Release|Any CPU
		{0D12F4E5-B37F-90B3-7BA2-CFB5E4E303E4}.Release|x64.Build.0 = Release|Any CPU
		{0D12F4E5-B37F-90B3-7BA2-CFB5E4E303E4}.Release|x86.ActiveCfg = Release|Any CPU
		{0D12F4E5-B37F-90B3-7BA2-CFB5E4E303E4}.Release|x86.Build.0 = Release|Any CPU
		{B625D7E0-C15B-D3A1-B092-67E84D38C573}.Debug|Any CPU.ActiveCfg = Debug|Any CPU
		{B625D7E0-C15B-D3A1-B092-67E84D38C573}.Debug|Any CPU.Build.0 = Debug|Any CPU
		{B625D7E0-C15B-D3A1-B092-67E84D38C573}.Debug|x64.ActiveCfg = Debug|Any CPU
		{B625D7E0-C15B-D3A1-B092-67E84D38C573}.Debug|x64.Build.0 = Debug|Any CPU
		{B625D7E0-C15B-D3A1-B092-67E84D38C573}.Debug|x86.ActiveCfg = Debug|Any CPU
		{B625D7E0-C15B-D3A1-B092-67E84D38C573}.Debug|x86.Build.0 = Debug|Any CPU
		{B625D7E0-C15B-D3A1-B092-67E84D38C573}.Release|Any CPU.ActiveCfg = Release|Any CPU
		{B625D7E0-C15B-D3A1-B092-67E84D38C573}.Release|Any CPU.Build.0 = Release|Any CPU
		{B625D7E0-C15B-D3A1-B092-67E84D38C573}.Release|x64.ActiveCfg = Release|Any CPU
		{B625D7E0-C15B-D3A1-B092-67E84D38C573}.Release|x64.Build.0 = Release|Any CPU
		{B625D7E0-C15B-D3A1-B092-67E84D38C573}.Release|x86.ActiveCfg = Release|Any CPU
		{B625D7E0-C15B-D3A1-B092-67E84D38C573}.Release|x86.Build.0 = Release|Any CPU
		{FDE18997-19BB-55FA-C62F-C04D7AE81642}.Debug|Any CPU.ActiveCfg = Debug|Any CPU
		{FDE18997-19BB-55FA-C62F-C04D7AE81642}.Debug|Any CPU.Build.0 = Debug|Any CPU
		{FDE18997-19BB-55FA-C62F-C04D7AE81642}.Debug|x64.ActiveCfg = Debug|Any CPU
		{FDE18997-19BB-55FA-C62F-C04D7AE81642}.Debug|x64.Build.0 = Debug|Any CPU
		{FDE18997-19BB-55FA-C62F-C04D7AE81642}.Debug|x86.ActiveCfg = Debug|Any CPU
		{FDE18997-19BB-55FA-C62F-C04D7AE81642}.Debug|x86.Build.0 = Debug|Any CPU
		{FDE18997-19BB-55FA-C62F-C04D7AE81642}.Release|Any CPU.ActiveCfg = Release|Any CPU
		{FDE18997-19BB-55FA-C62F-C04D7AE81642}.Release|Any CPU.Build.0 = Release|Any CPU
		{FDE18997-19BB-55FA-C62F-C04D7AE81642}.Release|x64.ActiveCfg = Release|Any CPU
		{FDE18997-19BB-55FA-C62F-C04D7AE81642}.Release|x64.Build.0 = Release|Any CPU
		{FDE18997-19BB-55FA-C62F-C04D7AE81642}.Release|x86.ActiveCfg = Release|Any CPU
		{FDE18997-19BB-55FA-C62F-C04D7AE81642}.Release|x86.Build.0 = Release|Any CPU
		{E2897946-7505-C3D4-9920-7EB007A8DAC3}.Debug|Any CPU.ActiveCfg = Debug|Any CPU
		{E2897946-7505-C3D4-9920-7EB007A8DAC3}.Debug|Any CPU.Build.0 = Debug|Any CPU
		{E2897946-7505-C3D4-9920-7EB007A8DAC3}.Debug|x64.ActiveCfg = Debug|Any CPU
		{E2897946-7505-C3D4-9920-7EB007A8DAC3}.Debug|x64.Build.0 = Debug|Any CPU
		{E2897946-7505-C3D4-9920-7EB007A8DAC3}.Debug|x86.ActiveCfg = Debug|Any CPU
		{E2897946-7505-C3D4-9920-7EB007A8DAC3}.Debug|x86.Build.0 = Debug|Any CPU
		{E2897946-7505-C3D4-9920-7EB007A8DAC3}.Release|Any CPU.ActiveCfg = Release|Any CPU
		{E2897946-7505-C3D4-9920-7EB007A8DAC3}.Release|Any CPU.Build.0 = Release|Any CPU
		{E2897946-7505-C3D4-9920-7EB007A8DAC3}.Release|x64.ActiveCfg = Release|Any CPU
		{E2897946-7505-C3D4-9920-7EB007A8DAC3}.Release|x64.Build.0 = Release|Any CPU
		{E2897946-7505-C3D4-9920-7EB007A8DAC3}.Release|x86.ActiveCfg = Release|Any CPU
		{E2897946-7505-C3D4-9920-7EB007A8DAC3}.Release|x86.Build.0 = Release|Any CPU
		{8BFB3725-CFE3-5C4D-BAE2-259D24F5FFAB}.Debug|Any CPU.ActiveCfg = Debug|Any CPU
		{8BFB3725-CFE3-5C4D-BAE2-259D24F5FFAB}.Debug|Any CPU.Build.0 = Debug|Any CPU
		{8BFB3725-CFE3-5C4D-BAE2-259D24F5FFAB}.Debug|x64.ActiveCfg = Debug|Any CPU
		{8BFB3725-CFE3-5C4D-BAE2-259D24F5FFAB}.Debug|x64.Build.0 = Debug|Any CPU
		{8BFB3725-CFE3-5C4D-BAE2-259D24F5FFAB}.Debug|x86.ActiveCfg = Debug|Any CPU
		{8BFB3725-CFE3-5C4D-BAE2-259D24F5FFAB}.Debug|x86.Build.0 = Debug|Any CPU
		{8BFB3725-CFE3-5C4D-BAE2-259D24F5FFAB}.Release|Any CPU.ActiveCfg = Release|Any CPU
		{8BFB3725-CFE3-5C4D-BAE2-259D24F5FFAB}.Release|Any CPU.Build.0 = Release|Any CPU
		{8BFB3725-CFE3-5C4D-BAE2-259D24F5FFAB}.Release|x64.ActiveCfg = Release|Any CPU
		{8BFB3725-CFE3-5C4D-BAE2-259D24F5FFAB}.Release|x64.Build.0 = Release|Any CPU
		{8BFB3725-CFE3-5C4D-BAE2-259D24F5FFAB}.Release|x86.ActiveCfg = Release|Any CPU
		{8BFB3725-CFE3-5C4D-BAE2-259D24F5FFAB}.Release|x86.Build.0 = Release|Any CPU
		{D15241ED-6443-EC37-6100-B46A724522FE}.Debug|Any CPU.ActiveCfg = Debug|Any CPU
		{D15241ED-6443-EC37-6100-B46A724522FE}.Debug|Any CPU.Build.0 = Debug|Any CPU
		{D15241ED-6443-EC37-6100-B46A724522FE}.Debug|x64.ActiveCfg = Debug|Any CPU
		{D15241ED-6443-EC37-6100-B46A724522FE}.Debug|x64.Build.0 = Debug|Any CPU
		{D15241ED-6443-EC37-6100-B46A724522FE}.Debug|x86.ActiveCfg = Debug|Any CPU
		{D15241ED-6443-EC37-6100-B46A724522FE}.Debug|x86.Build.0 = Debug|Any CPU
		{D15241ED-6443-EC37-6100-B46A724522FE}.Release|Any CPU.ActiveCfg = Release|Any CPU
		{D15241ED-6443-EC37-6100-B46A724522FE}.Release|Any CPU.Build.0 = Release|Any CPU
		{D15241ED-6443-EC37-6100-B46A724522FE}.Release|x64.ActiveCfg = Release|Any CPU
		{D15241ED-6443-EC37-6100-B46A724522FE}.Release|x64.Build.0 = Release|Any CPU
		{D15241ED-6443-EC37-6100-B46A724522FE}.Release|x86.ActiveCfg = Release|Any CPU
		{D15241ED-6443-EC37-6100-B46A724522FE}.Release|x86.Build.0 = Release|Any CPU
		{CF5BB1A1-893C-1C7C-4E52-4E7BE6BED2DC}.Debug|Any CPU.ActiveCfg = Debug|Any CPU
		{CF5BB1A1-893C-1C7C-4E52-4E7BE6BED2DC}.Debug|Any CPU.Build.0 = Debug|Any CPU
		{CF5BB1A1-893C-1C7C-4E52-4E7BE6BED2DC}.Debug|x64.ActiveCfg = Debug|Any CPU
		{CF5BB1A1-893C-1C7C-4E52-4E7BE6BED2DC}.Debug|x64.Build.0 = Debug|Any CPU
		{CF5BB1A1-893C-1C7C-4E52-4E7BE6BED2DC}.Debug|x86.ActiveCfg = Debug|Any CPU
		{CF5BB1A1-893C-1C7C-4E52-4E7BE6BED2DC}.Debug|x86.Build.0 = Debug|Any CPU
		{CF5BB1A1-893C-1C7C-4E52-4E7BE6BED2DC}.Release|Any CPU.ActiveCfg = Release|Any CPU
		{CF5BB1A1-893C-1C7C-4E52-4E7BE6BED2DC}.Release|Any CPU.Build.0 = Release|Any CPU
		{CF5BB1A1-893C-1C7C-4E52-4E7BE6BED2DC}.Release|x64.ActiveCfg = Release|Any CPU
		{CF5BB1A1-893C-1C7C-4E52-4E7BE6BED2DC}.Release|x64.Build.0 = Release|Any CPU
		{CF5BB1A1-893C-1C7C-4E52-4E7BE6BED2DC}.Release|x86.ActiveCfg = Release|Any CPU
		{CF5BB1A1-893C-1C7C-4E52-4E7BE6BED2DC}.Release|x86.Build.0 = Release|Any CPU
		{FA22859A-761E-7A75-701B-F538BBA6FFD5}.Debug|Any CPU.ActiveCfg = Debug|Any CPU
		{FA22859A-761E-7A75-701B-F538BBA6FFD5}.Debug|Any CPU.Build.0 = Debug|Any CPU
		{FA22859A-761E-7A75-701B-F538BBA6FFD5}.Debug|x64.ActiveCfg = Debug|Any CPU
		{FA22859A-761E-7A75-701B-F538BBA6FFD5}.Debug|x64.Build.0 = Debug|Any CPU
		{FA22859A-761E-7A75-701B-F538BBA6FFD5}.Debug|x86.ActiveCfg = Debug|Any CPU
		{FA22859A-761E-7A75-701B-F538BBA6FFD5}.Debug|x86.Build.0 = Debug|Any CPU
		{FA22859A-761E-7A75-701B-F538BBA6FFD5}.Release|Any CPU.ActiveCfg = Release|Any CPU
		{FA22859A-761E-7A75-701B-F538BBA6FFD5}.Release|Any CPU.Build.0 = Release|Any CPU
		{FA22859A-761E-7A75-701B-F538BBA6FFD5}.Release|x64.ActiveCfg = Release|Any CPU
		{FA22859A-761E-7A75-701B-F538BBA6FFD5}.Release|x64.Build.0 = Release|Any CPU
		{FA22859A-761E-7A75-701B-F538BBA6FFD5}.Release|x86.ActiveCfg = Release|Any CPU
		{FA22859A-761E-7A75-701B-F538BBA6FFD5}.Release|x86.Build.0 = Release|Any CPU
		{160BA908-515C-8447-943F-B509840BB017}.Debug|Any CPU.ActiveCfg = Debug|Any CPU
		{160BA908-515C-8447-943F-B509840BB017}.Debug|Any CPU.Build.0 = Debug|Any CPU
		{160BA908-515C-8447-943F-B509840BB017}.Debug|x64.ActiveCfg = Debug|Any CPU
		{160BA908-515C-8447-943F-B509840BB017}.Debug|x64.Build.0 = Debug|Any CPU
		{160BA908-515C-8447-943F-B509840BB017}.Debug|x86.ActiveCfg = Debug|Any CPU
		{160BA908-515C-8447-943F-B509840BB017}.Debug|x86.Build.0 = Debug|Any CPU
		{160BA908-515C-8447-943F-B509840BB017}.Release|Any CPU.ActiveCfg = Release|Any CPU
		{160BA908-515C-8447-943F-B509840BB017}.Release|Any CPU.Build.0 = Release|Any CPU
		{160BA908-515C-8447-943F-B509840BB017}.Release|x64.ActiveCfg = Release|Any CPU
		{160BA908-515C-8447-943F-B509840BB017}.Release|x64.Build.0 = Release|Any CPU
		{160BA908-515C-8447-943F-B509840BB017}.Release|x86.ActiveCfg = Release|Any CPU
		{160BA908-515C-8447-943F-B509840BB017}.Release|x86.Build.0 = Release|Any CPU
		{359E12DF-3891-A7FC-C0B3-C05DBFEB5EBE}.Debug|Any CPU.ActiveCfg = Debug|Any CPU
		{359E12DF-3891-A7FC-C0B3-C05DBFEB5EBE}.Debug|Any CPU.Build.0 = Debug|Any CPU
		{359E12DF-3891-A7FC-C0B3-C05DBFEB5EBE}.Debug|x64.ActiveCfg = Debug|Any CPU
		{359E12DF-3891-A7FC-C0B3-C05DBFEB5EBE}.Debug|x64.Build.0 = Debug|Any CPU
		{359E12DF-3891-A7FC-C0B3-C05DBFEB5EBE}.Debug|x86.ActiveCfg = Debug|Any CPU
		{359E12DF-3891-A7FC-C0B3-C05DBFEB5EBE}.Debug|x86.Build.0 = Debug|Any CPU
		{359E12DF-3891-A7FC-C0B3-C05DBFEB5EBE}.Release|Any CPU.ActiveCfg = Release|Any CPU
		{359E12DF-3891-A7FC-C0B3-C05DBFEB5EBE}.Release|Any CPU.Build.0 = Release|Any CPU
		{359E12DF-3891-A7FC-C0B3-C05DBFEB5EBE}.Release|x64.ActiveCfg = Release|Any CPU
		{359E12DF-3891-A7FC-C0B3-C05DBFEB5EBE}.Release|x64.Build.0 = Release|Any CPU
		{359E12DF-3891-A7FC-C0B3-C05DBFEB5EBE}.Release|x86.ActiveCfg = Release|Any CPU
		{359E12DF-3891-A7FC-C0B3-C05DBFEB5EBE}.Release|x86.Build.0 = Release|Any CPU
		{C6BE1F87-CA51-24F1-A918-DE9935C66C89}.Debug|Any CPU.ActiveCfg = Debug|Any CPU
		{C6BE1F87-CA51-24F1-A918-DE9935C66C89}.Debug|Any CPU.Build.0 = Debug|Any CPU
		{C6BE1F87-CA51-24F1-A918-DE9935C66C89}.Debug|x64.ActiveCfg = Debug|Any CPU
		{C6BE1F87-CA51-24F1-A918-DE9935C66C89}.Debug|x64.Build.0 = Debug|Any CPU
		{C6BE1F87-CA51-24F1-A918-DE9935C66C89}.Debug|x86.ActiveCfg = Debug|Any CPU
		{C6BE1F87-CA51-24F1-A918-DE9935C66C89}.Debug|x86.Build.0 = Debug|Any CPU
		{C6BE1F87-CA51-24F1-A918-DE9935C66C89}.Release|Any CPU.ActiveCfg = Release|Any CPU
		{C6BE1F87-CA51-24F1-A918-DE9935C66C89}.Release|Any CPU.Build.0 = Release|Any CPU
		{C6BE1F87-CA51-24F1-A918-DE9935C66C89}.Release|x64.ActiveCfg = Release|Any CPU
		{C6BE1F87-CA51-24F1-A918-DE9935C66C89}.Release|x64.Build.0 = Release|Any CPU
		{C6BE1F87-CA51-24F1-A918-DE9935C66C89}.Release|x86.ActiveCfg = Release|Any CPU
		{C6BE1F87-CA51-24F1-A918-DE9935C66C89}.Release|x86.Build.0 = Release|Any CPU
		{9C1C0365-D305-63DE-B853-79A24FBE29DF}.Debug|Any CPU.ActiveCfg = Debug|Any CPU
		{9C1C0365-D305-63DE-B853-79A24FBE29DF}.Debug|Any CPU.Build.0 = Debug|Any CPU
		{9C1C0365-D305-63DE-B853-79A24FBE29DF}.Debug|x64.ActiveCfg = Debug|Any CPU
		{9C1C0365-D305-63DE-B853-79A24FBE29DF}.Debug|x64.Build.0 = Debug|Any CPU
		{9C1C0365-D305-63DE-B853-79A24FBE29DF}.Debug|x86.ActiveCfg = Debug|Any CPU
		{9C1C0365-D305-63DE-B853-79A24FBE29DF}.Debug|x86.Build.0 = Debug|Any CPU
		{9C1C0365-D305-63DE-B853-79A24FBE29DF}.Release|Any CPU.ActiveCfg = Release|Any CPU
		{9C1C0365-D305-63DE-B853-79A24FBE29DF}.Release|Any CPU.Build.0 = Release|Any CPU
		{9C1C0365-D305-63DE-B853-79A24FBE29DF}.Release|x64.ActiveCfg = Release|Any CPU
		{9C1C0365-D305-63DE-B853-79A24FBE29DF}.Release|x64.Build.0 = Release|Any CPU
		{9C1C0365-D305-63DE-B853-79A24FBE29DF}.Release|x86.ActiveCfg = Release|Any CPU
		{9C1C0365-D305-63DE-B853-79A24FBE29DF}.Release|x86.Build.0 = Release|Any CPU
		{8C4F897F-1F71-A69F-92C3-F94B5A1E5599}.Debug|Any CPU.ActiveCfg = Debug|Any CPU
		{8C4F897F-1F71-A69F-92C3-F94B5A1E5599}.Debug|Any CPU.Build.0 = Debug|Any CPU
		{8C4F897F-1F71-A69F-92C3-F94B5A1E5599}.Debug|x64.ActiveCfg = Debug|Any CPU
		{8C4F897F-1F71-A69F-92C3-F94B5A1E5599}.Debug|x64.Build.0 = Debug|Any CPU
		{8C4F897F-1F71-A69F-92C3-F94B5A1E5599}.Debug|x86.ActiveCfg = Debug|Any CPU
		{8C4F897F-1F71-A69F-92C3-F94B5A1E5599}.Debug|x86.Build.0 = Debug|Any CPU
		{8C4F897F-1F71-A69F-92C3-F94B5A1E5599}.Release|Any CPU.ActiveCfg = Release|Any CPU
		{8C4F897F-1F71-A69F-92C3-F94B5A1E5599}.Release|Any CPU.Build.0 = Release|Any CPU
		{8C4F897F-1F71-A69F-92C3-F94B5A1E5599}.Release|x64.ActiveCfg = Release|Any CPU
		{8C4F897F-1F71-A69F-92C3-F94B5A1E5599}.Release|x64.Build.0 = Release|Any CPU
		{8C4F897F-1F71-A69F-92C3-F94B5A1E5599}.Release|x86.ActiveCfg = Release|Any CPU
		{8C4F897F-1F71-A69F-92C3-F94B5A1E5599}.Release|x86.Build.0 = Release|Any CPU
		{092C3AD5-10F6-3AE0-30C8-0A83D39345CE}.Debug|Any CPU.ActiveCfg = Debug|Any CPU
		{092C3AD5-10F6-3AE0-30C8-0A83D39345CE}.Debug|Any CPU.Build.0 = Debug|Any CPU
		{092C3AD5-10F6-3AE0-30C8-0A83D39345CE}.Debug|x64.ActiveCfg = Debug|Any CPU
		{092C3AD5-10F6-3AE0-30C8-0A83D39345CE}.Debug|x64.Build.0 = Debug|Any CPU
		{092C3AD5-10F6-3AE0-30C8-0A83D39345CE}.Debug|x86.ActiveCfg = Debug|Any CPU
		{092C3AD5-10F6-3AE0-30C8-0A83D39345CE}.Debug|x86.Build.0 = Debug|Any CPU
		{092C3AD5-10F6-3AE0-30C8-0A83D39345CE}.Release|Any CPU.ActiveCfg = Release|Any CPU
		{092C3AD5-10F6-3AE0-30C8-0A83D39345CE}.Release|Any CPU.Build.0 = Release|Any CPU
		{092C3AD5-10F6-3AE0-30C8-0A83D39345CE}.Release|x64.ActiveCfg = Release|Any CPU
		{092C3AD5-10F6-3AE0-30C8-0A83D39345CE}.Release|x64.Build.0 = Release|Any CPU
		{092C3AD5-10F6-3AE0-30C8-0A83D39345CE}.Release|x86.ActiveCfg = Release|Any CPU
		{092C3AD5-10F6-3AE0-30C8-0A83D39345CE}.Release|x86.Build.0 = Release|Any CPU
		{FABB6FCB-761C-D7F7-A574-A9CAC3E98552}.Debug|Any CPU.ActiveCfg = Debug|Any CPU
		{FABB6FCB-761C-D7F7-A574-A9CAC3E98552}.Debug|Any CPU.Build.0 = Debug|Any CPU
		{FABB6FCB-761C-D7F7-A574-A9CAC3E98552}.Debug|x64.ActiveCfg = Debug|Any CPU
		{FABB6FCB-761C-D7F7-A574-A9CAC3E98552}.Debug|x64.Build.0 = Debug|Any CPU
		{FABB6FCB-761C-D7F7-A574-A9CAC3E98552}.Debug|x86.ActiveCfg = Debug|Any CPU
		{FABB6FCB-761C-D7F7-A574-A9CAC3E98552}.Debug|x86.Build.0 = Debug|Any CPU
		{FABB6FCB-761C-D7F7-A574-A9CAC3E98552}.Release|Any CPU.ActiveCfg = Release|Any CPU
		{FABB6FCB-761C-D7F7-A574-A9CAC3E98552}.Release|Any CPU.Build.0 = Release|Any CPU
		{FABB6FCB-761C-D7F7-A574-A9CAC3E98552}.Release|x64.ActiveCfg = Release|Any CPU
		{FABB6FCB-761C-D7F7-A574-A9CAC3E98552}.Release|x64.Build.0 = Release|Any CPU
		{FABB6FCB-761C-D7F7-A574-A9CAC3E98552}.Release|x86.ActiveCfg = Release|Any CPU
		{FABB6FCB-761C-D7F7-A574-A9CAC3E98552}.Release|x86.Build.0 = Release|Any CPU
		{D363A269-0C4B-5434-21A0-BB05187F7660}.Debug|Any CPU.ActiveCfg = Debug|Any CPU
		{D363A269-0C4B-5434-21A0-BB05187F7660}.Debug|Any CPU.Build.0 = Debug|Any CPU
		{D363A269-0C4B-5434-21A0-BB05187F7660}.Debug|x64.ActiveCfg = Debug|Any CPU
		{D363A269-0C4B-5434-21A0-BB05187F7660}.Debug|x64.Build.0 = Debug|Any CPU
		{D363A269-0C4B-5434-21A0-BB05187F7660}.Debug|x86.ActiveCfg = Debug|Any CPU
		{D363A269-0C4B-5434-21A0-BB05187F7660}.Debug|x86.Build.0 = Debug|Any CPU
		{D363A269-0C4B-5434-21A0-BB05187F7660}.Release|Any CPU.ActiveCfg = Release|Any CPU
		{D363A269-0C4B-5434-21A0-BB05187F7660}.Release|Any CPU.Build.0 = Release|Any CPU
		{D363A269-0C4B-5434-21A0-BB05187F7660}.Release|x64.ActiveCfg = Release|Any CPU
		{D363A269-0C4B-5434-21A0-BB05187F7660}.Release|x64.Build.0 = Release|Any CPU
		{D363A269-0C4B-5434-21A0-BB05187F7660}.Release|x86.ActiveCfg = Release|Any CPU
		{D363A269-0C4B-5434-21A0-BB05187F7660}.Release|x86.Build.0 = Release|Any CPU
		{CC82B4A1-D276-BE16-F442-D64DC8125DF8}.Debug|Any CPU.ActiveCfg = Debug|Any CPU
		{CC82B4A1-D276-BE16-F442-D64DC8125DF8}.Debug|Any CPU.Build.0 = Debug|Any CPU
		{CC82B4A1-D276-BE16-F442-D64DC8125DF8}.Debug|x64.ActiveCfg = Debug|Any CPU
		{CC82B4A1-D276-BE16-F442-D64DC8125DF8}.Debug|x64.Build.0 = Debug|Any CPU
		{CC82B4A1-D276-BE16-F442-D64DC8125DF8}.Debug|x86.ActiveCfg = Debug|Any CPU
		{CC82B4A1-D276-BE16-F442-D64DC8125DF8}.Debug|x86.Build.0 = Debug|Any CPU
		{CC82B4A1-D276-BE16-F442-D64DC8125DF8}.Release|Any CPU.ActiveCfg = Release|Any CPU
		{CC82B4A1-D276-BE16-F442-D64DC8125DF8}.Release|Any CPU.Build.0 = Release|Any CPU
		{CC82B4A1-D276-BE16-F442-D64DC8125DF8}.Release|x64.ActiveCfg = Release|Any CPU
		{CC82B4A1-D276-BE16-F442-D64DC8125DF8}.Release|x64.Build.0 = Release|Any CPU
		{CC82B4A1-D276-BE16-F442-D64DC8125DF8}.Release|x86.ActiveCfg = Release|Any CPU
		{CC82B4A1-D276-BE16-F442-D64DC8125DF8}.Release|x86.Build.0 = Release|Any CPU
		{E0E3135D-FF96-DED9-ADC4-D6FE9FEADEFA}.Debug|Any CPU.ActiveCfg = Debug|Any CPU
		{E0E3135D-FF96-DED9-ADC4-D6FE9FEADEFA}.Debug|Any CPU.Build.0 = Debug|Any CPU
		{E0E3135D-FF96-DED9-ADC4-D6FE9FEADEFA}.Debug|x64.ActiveCfg = Debug|Any CPU
		{E0E3135D-FF96-DED9-ADC4-D6FE9FEADEFA}.Debug|x64.Build.0 = Debug|Any CPU
		{E0E3135D-FF96-DED9-ADC4-D6FE9FEADEFA}.Debug|x86.ActiveCfg = Debug|Any CPU
		{E0E3135D-FF96-DED9-ADC4-D6FE9FEADEFA}.Debug|x86.Build.0 = Debug|Any CPU
		{E0E3135D-FF96-DED9-ADC4-D6FE9FEADEFA}.Release|Any CPU.ActiveCfg = Release|Any CPU
		{E0E3135D-FF96-DED9-ADC4-D6FE9FEADEFA}.Release|Any CPU.Build.0 = Release|Any CPU
		{E0E3135D-FF96-DED9-ADC4-D6FE9FEADEFA}.Release|x64.ActiveCfg = Release|Any CPU
		{E0E3135D-FF96-DED9-ADC4-D6FE9FEADEFA}.Release|x64.Build.0 = Release|Any CPU
		{E0E3135D-FF96-DED9-ADC4-D6FE9FEADEFA}.Release|x86.ActiveCfg = Release|Any CPU
		{E0E3135D-FF96-DED9-ADC4-D6FE9FEADEFA}.Release|x86.Build.0 = Release|Any CPU
		{0104AA7B-9A83-53D2-6342-BE3D079C870F}.Debug|Any CPU.ActiveCfg = Debug|Any CPU
		{0104AA7B-9A83-53D2-6342-BE3D079C870F}.Debug|Any CPU.Build.0 = Debug|Any CPU
		{0104AA7B-9A83-53D2-6342-BE3D079C870F}.Debug|x64.ActiveCfg = Debug|Any CPU
		{0104AA7B-9A83-53D2-6342-BE3D079C870F}.Debug|x64.Build.0 = Debug|Any CPU
		{0104AA7B-9A83-53D2-6342-BE3D079C870F}.Debug|x86.ActiveCfg = Debug|Any CPU
		{0104AA7B-9A83-53D2-6342-BE3D079C870F}.Debug|x86.Build.0 = Debug|Any CPU
		{0104AA7B-9A83-53D2-6342-BE3D079C870F}.Release|Any CPU.ActiveCfg = Release|Any CPU
		{0104AA7B-9A83-53D2-6342-BE3D079C870F}.Release|Any CPU.Build.0 = Release|Any CPU
		{0104AA7B-9A83-53D2-6342-BE3D079C870F}.Release|x64.ActiveCfg = Release|Any CPU
		{0104AA7B-9A83-53D2-6342-BE3D079C870F}.Release|x64.Build.0 = Release|Any CPU
		{0104AA7B-9A83-53D2-6342-BE3D079C870F}.Release|x86.ActiveCfg = Release|Any CPU
		{0104AA7B-9A83-53D2-6342-BE3D079C870F}.Release|x86.Build.0 = Release|Any CPU
		{0019F6A1-DC20-718B-9EF6-2C7DBB7E146E}.Debug|Any CPU.ActiveCfg = Debug|Any CPU
		{0019F6A1-DC20-718B-9EF6-2C7DBB7E146E}.Debug|Any CPU.Build.0 = Debug|Any CPU
		{0019F6A1-DC20-718B-9EF6-2C7DBB7E146E}.Debug|x64.ActiveCfg = Debug|Any CPU
		{0019F6A1-DC20-718B-9EF6-2C7DBB7E146E}.Debug|x64.Build.0 = Debug|Any CPU
		{0019F6A1-DC20-718B-9EF6-2C7DBB7E146E}.Debug|x86.ActiveCfg = Debug|Any CPU
		{0019F6A1-DC20-718B-9EF6-2C7DBB7E146E}.Debug|x86.Build.0 = Debug|Any CPU
		{0019F6A1-DC20-718B-9EF6-2C7DBB7E146E}.Release|Any CPU.ActiveCfg = Release|Any CPU
		{0019F6A1-DC20-718B-9EF6-2C7DBB7E146E}.Release|Any CPU.Build.0 = Release|Any CPU
		{0019F6A1-DC20-718B-9EF6-2C7DBB7E146E}.Release|x64.ActiveCfg = Release|Any CPU
		{0019F6A1-DC20-718B-9EF6-2C7DBB7E146E}.Release|x64.Build.0 = Release|Any CPU
		{0019F6A1-DC20-718B-9EF6-2C7DBB7E146E}.Release|x86.ActiveCfg = Release|Any CPU
		{0019F6A1-DC20-718B-9EF6-2C7DBB7E146E}.Release|x86.Build.0 = Release|Any CPU
		{9DC2557F-DB3F-DF8A-E534-C27B37182DBC}.Debug|Any CPU.ActiveCfg = Debug|Any CPU
		{9DC2557F-DB3F-DF8A-E534-C27B37182DBC}.Debug|Any CPU.Build.0 = Debug|Any CPU
		{9DC2557F-DB3F-DF8A-E534-C27B37182DBC}.Debug|x64.ActiveCfg = Debug|Any CPU
		{9DC2557F-DB3F-DF8A-E534-C27B37182DBC}.Debug|x64.Build.0 = Debug|Any CPU
		{9DC2557F-DB3F-DF8A-E534-C27B37182DBC}.Debug|x86.ActiveCfg = Debug|Any CPU
		{9DC2557F-DB3F-DF8A-E534-C27B37182DBC}.Debug|x86.Build.0 = Debug|Any CPU
		{9DC2557F-DB3F-DF8A-E534-C27B37182DBC}.Release|Any CPU.ActiveCfg = Release|Any CPU
		{9DC2557F-DB3F-DF8A-E534-C27B37182DBC}.Release|Any CPU.Build.0 = Release|Any CPU
		{9DC2557F-DB3F-DF8A-E534-C27B37182DBC}.Release|x64.ActiveCfg = Release|Any CPU
		{9DC2557F-DB3F-DF8A-E534-C27B37182DBC}.Release|x64.Build.0 = Release|Any CPU
		{9DC2557F-DB3F-DF8A-E534-C27B37182DBC}.Release|x86.ActiveCfg = Release|Any CPU
		{9DC2557F-DB3F-DF8A-E534-C27B37182DBC}.Release|x86.Build.0 = Release|Any CPU
	EndGlobalSection
	GlobalSection(SolutionProperties) = preSolution
		HideSolutionNode = FALSE
	EndGlobalSection
	GlobalSection(NestedProjects) = preSolution
		{D39A1268-8936-49B1-A4B8-F67F7C824B4B} = {643AB7F1-C5E4-44B0-8A20-BE2497DACE12}
		{4250E68B-4ED7-483C-B712-BA3809E70BF3} = {643AB7F1-C5E4-44B0-8A20-BE2497DACE12}
		{413BF069-DC5C-452D-9303-D64C18EC0E4A} = {643AB7F1-C5E4-44B0-8A20-BE2497DACE12}
		{0B221B83-2DC5-4890-BD5C-D14A13CE7EDF} = {643AB7F1-C5E4-44B0-8A20-BE2497DACE12}
		{87153AF7-C265-4AC9-8F2B-AD014B0EB7FB} = {643AB7F1-C5E4-44B0-8A20-BE2497DACE12}
		{643AB7F1-C5E4-44B0-8A20-BE2497DACE12} = {AF0D4328-2A6C-48E0-A5C2-28156F241D79}
		{8E8115B1-9485-4F33-A51C-D396315EA91A} = {D39A1268-8936-49B1-A4B8-F67F7C824B4B}
		{A6C05796-2AAE-4805-8579-7541D377F841} = {D39A1268-8936-49B1-A4B8-F67F7C824B4B}
		{66AC3902-844F-4FE8-A29C-19AAEAD1E798} = {D39A1268-8936-49B1-A4B8-F67F7C824B4B}
		{78FDD891-8330-4084-BE5C-60552207FEF6} = {D39A1268-8936-49B1-A4B8-F67F7C824B4B}
		{73AAB358-2458-443E-9CE8-F89A7FD4F563} = {D39A1268-8936-49B1-A4B8-F67F7C824B4B}
		{CBB34CA1-06D8-4A13-9C8D-742E09734314} = {D39A1268-8936-49B1-A4B8-F67F7C824B4B}
		{E0D41E26-3362-4287-AE40-A4667D189907} = {4250E68B-4ED7-483C-B712-BA3809E70BF3}
		{53012766-C12F-430E-A2E1-6F98EDEEEA32} = {4250E68B-4ED7-483C-B712-BA3809E70BF3}
		{E7462AAE-5CB9-46BC-86DF-D474B76C8918} = {4250E68B-4ED7-483C-B712-BA3809E70BF3}
		{FC6F3D67-F99A-42B7-BD55-FFC0446B3DE8} = {4250E68B-4ED7-483C-B712-BA3809E70BF3}
		{3F9CA786-9C14-44EA-9160-95061BC65D7A} = {4250E68B-4ED7-483C-B712-BA3809E70BF3}
		{1B91ACD3-E335-43F3-8FAE-E263862B693C} = {4250E68B-4ED7-483C-B712-BA3809E70BF3}
		{BD83107F-566C-42AC-A645-F50A3B844065} = {413BF069-DC5C-452D-9303-D64C18EC0E4A}
		{34816F83-D8F7-4A0E-A986-4865BD3E9439} = {413BF069-DC5C-452D-9303-D64C18EC0E4A}
		{757CD1A3-C99D-4BA4-A7DE-07E478580D9C} = {413BF069-DC5C-452D-9303-D64C18EC0E4A}
		{5A81C5BC-6E9B-46FA-A617-884CBB4551D7} = {0B221B83-2DC5-4890-BD5C-D14A13CE7EDF}
		{93B7DBDE-2564-4818-9FF8-2DF76E6219BD} = {0B221B83-2DC5-4890-BD5C-D14A13CE7EDF}
		{1E1FFA16-57A9-414E-A9C1-A0B37B55D727} = {0B221B83-2DC5-4890-BD5C-D14A13CE7EDF}
		{178B6B01-D407-4EC0-9B0A-FD7DE518BA74} = {87153AF7-C265-4AC9-8F2B-AD014B0EB7FB}
		{B5B2D6A0-229E-4AF2-81B4-57DC4903967A} = {4250E68B-4ED7-483C-B712-BA3809E70BF3}
		{536B1FD5-B1FC-4036-91F5-2B856FCE2E13} = {AF0D4328-2A6C-48E0-A5C2-28156F241D79}
		{7A110B2D-F2D7-4189-9F95-F686DCEEE26D} = {536B1FD5-B1FC-4036-91F5-2B856FCE2E13}
		{C1032714-5106-4802-8478-D5B5BED6C6F9} = {536B1FD5-B1FC-4036-91F5-2B856FCE2E13}
		{73ABA4C1-BBE6-4E2A-B441-E71130A7BD5E} = {536B1FD5-B1FC-4036-91F5-2B856FCE2E13}
		{37E8BF48-8472-4B9F-ACA4-E5469A3C6264} = {536B1FD5-B1FC-4036-91F5-2B856FCE2E13}
		{BC6E70B8-FD06-4447-B85E-BC8D046AF935} = {536B1FD5-B1FC-4036-91F5-2B856FCE2E13}
		{2FE07C70-7ACC-4397-B41F-B9BECD96FF72} = {7A110B2D-F2D7-4189-9F95-F686DCEEE26D}
		{14448FF8-2E5B-4294-93BC-FDCD2CC9995C} = {7A110B2D-F2D7-4189-9F95-F686DCEEE26D}
		{D68154DF-96A7-4226-8B9A-DC56A3697AA8} = {7A110B2D-F2D7-4189-9F95-F686DCEEE26D}
		{4CEDB080-2137-411E-B6FA-7A5C142FD3CB} = {7A110B2D-F2D7-4189-9F95-F686DCEEE26D}
		{7C7D6F77-8191-43F5-A866-AA1D81C6A1D2} = {7A110B2D-F2D7-4189-9F95-F686DCEEE26D}
		{9B4B3CE1-8E31-4EF7-A107-0F29CBF96271} = {7A110B2D-F2D7-4189-9F95-F686DCEEE26D}
		{594EA773-C10A-4701-BDE3-D56329DEA928} = {C1032714-5106-4802-8478-D5B5BED6C6F9}
		{A700F3B0-E7BE-4EED-9DDB-0EF62896A71B} = {C1032714-5106-4802-8478-D5B5BED6C6F9}
		{036CB0B5-85ED-4D69-BB20-FF22376E49B3} = {C1032714-5106-4802-8478-D5B5BED6C6F9}
		{B22845F7-0792-4D14-BE86-AB1A9A383C4D} = {C1032714-5106-4802-8478-D5B5BED6C6F9}
		{E1CA12D8-3F1B-4B64-9AE7-BE98355A9AFB} = {C1032714-5106-4802-8478-D5B5BED6C6F9}
		{B1501452-5519-46AE-9656-787056C5B75A} = {C1032714-5106-4802-8478-D5B5BED6C6F9}
		{91A0BC13-400B-4A00-881C-5D0CF464546A} = {C1032714-5106-4802-8478-D5B5BED6C6F9}
		{A8E35A66-3111-4CD5-BF96-39718F374FDA} = {73ABA4C1-BBE6-4E2A-B441-E71130A7BD5E}
		{49D40FB6-46BF-4974-812C-A7DCDD49FED6} = {73ABA4C1-BBE6-4E2A-B441-E71130A7BD5E}
		{18CD5314-9C93-4644-A62A-C37C63BB5F7A} = {73ABA4C1-BBE6-4E2A-B441-E71130A7BD5E}
		{E78F1DAA-2B61-4289-9FB0-931595676CAC} = {37E8BF48-8472-4B9F-ACA4-E5469A3C6264}
		{5371AAF4-FC37-438B-A25C-2E55BC8521F5} = {BC6E70B8-FD06-4447-B85E-BC8D046AF935}
		{F975D1C0-2602-4454-BD56-C886AFF39FA0} = {37E8BF48-8472-4B9F-ACA4-E5469A3C6264}
		{8618357D-81FB-40FD-9438-22675F0B56EE} = {37E8BF48-8472-4B9F-ACA4-E5469A3C6264}
		{6D76FCAB-0BA0-9AA8-8BF7-B1553FFD6B78} = {643AB7F1-C5E4-44B0-8A20-BE2497DACE12}
		{EF00ED74-4138-4F21-8B2D-0AF56BA38D7E} = {6D76FCAB-0BA0-9AA8-8BF7-B1553FFD6B78}
		{D9C599FD-E712-F870-E655-25B62B0D2D5B} = {536B1FD5-B1FC-4036-91F5-2B856FCE2E13}
		{80ACC1C1-2D19-4336-9B9C-6F849E625C82} = {D9C599FD-E712-F870-E655-25B62B0D2D5B}
		{6D692385-7559-410D-BB5E-AA5C194FAFE2} = {CD18D9A6-9E33-45B6-90F1-21BCB4DFB057}
		{8C48A274-A33B-4404-9FBF-8073C9BF0397} = {CD18D9A6-9E33-45B6-90F1-21BCB4DFB057}
		{050CC5A4-F990-461B-8E65-33DE71CF625D} = {6D692385-7559-410D-BB5E-AA5C194FAFE2}
		{FC1BC405-26AB-45D2-ADD4-2D2E3D4AE57E} = {8C48A274-A33B-4404-9FBF-8073C9BF0397}
		{40FB3732-29DB-4741-AD44-A5FDDF811EF2} = {6D692385-7559-410D-BB5E-AA5C194FAFE2}
		{508E9C00-23EA-4C8D-82B6-61CC51598481} = {8C48A274-A33B-4404-9FBF-8073C9BF0397}
		{2B0B4FED-F251-42A8-8833-3748FE3B5953} = {6D692385-7559-410D-BB5E-AA5C194FAFE2}
		{CAD432E2-36B6-478B-B1C1-7AA017945EBE} = {8C48A274-A33B-4404-9FBF-8073C9BF0397}
		{4F4BD2BB-4D2B-4264-84EE-E81812F90ACC} = {6D692385-7559-410D-BB5E-AA5C194FAFE2}
		{15D60C04-DC63-4A2D-8176-B913294EB955} = {8C48A274-A33B-4404-9FBF-8073C9BF0397}
		{B075309E-7167-4936-83CC-E950D83B3C01} = {6D692385-7559-410D-BB5E-AA5C194FAFE2}
		{7A3F71B7-6395-4346-89BE-547D1B5FB60A} = {8C48A274-A33B-4404-9FBF-8073C9BF0397}
		{136E0693-051D-449C-8EB8-FCF1DCC3FFF6} = {6D692385-7559-410D-BB5E-AA5C194FAFE2}
		{200F7C1C-2689-44EB-BB6E-CBAB4AA6B2B5} = {8C48A274-A33B-4404-9FBF-8073C9BF0397}
		{D24C22EC-7DD4-04B5-4F78-C1996C99A738} = {050CC5A4-F990-461B-8E65-33DE71CF625D}
		{1EC1BA06-205A-4813-55A8-F93B40255183} = {050CC5A4-F990-461B-8E65-33DE71CF625D}
		{F4A95B1C-0970-D738-1C11-7E0E8ACE530E} = {050CC5A4-F990-461B-8E65-33DE71CF625D}
		{9EA89291-BD15-DCE8-BF6C-E71101430D2E} = {050CC5A4-F990-461B-8E65-33DE71CF625D}
		{24AD7116-E6CB-E561-3F9F-4B9DE116C69B} = {050CC5A4-F990-461B-8E65-33DE71CF625D}
		{DE65FF72-FD17-8598-05E4-C9539AB15C68} = {050CC5A4-F990-461B-8E65-33DE71CF625D}
		{239950A1-CEDB-B483-9AD8-0CD3F5407BFE} = {050CC5A4-F990-461B-8E65-33DE71CF625D}
		{503382A0-8CCE-5F28-3277-3A5CFEC0F564} = {050CC5A4-F990-461B-8E65-33DE71CF625D}
		{B0103A86-DAF2-DCD9-48AC-C0583E2987BB} = {050CC5A4-F990-461B-8E65-33DE71CF625D}
		{0D12F4E5-B37F-90B3-7BA2-CFB5E4E303E4} = {40FB3732-29DB-4741-AD44-A5FDDF811EF2}
		{B625D7E0-C15B-D3A1-B092-67E84D38C573} = {40FB3732-29DB-4741-AD44-A5FDDF811EF2}
		{FDE18997-19BB-55FA-C62F-C04D7AE81642} = {2B0B4FED-F251-42A8-8833-3748FE3B5953}
		{E2897946-7505-C3D4-9920-7EB007A8DAC3} = {4F4BD2BB-4D2B-4264-84EE-E81812F90ACC}
		{8BFB3725-CFE3-5C4D-BAE2-259D24F5FFAB} = {B075309E-7167-4936-83CC-E950D83B3C01}
		{D15241ED-6443-EC37-6100-B46A724522FE} = {136E0693-051D-449C-8EB8-FCF1DCC3FFF6}
		{CF5BB1A1-893C-1C7C-4E52-4E7BE6BED2DC} = {FC1BC405-26AB-45D2-ADD4-2D2E3D4AE57E}
		{FA22859A-761E-7A75-701B-F538BBA6FFD5} = {FC1BC405-26AB-45D2-ADD4-2D2E3D4AE57E}
		{160BA908-515C-8447-943F-B509840BB017} = {FC1BC405-26AB-45D2-ADD4-2D2E3D4AE57E}
		{359E12DF-3891-A7FC-C0B3-C05DBFEB5EBE} = {FC1BC405-26AB-45D2-ADD4-2D2E3D4AE57E}
		{C6BE1F87-CA51-24F1-A918-DE9935C66C89} = {FC1BC405-26AB-45D2-ADD4-2D2E3D4AE57E}
		{9C1C0365-D305-63DE-B853-79A24FBE29DF} = {FC1BC405-26AB-45D2-ADD4-2D2E3D4AE57E}
		{8C4F897F-1F71-A69F-92C3-F94B5A1E5599} = {FC1BC405-26AB-45D2-ADD4-2D2E3D4AE57E}
		{092C3AD5-10F6-3AE0-30C8-0A83D39345CE} = {FC1BC405-26AB-45D2-ADD4-2D2E3D4AE57E}
		{FABB6FCB-761C-D7F7-A574-A9CAC3E98552} = {FC1BC405-26AB-45D2-ADD4-2D2E3D4AE57E}
		{D363A269-0C4B-5434-21A0-BB05187F7660} = {508E9C00-23EA-4C8D-82B6-61CC51598481}
		{CC82B4A1-D276-BE16-F442-D64DC8125DF8} = {508E9C00-23EA-4C8D-82B6-61CC51598481}
		{E0E3135D-FF96-DED9-ADC4-D6FE9FEADEFA} = {CAD432E2-36B6-478B-B1C1-7AA017945EBE}
		{0104AA7B-9A83-53D2-6342-BE3D079C870F} = {15D60C04-DC63-4A2D-8176-B913294EB955}
		{0019F6A1-DC20-718B-9EF6-2C7DBB7E146E} = {7A3F71B7-6395-4346-89BE-547D1B5FB60A}
		{9DC2557F-DB3F-DF8A-E534-C27B37182DBC} = {200F7C1C-2689-44EB-BB6E-CBAB4AA6B2B5}
	EndGlobalSection
	GlobalSection(ExtensibilityGlobals) = postSolution
		SolutionGuid = {3D841270-CDF7-46C1-A7D5-B6620E565FC5}
	EndGlobalSection
EndGlobal
